Microsoft Visual Studio Solution File, Format Version 13.00
# Visual Studio 2013
Project("{2150E333-8FDC-42A3-9474-1A3956D46DE8}") = "(allocator)", "..\base\allocator", "{6478B9F3-4858-63F4-35F4-98A303E305F3}"
EndProject
Project("{2150E333-8FDC-42A3-9474-1A3956D46DE8}") = "(base)", "..\base", "{9785FB75-982A-5DE3-252D-3F288B9FEF5B}"
EndProject
Project("{2150E333-8FDC-42A3-9474-1A3956D46DE8}") = "(skia)", ".", "{5B17195B-58DF-4533-4FE7-D2747913694E}"
EndProject
Project("{2150E333-8FDC-42A3-9474-1A3956D46DE8}") = "(testing)", "..\testing", "{EAC80D00-01D2-3F49-A377-20B7154947F3}"
EndProject
Project("{2150E333-8FDC-42A3-9474-1A3956D46DE8}") = "(third_party)", "..\base\third_party", "{3E7FA5AF-27B3-2DE0-883C-12F98E7F4E81}"
EndProject
Project("{2150E333-8FDC-42A3-9474-1A3956D46DE8}") = "(third_party)", "..\third_party", "{89C816A7-DD31-D54C-C69C-5A80E0C49B77}"
EndProject
Project("{2150E333-8FDC-42A3-9474-1A3956D46DE8}") = "(zlib)", "..\third_party\zlib", "{6569004D-CCF6-8392-DB7B-1AC825CE3607}"
EndProject
Project("{8BC9CEB8-8B4A-11D0-8D11-00A0C91BC942}") = "allocator_extension_thunks", "..\base\allocator\allocator_extension_thunks.vcxproj", "{744AB98F-7540-D6A7-A7B7-F859C3E9CA3F}"
EndProject
Project("{8BC9CEB8-8B4A-11D0-8D11-00A0C91BC942}") = "base", "..\base\base.vcxproj", "{3714545C-C447-D48D-CC5E-5691DE3A67EE}"
	ProjectSection(ProjectDependencies) = postProject
		{4DCD256C-B345-89A3-7AA2-A189E00F12A4} = {4DCD256C-B345-89A3-7AA2-A189E00F12A4}
	EndProjectSection
EndProject
Project("{8BC9CEB8-8B4A-11D0-8D11-00A0C91BC942}") = "base_static", "..\base\base_static.vcxproj", "{69D57236-2A52-25F9-F7EC-6A5445F03575}"
EndProject
Project("{8BC9CEB8-8B4A-11D0-8D11-00A0C91BC942}") = "dynamic_annotations", "..\base\third_party\dynamic_annotations\dynamic_annotations.vcxproj", "{649AB2BF-383A-7A41-B63C-AAD19E0EDD78}"
EndProject
Project("{8BC9CEB8-8B4A-11D0-8D11-00A0C91BC942}") = "filter_fuzz_stub", "filter_fuzz_stub.vcxproj", "{3D5A8F64-5531-579C-AE68-C65CA8C7236A}"
	ProjectSection(ProjectDependencies) = postProject
		{3714545C-C447-D48D-CC5E-5691DE3A67EE} = {3714545C-C447-D48D-CC5E-5691DE3A67EE}
		{164501C7-9F30-3D2D-E583-36333121917F} = {164501C7-9F30-3D2D-E583-36333121917F}
		{69D57236-2A52-25F9-F7EC-6A5445F03575} = {69D57236-2A52-25F9-F7EC-6A5445F03575}
		{744AB98F-7540-D6A7-A7B7-F859C3E9CA3F} = {744AB98F-7540-D6A7-A7B7-F859C3E9CA3F}
		{4DCD256C-B345-89A3-7AA2-A189E00F12A4} = {4DCD256C-B345-89A3-7AA2-A189E00F12A4}
		{DD29EC62-7A2E-55E9-34D8-8C3ABB23F806} = {DD29EC62-7A2E-55E9-34D8-8C3ABB23F806}
		{649AB2BF-383A-7A41-B63C-AAD19E0EDD78} = {649AB2BF-383A-7A41-B63C-AAD19E0EDD78}
		{09272FD5-D41E-640F-766A-8182CC5A6C83} = {09272FD5-D41E-640F-766A-8182CC5A6C83}
		{5E376B6B-E914-8433-742A-6E2D26382369} = {5E376B6B-E914-8433-742A-6E2D26382369}
		{BF0EFDBC-5FE1-BC66-A973-DE6DE7B40D4C} = {BF0EFDBC-5FE1-BC66-A973-DE6DE7B40D4C}
		{BF1EAC52-365E-D435-DA62-FB94C1965174} = {BF1EAC52-365E-D435-DA62-FB94C1965174}
		{981011A5-7D60-A9BB-1EB2-FE3DF4C1DE6A} = {981011A5-7D60-A9BB-1EB2-FE3DF4C1DE6A}
		{5EF8A426-33B3-95EB-F6A8-F3159C1D6B26} = {5EF8A426-33B3-95EB-F6A8-F3159C1D6B26}
		{C2DC741A-85A7-A536-C46B-57B173799270} = {C2DC741A-85A7-A536-C46B-57B173799270}
		{4111B058-EEBF-06CA-54B0-4B55FF1B9B00} = {4111B058-EEBF-06CA-54B0-4B55FF1B9B00}
	EndProjectSection
EndProject
Project("{8BC9CEB8-8B4A-11D0-8D11-00A0C91BC942}") = "gtest_prod", "..\testing\gtest_prod.vcxproj", "{4DCD256C-B345-89A3-7AA2-A189E00F12A4}"
EndProject
Project("{8BC9CEB8-8B4A-11D0-8D11-00A0C91BC942}") = "image_operations_bench", "image_operations_bench.vcxproj", "{43569118-19C9-9B46-CD61-D358E4C0F527}"
	ProjectSection(ProjectDependencies) = postProject
		{3714545C-C447-D48D-CC5E-5691DE3A67EE} = {3714545C-C447-D48D-CC5E-5691DE3A67EE}
		{164501C7-9F30-3D2D-E583-36333121917F} = {164501C7-9F30-3D2D-E583-36333121917F}
		{69D57236-2A52-25F9-F7EC-6A5445F03575} = {69D57236-2A52-25F9-F7EC-6A5445F03575}
		{744AB98F-7540-D6A7-A7B7-F859C3E9CA3F} = {744AB98F-7540-D6A7-A7B7-F859C3E9CA3F}
		{4DCD256C-B345-89A3-7AA2-A189E00F12A4} = {4DCD256C-B345-89A3-7AA2-A189E00F12A4}
		{DD29EC62-7A2E-55E9-34D8-8C3ABB23F806} = {DD29EC62-7A2E-55E9-34D8-8C3ABB23F806}
		{649AB2BF-383A-7A41-B63C-AAD19E0EDD78} = {649AB2BF-383A-7A41-B63C-AAD19E0EDD78}
		{09272FD5-D41E-640F-766A-8182CC5A6C83} = {09272FD5-D41E-640F-766A-8182CC5A6C83}
		{5E376B6B-E914-8433-742A-6E2D26382369} = {5E376B6B-E914-8433-742A-6E2D26382369}
		{BF0EFDBC-5FE1-BC66-A973-DE6DE7B40D4C} = {BF0EFDBC-5FE1-BC66-A973-DE6DE7B40D4C}
		{BF1EAC52-365E-D435-DA62-FB94C1965174} = {BF1EAC52-365E-D435-DA62-FB94C1965174}
		{981011A5-7D60-A9BB-1EB2-FE3DF4C1DE6A} = {981011A5-7D60-A9BB-1EB2-FE3DF4C1DE6A}
		{5EF8A426-33B3-95EB-F6A8-F3159C1D6B26} = {5EF8A426-33B3-95EB-F6A8-F3159C1D6B26}
		{C2DC741A-85A7-A536-C46B-57B173799270} = {C2DC741A-85A7-A536-C46B-57B173799270}
		{4111B058-EEBF-06CA-54B0-4B55FF1B9B00} = {4111B058-EEBF-06CA-54B0-4B55FF1B9B00}
	EndProjectSection
EndProject
Project("{8BC9CEB8-8B4A-11D0-8D11-00A0C91BC942}") = "modp_b64", "..\third_party\modp_b64\modp_b64.vcxproj", "{DD29EC62-7A2E-55E9-34D8-8C3ABB23F806}"
EndProject
Project("{8BC9CEB8-8B4A-11D0-8D11-00A0C91BC942}") = "skia", "skia.vcxproj", "{164501C7-9F30-3D2D-E583-36333121917F}"
	ProjectSection(ProjectDependencies) = postProject
		{09272FD5-D41E-640F-766A-8182CC5A6C83} = {09272FD5-D41E-640F-766A-8182CC5A6C83}
		{C2DC741A-85A7-A536-C46B-57B173799270} = {C2DC741A-85A7-A536-C46B-57B173799270}
	EndProjectSection
EndProject
Project("{8BC9CEB8-8B4A-11D0-8D11-00A0C91BC942}") = "skia_chrome", "skia_chrome.vcxproj", "{C2DC741A-85A7-A536-C46B-57B173799270}"
EndProject
Project("{8BC9CEB8-8B4A-11D0-8D11-00A0C91BC942}") = "skia_chrome_opts", "skia_chrome_opts.vcxproj", "{4111B058-EEBF-06CA-54B0-4B55FF1B9B00}"
EndProject
Project("{8BC9CEB8-8B4A-11D0-8D11-00A0C91BC942}") = "skia_library", "skia_library.vcxproj", "{09272FD5-D41E-640F-766A-8182CC5A6C83}"
EndProject
Project("{8BC9CEB8-8B4A-11D0-8D11-00A0C91BC942}") = "skia_opts", "skia_opts.vcxproj", "{5E376B6B-E914-8433-742A-6E2D26382369}"
EndProject
Project("{8BC9CEB8-8B4A-11D0-8D11-00A0C91BC942}") = "skia_opts_sse41", "skia_opts_sse41.vcxproj", "{BF1EAC52-365E-D435-DA62-FB94C1965174}"
EndProject
Project("{8BC9CEB8-8B4A-11D0-8D11-00A0C91BC942}") = "skia_opts_ssse3", "skia_opts_ssse3.vcxproj", "{BF0EFDBC-5FE1-BC66-A973-DE6DE7B40D4C}"
EndProject
Project("{8BC9CEB8-8B4A-11D0-8D11-00A0C91BC942}") = "zlib", "..\third_party\zlib\zlib.vcxproj", "{981011A5-7D60-A9BB-1EB2-FE3DF4C1DE6A}"
EndProject
Project("{8BC9CEB8-8B4A-11D0-8D11-00A0C91BC942}") = "zlib_x86_simd", "..\third_party\zlib\zlib_x86_simd.vcxproj", "{5EF8A426-33B3-95EB-F6A8-F3159C1D6B26}"
EndProject
Global
	GlobalSection(SolutionConfigurationPlatforms) = preSolution
		Debug|x64 = Debug|x64
		Debug|Win32 = Debug|Win32
		Release|x64 = Release|x64
		Release|Win32 = Release|Win32
	EndGlobalSection
	GlobalSection(ProjectConfigurationPlatforms) = postSolution
		{09272FD5-D41E-640F-766A-8182CC5A6C83}.Debug|x64.ActiveCfg = Debug|x64
		{09272FD5-D41E-640F-766A-8182CC5A6C83}.Debug|x64.Build.0 = Debug|x64
		{09272FD5-D41E-640F-766A-8182CC5A6C83}.Debug|Win32.ActiveCfg = Debug|Win32
		{09272FD5-D41E-640F-766A-8182CC5A6C83}.Debug|Win32.Build.0 = Debug|Win32
		{09272FD5-D41E-640F-766A-8182CC5A6C83}.Release|x64.ActiveCfg = Release|x64
		{09272FD5-D41E-640F-766A-8182CC5A6C83}.Release|x64.Build.0 = Release|x64
		{09272FD5-D41E-640F-766A-8182CC5A6C83}.Release|Win32.ActiveCfg = Release|Win32
		{09272FD5-D41E-640F-766A-8182CC5A6C83}.Release|Win32.Build.0 = Release|Win32
		{164501C7-9F30-3D2D-E583-36333121917F}.Debug|x64.ActiveCfg = Debug|x64
		{164501C7-9F30-3D2D-E583-36333121917F}.Debug|x64.Build.0 = Debug|x64
		{164501C7-9F30-3D2D-E583-36333121917F}.Debug|Win32.ActiveCfg = Debug|Win32
		{164501C7-9F30-3D2D-E583-36333121917F}.Debug|Win32.Build.0 = Debug|Win32
		{164501C7-9F30-3D2D-E583-36333121917F}.Release|x64.ActiveCfg = Release|x64
		{164501C7-9F30-3D2D-E583-36333121917F}.Release|x64.Build.0 = Release|x64
		{164501C7-9F30-3D2D-E583-36333121917F}.Release|Win32.ActiveCfg = Release|Win32
		{164501C7-9F30-3D2D-E583-36333121917F}.Release|Win32.Build.0 = Release|Win32
		{3714545C-C447-D48D-CC5E-5691DE3A67EE}.Debug|x64.ActiveCfg = Debug|x64
		{3714545C-C447-D48D-CC5E-5691DE3A67EE}.Debug|x64.Build.0 = Debug|x64
		{3714545C-C447-D48D-CC5E-5691DE3A67EE}.Debug|Win32.ActiveCfg = Debug|Win32
		{3714545C-C447-D48D-CC5E-5691DE3A67EE}.Debug|Win32.Build.0 = Debug|Win32
		{3714545C-C447-D48D-CC5E-5691DE3A67EE}.Release|x64.ActiveCfg = Release|x64
		{3714545C-C447-D48D-CC5E-5691DE3A67EE}.Release|x64.Build.0 = Release|x64
		{3714545C-C447-D48D-CC5E-5691DE3A67EE}.Release|Win32.ActiveCfg = Release|Win32
		{3714545C-C447-D48D-CC5E-5691DE3A67EE}.Release|Win32.Build.0 = Release|Win32
		{3D5A8F64-5531-579C-AE68-C65CA8C7236A}.Debug|x64.ActiveCfg = Debug|x64
		{3D5A8F64-5531-579C-AE68-C65CA8C7236A}.Debug|x64.Build.0 = Debug|x64
		{3D5A8F64-5531-579C-AE68-C65CA8C7236A}.Debug|Win32.ActiveCfg = Debug|Win32
		{3D5A8F64-5531-579C-AE68-C65CA8C7236A}.Debug|Win32.Build.0 = Debug|Win32
		{3D5A8F64-5531-579C-AE68-C65CA8C7236A}.Release|x64.ActiveCfg = Release|x64
		{3D5A8F64-5531-579C-AE68-C65CA8C7236A}.Release|x64.Build.0 = Release|x64
		{3D5A8F64-5531-579C-AE68-C65CA8C7236A}.Release|Win32.ActiveCfg = Release|Win32
		{3D5A8F64-5531-579C-AE68-C65CA8C7236A}.Release|Win32.Build.0 = Release|Win32
		{4111B058-EEBF-06CA-54B0-4B55FF1B9B00}.Debug|x64.ActiveCfg = Debug|x64
		{4111B058-EEBF-06CA-54B0-4B55FF1B9B00}.Debug|x64.Build.0 = Debug|x64
		{4111B058-EEBF-06CA-54B0-4B55FF1B9B00}.Debug|Win32.ActiveCfg = Debug|Win32
		{4111B058-EEBF-06CA-54B0-4B55FF1B9B00}.Debug|Win32.Build.0 = Debug|Win32
		{4111B058-EEBF-06CA-54B0-4B55FF1B9B00}.Release|x64.ActiveCfg = Release|x64
		{4111B058-EEBF-06CA-54B0-4B55FF1B9B00}.Release|x64.Build.0 = Release|x64
		{4111B058-EEBF-06CA-54B0-4B55FF1B9B00}.Release|Win32.ActiveCfg = Release|Win32
		{4111B058-EEBF-06CA-54B0-4B55FF1B9B00}.Release|Win32.Build.0 = Release|Win32
		{43569118-19C9-9B46-CD61-D358E4C0F527}.Debug|x64.ActiveCfg = Debug|x64
		{43569118-19C9-9B46-CD61-D358E4C0F527}.Debug|x64.Build.0 = Debug|x64
		{43569118-19C9-9B46-CD61-D358E4C0F527}.Debug|Win32.ActiveCfg = Debug|Win32
		{43569118-19C9-9B46-CD61-D358E4C0F527}.Debug|Win32.Build.0 = Debug|Win32
		{43569118-19C9-9B46-CD61-D358E4C0F527}.Release|x64.ActiveCfg = Release|x64
		{43569118-19C9-9B46-CD61-D358E4C0F527}.Release|x64.Build.0 = Release|x64
		{43569118-19C9-9B46-CD61-D358E4C0F527}.Release|Win32.ActiveCfg = Release|Win32
		{43569118-19C9-9B46-CD61-D358E4C0F527}.Release|Win32.Build.0 = Release|Win32
		{4DCD256C-B345-89A3-7AA2-A189E00F12A4}.Debug|x64.ActiveCfg = Debug|x64
		{4DCD256C-B345-89A3-7AA2-A189E00F12A4}.Debug|x64.Build.0 = Debug|x64
		{4DCD256C-B345-89A3-7AA2-A189E00F12A4}.Debug|Win32.ActiveCfg = Debug|Win32
		{4DCD256C-B345-89A3-7AA2-A189E00F12A4}.Debug|Win32.Build.0 = Debug|Win32
		{4DCD256C-B345-89A3-7AA2-A189E00F12A4}.Release|x64.ActiveCfg = Release|x64
		{4DCD256C-B345-89A3-7AA2-A189E00F12A4}.Release|x64.Build.0 = Release|x64
		{4DCD256C-B345-89A3-7AA2-A189E00F12A4}.Release|Win32.ActiveCfg = Release|Win32
		{4DCD256C-B345-89A3-7AA2-A189E00F12A4}.Release|Win32.Build.0 = Release|Win32
		{5E376B6B-E914-8433-742A-6E2D26382369}.Debug|x64.ActiveCfg = Debug|x64
		{5E376B6B-E914-8433-742A-6E2D26382369}.Debug|x64.Build.0 = Debug|x64
		{5E376B6B-E914-8433-742A-6E2D26382369}.Debug|Win32.ActiveCfg = Debug|Win32
		{5E376B6B-E914-8433-742A-6E2D26382369}.Debug|Win32.Build.0 = Debug|Win32
		{5E376B6B-E914-8433-742A-6E2D26382369}.Release|x64.ActiveCfg = Release|x64
		{5E376B6B-E914-8433-742A-6E2D26382369}.Release|x64.Build.0 = Release|x64
		{5E376B6B-E914-8433-742A-6E2D26382369}.Release|Win32.ActiveCfg = Release|Win32
		{5E376B6B-E914-8433-742A-6E2D26382369}.Release|Win32.Build.0 = Release|Win32
		{5EF8A426-33B3-95EB-F6A8-F3159C1D6B26}.Debug|x64.ActiveCfg = Debug|x64
		{5EF8A426-33B3-95EB-F6A8-F3159C1D6B26}.Debug|x64.Build.0 = Debug|x64
		{5EF8A426-33B3-95EB-F6A8-F3159C1D6B26}.Debug|Win32.ActiveCfg = Debug|Win32
		{5EF8A426-33B3-95EB-F6A8-F3159C1D6B26}.Debug|Win32.Build.0 = Debug|Win32
		{5EF8A426-33B3-95EB-F6A8-F3159C1D6B26}.Release|x64.ActiveCfg = Release|x64
		{5EF8A426-33B3-95EB-F6A8-F3159C1D6B26}.Release|x64.Build.0 = Release|x64
		{5EF8A426-33B3-95EB-F6A8-F3159C1D6B26}.Release|Win32.ActiveCfg = Release|Win32
		{5EF8A426-33B3-95EB-F6A8-F3159C1D6B26}.Release|Win32.Build.0 = Release|Win32
		{649AB2BF-383A-7A41-B63C-AAD19E0EDD78}.Debug|x64.ActiveCfg = Debug|x64
		{649AB2BF-383A-7A41-B63C-AAD19E0EDD78}.Debug|x64.Build.0 = Debug|x64
		{649AB2BF-383A-7A41-B63C-AAD19E0EDD78}.Debug|Win32.ActiveCfg = Debug|Win32
		{649AB2BF-383A-7A41-B63C-AAD19E0EDD78}.Debug|Win32.Build.0 = Debug|Win32
		{649AB2BF-383A-7A41-B63C-AAD19E0EDD78}.Release|x64.ActiveCfg = Release|x64
		{649AB2BF-383A-7A41-B63C-AAD19E0EDD78}.Release|x64.Build.0 = Release|x64
		{649AB2BF-383A-7A41-B63C-AAD19E0EDD78}.Release|Win32.ActiveCfg = Release|Win32
		{649AB2BF-383A-7A41-B63C-AAD19E0EDD78}.Release|Win32.Build.0 = Release|Win32
		{69D57236-2A52-25F9-F7EC-6A5445F03575}.Debug|x64.ActiveCfg = Debug|x64
		{69D57236-2A52-25F9-F7EC-6A5445F03575}.Debug|x64.Build.0 = Debug|x64
		{69D57236-2A52-25F9-F7EC-6A5445F03575}.Debug|Win32.ActiveCfg = Debug|Win32
		{69D57236-2A52-25F9-F7EC-6A5445F03575}.Debug|Win32.Build.0 = Debug|Win32
		{69D57236-2A52-25F9-F7EC-6A5445F03575}.Release|x64.ActiveCfg = Release|x64
		{69D57236-2A52-25F9-F7EC-6A5445F03575}.Release|x64.Build.0 = Release|x64
		{69D57236-2A52-25F9-F7EC-6A5445F03575}.Release|Win32.ActiveCfg = Release|Win32
		{69D57236-2A52-25F9-F7EC-6A5445F03575}.Release|Win32.Build.0 = Release|Win32
		{744AB98F-7540-D6A7-A7B7-F859C3E9CA3F}.Debug|x64.ActiveCfg = Debug|x64
		{744AB98F-7540-D6A7-A7B7-F859C3E9CA3F}.Debug|x64.Build.0 = Debug|x64
		{744AB98F-7540-D6A7-A7B7-F859C3E9CA3F}.Debug|Win32.ActiveCfg = Debug|Win32
		{744AB98F-7540-D6A7-A7B7-F859C3E9CA3F}.Debug|Win32.Build.0 = Debug|Win32
		{744AB98F-7540-D6A7-A7B7-F859C3E9CA3F}.Release|x64.ActiveCfg = Release|x64
		{744AB98F-7540-D6A7-A7B7-F859C3E9CA3F}.Release|x64.Build.0 = Release|x64
		{744AB98F-7540-D6A7-A7B7-F859C3E9CA3F}.Release|Win32.ActiveCfg = Release|Win32
		{744AB98F-7540-D6A7-A7B7-F859C3E9CA3F}.Release|Win32.Build.0 = Release|Win32
		{981011A5-7D60-A9BB-1EB2-FE3DF4C1DE6A}.Debug|x64.ActiveCfg = Debug|x64
		{981011A5-7D60-A9BB-1EB2-FE3DF4C1DE6A}.Debug|x64.Build.0 = Debug|x64
		{981011A5-7D60-A9BB-1EB2-FE3DF4C1DE6A}.Debug|Win32.ActiveCfg = Debug|Win32
		{981011A5-7D60-A9BB-1EB2-FE3DF4C1DE6A}.Debug|Win32.Build.0 = Debug|Win32
		{981011A5-7D60-A9BB-1EB2-FE3DF4C1DE6A}.Release|x64.ActiveCfg = Release|x64
		{981011A5-7D60-A9BB-1EB2-FE3DF4C1DE6A}.Release|x64.Build.0 = Release|x64
		{981011A5-7D60-A9BB-1EB2-FE3DF4C1DE6A}.Release|Win32.ActiveCfg = Release|Win32
		{981011A5-7D60-A9BB-1EB2-FE3DF4C1DE6A}.Release|Win32.Build.0 = Release|Win32
		{BF0EFDBC-5FE1-BC66-A973-DE6DE7B40D4C}.Debug|x64.ActiveCfg = Debug|x64
		{BF0EFDBC-5FE1-BC66-A973-DE6DE7B40D4C}.Debug|x64.Build.0 = Debug|x64
		{BF0EFDBC-5FE1-BC66-A973-DE6DE7B40D4C}.Debug|Win32.ActiveCfg = Debug|Win32
		{BF0EFDBC-5FE1-BC66-A973-DE6DE7B40D4C}.Debug|Win32.Build.0 = Debug|Win32
		{BF0EFDBC-5FE1-BC66-A973-DE6DE7B40D4C}.Release|x64.ActiveCfg = Release|x64
		{BF0EFDBC-5FE1-BC66-A973-DE6DE7B40D4C}.Release|x64.Build.0 = Release|x64
		{BF0EFDBC-5FE1-BC66-A973-DE6DE7B40D4C}.Release|Win32.ActiveCfg = Release|Win32
		{BF0EFDBC-5FE1-BC66-A973-DE6DE7B40D4C}.Release|Win32.Build.0 = Release|Win32
		{BF1EAC52-365E-D435-DA62-FB94C1965174}.Debug|x64.ActiveCfg = Debug|x64
		{BF1EAC52-365E-D435-DA62-FB94C1965174}.Debug|x64.Build.0 = Debug|x64
		{BF1EAC52-365E-D435-DA62-FB94C1965174}.Debug|Win32.ActiveCfg = Debug|Win32
		{BF1EAC52-365E-D435-DA62-FB94C1965174}.Debug|Win32.Build.0 = Debug|Win32
		{BF1EAC52-365E-D435-DA62-FB94C1965174}.Release|x64.ActiveCfg = Release|x64
		{BF1EAC52-365E-D435-DA62-FB94C1965174}.Release|x64.Build.0 = Release|x64
		{BF1EAC52-365E-D435-DA62-FB94C1965174}.Release|Win32.ActiveCfg = Release|Win32
		{BF1EAC52-365E-D435-DA62-FB94C1965174}.Release|Win32.Build.0 = Release|Win32
		{C2DC741A-85A7-A536-C46B-57B173799270}.Debug|x64.ActiveCfg = Debug|x64
		{C2DC741A-85A7-A536-C46B-57B173799270}.Debug|x64.Build.0 = Debug|x64
		{C2DC741A-85A7-A536-C46B-57B173799270}.Debug|Win32.ActiveCfg = Debug|Win32
		{C2DC741A-85A7-A536-C46B-57B173799270}.Debug|Win32.Build.0 = Debug|Win32
		{C2DC741A-85A7-A536-C46B-57B173799270}.Release|x64.ActiveCfg = Release|x64
		{C2DC741A-85A7-A536-C46B-57B173799270}.Release|x64.Build.0 = Release|x64
		{C2DC741A-85A7-A536-C46B-57B173799270}.Release|Win32.ActiveCfg = Release|Win32
		{C2DC741A-85A7-A536-C46B-57B173799270}.Release|Win32.Build.0 = Release|Win32
		{DD29EC62-7A2E-55E9-34D8-8C3ABB23F806}.Debug|x64.ActiveCfg = Debug|x64
		{DD29EC62-7A2E-55E9-34D8-8C3ABB23F806}.Debug|x64.Build.0 = Debug|x64
		{DD29EC62-7A2E-55E9-34D8-8C3ABB23F806}.Debug|Win32.ActiveCfg = Debug|Win32
		{DD29EC62-7A2E-55E9-34D8-8C3ABB23F806}.Debug|Win32.Build.0 = Debug|Win32
		{DD29EC62-7A2E-55E9-34D8-8C3ABB23F806}.Release|x64.ActiveCfg = Release|x64
		{DD29EC62-7A2E-55E9-34D8-8C3ABB23F806}.Release|x64.Build.0 = Release|x64
		{DD29EC62-7A2E-55E9-34D8-8C3ABB23F806}.Release|Win32.ActiveCfg = Release|Win32
		{DD29EC62-7A2E-55E9-34D8-8C3ABB23F806}.Release|Win32.Build.0 = Release|Win32
	EndGlobalSection
	GlobalSection(SolutionProperties) = preSolution
		HideSolutionNode = FALSE
	EndGlobalSection
	GlobalSection(NestedProjects) = preSolution
		{744AB98F-7540-D6A7-A7B7-F859C3E9CA3F} = {6478B9F3-4858-63F4-35F4-98A303E305F3}
		{6478B9F3-4858-63F4-35F4-98A303E305F3} = {9785FB75-982A-5DE3-252D-3F288B9FEF5B}
		{3E7FA5AF-27B3-2DE0-883C-12F98E7F4E81} = {9785FB75-982A-5DE3-252D-3F288B9FEF5B}
		{3714545C-C447-D48D-CC5E-5691DE3A67EE} = {9785FB75-982A-5DE3-252D-3F288B9FEF5B}
		{69D57236-2A52-25F9-F7EC-6A5445F03575} = {9785FB75-982A-5DE3-252D-3F288B9FEF5B}
		{3D5A8F64-5531-579C-AE68-C65CA8C7236A} = {5B17195B-58DF-4533-4FE7-D2747913694E}
		{43569118-19C9-9B46-CD61-D358E4C0F527} = {5B17195B-58DF-4533-4FE7-D2747913694E}
		{164501C7-9F30-3D2D-E583-36333121917F} = {5B17195B-58DF-4533-4FE7-D2747913694E}
		{C2DC741A-85A7-A536-C46B-57B173799270} = {5B17195B-58DF-4533-4FE7-D2747913694E}
		{4111B058-EEBF-06CA-54B0-4B55FF1B9B00} = {5B17195B-58DF-4533-4FE7-D2747913694E}
		{09272FD5-D41E-640F-766A-8182CC5A6C83} = {5B17195B-58DF-4533-4FE7-D2747913694E}
		{5E376B6B-E914-8433-742A-6E2D26382369} = {5B17195B-58DF-4533-4FE7-D2747913694E}
		{BF1EAC52-365E-D435-DA62-FB94C1965174} = {5B17195B-58DF-4533-4FE7-D2747913694E}
		{BF0EFDBC-5FE1-BC66-A973-DE6DE7B40D4C} = {5B17195B-58DF-4533-4FE7-D2747913694E}
		{4DCD256C-B345-89A3-7AA2-A189E00F12A4} = {EAC80D00-01D2-3F49-A377-20B7154947F3}
		{649AB2BF-383A-7A41-B63C-AAD19E0EDD78} = {3E7FA5AF-27B3-2DE0-883C-12F98E7F4E81}
		{6569004D-CCF6-8392-DB7B-1AC825CE3607} = {89C816A7-DD31-D54C-C69C-5A80E0C49B77}
		{DD29EC62-7A2E-55E9-34D8-8C3ABB23F806} = {89C816A7-DD31-D54C-C69C-5A80E0C49B77}
		{981011A5-7D60-A9BB-1EB2-FE3DF4C1DE6A} = {6569004D-CCF6-8392-DB7B-1AC825CE3607}
		{5EF8A426-33B3-95EB-F6A8-F3159C1D6B26} = {6569004D-CCF6-8392-DB7B-1AC825CE3607}
	EndGlobalSection
EndGlobal
