Microsoft Visual Studio Solution File, Format Version 13.00
# Visual Studio 2013
Project("{2150E333-8FDC-42A3-9474-1A3956D46DE8}") = "(allocator)", ".", "{6478B9F3-4858-63F4-35F4-98A303E305F3}"
EndProject
Project("{2150E333-8FDC-42A3-9474-1A3956D46DE8}") = "(base)", "..", "{9785FB75-982A-5DE3-252D-3F288B9FEF5B}"
EndProject
Project("{2150E333-8FDC-42A3-9474-1A3956D46DE8}") = "(testing)", "..\..\testing", "{EAC80D00-01D2-3F49-A377-20B7154947F3}"
EndProject
Project("{2150E333-8FDC-42A3-9474-1A3956D46DE8}") = "(third_party)", "..\third_party", "{3E7FA5AF-27B3-2DE0-883C-12F98E7F4E81}"
EndProject
Project("{8BC9CEB8-8B4A-11D0-8D11-00A0C91BC942}") = "allocator", "allocator.vcxproj", "{5AA35588-46B8-8252-E454-D7AACFBB50A4}"
	ProjectSection(ProjectDependencies) = postProject
		{071BAEC5-FA79-ACCB-A24F-C83D81D8818D} = {071BAEC5-FA79-ACCB-A24F-C83D81D8818D}
	EndProjectSection
EndProject
Project("{8BC9CEB8-8B4A-11D0-8D11-00A0C91BC942}") = "allocator_extension_thunks", "allocator_extension_thunks.vcxproj", "{744AB98F-7540-D6A7-A7B7-F859C3E9CA3F}"
EndProject
Project("{8BC9CEB8-8B4A-11D0-8D11-00A0C91BC942}") = "allocator_extension_thunks_win64", "allocator_extension_thunks_win64.vcxproj", "{751D5F8F-324B-1723-5214-7CEED33C3101}"
EndProject
Project("{8BC9CEB8-8B4A-11D0-8D11-00A0C91BC942}") = "allocator_unittests", "allocator_unittests.vcxproj", "{F5039BCC-1BDB-A5EE-8322-3063B8F937BF}"
	ProjectSection(ProjectDependencies) = postProject
		{5AA35588-46B8-8252-E454-D7AACFBB50A4} = {5AA35588-46B8-8252-E454-D7AACFBB50A4}
		{744AB98F-7540-D6A7-A7B7-F859C3E9CA3F} = {744AB98F-7540-D6A7-A7B7-F859C3E9CA3F}
		{E72F768A-94C5-F56D-6D09-2D6BBCC1C711} = {E72F768A-94C5-F56D-6D09-2D6BBCC1C711}
		{649AB2BF-383A-7A41-B63C-AAD19E0EDD78} = {649AB2BF-383A-7A41-B63C-AAD19E0EDD78}
		{071BAEC5-FA79-ACCB-A24F-C83D81D8818D} = {071BAEC5-FA79-ACCB-A24F-C83D81D8818D}
		{4DCD256C-B345-89A3-7AA2-A189E00F12A4} = {4DCD256C-B345-89A3-7AA2-A189E00F12A4}
	EndProjectSection
EndProject
Project("{8BC9CEB8-8B4A-11D0-8D11-00A0C91BC942}") = "dynamic_annotations", "..\third_party\dynamic_annotations\dynamic_annotations.vcxproj", "{649AB2BF-383A-7A41-B63C-AAD19E0EDD78}"
EndProject
Project("{8BC9CEB8-8B4A-11D0-8D11-00A0C91BC942}") = "gtest", "..\..\testing\gtest.vcxproj", "{E72F768A-94C5-F56D-6D09-2D6BBCC1C711}"
	ProjectSection(ProjectDependencies) = postProject
		{4DCD256C-B345-89A3-7AA2-A189E00F12A4} = {4DCD256C-B345-89A3-7AA2-A189E00F12A4}
	EndProjectSection
EndProject
Project("{8BC9CEB8-8B4A-11D0-8D11-00A0C91BC942}") = "gtest_prod", "..\..\testing\gtest_prod.vcxproj", "{4DCD256C-B345-89A3-7AA2-A189E00F12A4}"
EndProject
Project("{8BC9CEB8-8B4A-11D0-8D11-00A0C91BC942}") = "libcmt", "libcmt.vcxproj", "{071BAEC5-FA79-ACCB-A24F-C83D81D8818D}"
EndProject
Global
	GlobalSection(SolutionConfigurationPlatforms) = preSolution
		Debug|x64 = Debug|x64
		Debug|Win32 = Debug|Win32
		Release|x64 = Release|x64
		Release|Win32 = Release|Win32
	EndGlobalSection
	GlobalSection(ProjectConfigurationPlatforms) = postSolution
		{071BAEC5-FA79-ACCB-A24F-C83D81D8818D}.Debug|x64.ActiveCfg = Debug|x64
		{071BAEC5-FA79-ACCB-A24F-C83D81D8818D}.Debug|x64.Build.0 = Debug|x64
		{071BAEC5-FA79-ACCB-A24F-C83D81D8818D}.Debug|Win32.ActiveCfg = Debug|Win32
		{071BAEC5-FA79-ACCB-A24F-C83D81D8818D}.Debug|Win32.Build.0 = Debug|Win32
		{071BAEC5-FA79-ACCB-A24F-C83D81D8818D}.Release|x64.ActiveCfg = Release|x64
		{071BAEC5-FA79-ACCB-A24F-C83D81D8818D}.Release|x64.Build.0 = Release|x64
		{071BAEC5-FA79-ACCB-A24F-C83D81D8818D}.Release|Win32.ActiveCfg = Release|Win32
		{071BAEC5-FA79-ACCB-A24F-C83D81D8818D}.Release|Win32.Build.0 = Release|Win32
		{4DCD256C-B345-89A3-7AA2-A189E00F12A4}.Debug|x64.ActiveCfg = Debug|x64
		{4DCD256C-B345-89A3-7AA2-A189E00F12A4}.Debug|x64.Build.0 = Debug|x64
		{4DCD256C-B345-89A3-7AA2-A189E00F12A4}.Debug|Win32.ActiveCfg = Debug|Win32
		{4DCD256C-B345-89A3-7AA2-A189E00F12A4}.Debug|Win32.Build.0 = Debug|Win32
		{4DCD256C-B345-89A3-7AA2-A189E00F12A4}.Release|x64.ActiveCfg = Release|x64
		{4DCD256C-B345-89A3-7AA2-A189E00F12A4}.Release|x64.Build.0 = Release|x64
		{4DCD256C-B345-89A3-7AA2-A189E00F12A4}.Release|Win32.ActiveCfg = Release|Win32
		{4DCD256C-B345-89A3-7AA2-A189E00F12A4}.Release|Win32.Build.0 = Release|Win32
		{5AA35588-46B8-8252-E454-D7AACFBB50A4}.Debug|x64.ActiveCfg = Debug|x64
		{5AA35588-46B8-8252-E454-D7AACFBB50A4}.Debug|x64.Build.0 = Debug|x64
		{5AA35588-46B8-8252-E454-D7AACFBB50A4}.Debug|Win32.ActiveCfg = Debug|Win32
		{5AA35588-46B8-8252-E454-D7AACFBB50A4}.Debug|Win32.Build.0 = Debug|Win32
		{5AA35588-46B8-8252-E454-D7AACFBB50A4}.Release|x64.ActiveCfg = Release|x64
		{5AA35588-46B8-8252-E454-D7AACFBB50A4}.Release|x64.Build.0 = Release|x64
		{5AA35588-46B8-8252-E454-D7AACFBB50A4}.Release|Win32.ActiveCfg = Release|Win32
		{5AA35588-46B8-8252-E454-D7AACFBB50A4}.Release|Win32.Build.0 = Release|Win32
		{649AB2BF-383A-7A41-B63C-AAD19E0EDD78}.Debug|x64.ActiveCfg = Debug|x64
		{649AB2BF-383A-7A41-B63C-AAD19E0EDD78}.Debug|x64.Build.0 = Debug|x64
		{649AB2BF-383A-7A41-B63C-AAD19E0EDD78}.Debug|Win32.ActiveCfg = Debug|Win32
		{649AB2BF-383A-7A41-B63C-AAD19E0EDD78}.Debug|Win32.Build.0 = Debug|Win32
		{649AB2BF-383A-7A41-B63C-AAD19E0EDD78}.Release|x64.ActiveCfg = Release|x64
		{649AB2BF-383A-7A41-B63C-AAD19E0EDD78}.Release|x64.Build.0 = Release|x64
		{649AB2BF-383A-7A41-B63C-AAD19E0EDD78}.Release|Win32.ActiveCfg = Release|Win32
		{649AB2BF-383A-7A41-B63C-AAD19E0EDD78}.Release|Win32.Build.0 = Release|Win32
		{744AB98F-7540-D6A7-A7B7-F859C3E9CA3F}.Debug|x64.ActiveCfg = Debug|x64
		{744AB98F-7540-D6A7-A7B7-F859C3E9CA3F}.Debug|x64.Build.0 = Debug|x64
		{744AB98F-7540-D6A7-A7B7-F859C3E9CA3F}.Debug|Win32.ActiveCfg = Debug|Win32
		{744AB98F-7540-D6A7-A7B7-F859C3E9CA3F}.Debug|Win32.Build.0 = Debug|Win32
		{744AB98F-7540-D6A7-A7B7-F859C3E9CA3F}.Release|x64.ActiveCfg = Release|x64
		{744AB98F-7540-D6A7-A7B7-F859C3E9CA3F}.Release|x64.Build.0 = Release|x64
		{744AB98F-7540-D6A7-A7B7-F859C3E9CA3F}.Release|Win32.ActiveCfg = Release|Win32
		{744AB98F-7540-D6A7-A7B7-F859C3E9CA3F}.Release|Win32.Build.0 = Release|Win32
		{751D5F8F-324B-1723-5214-7CEED33C3101}.Debug|x64.ActiveCfg = Debug|x64
		{751D5F8F-324B-1723-5214-7CEED33C3101}.Debug|x64.Build.0 = Debug|x64
		{751D5F8F-324B-1723-5214-7CEED33C3101}.Debug|Win32.ActiveCfg = Debug|x64
		{751D5F8F-324B-1723-5214-7CEED33C3101}.Debug|Win32.Build.0 = Debug|x64
		{751D5F8F-324B-1723-5214-7CEED33C3101}.Release|x64.ActiveCfg = Release|x64
		{751D5F8F-324B-1723-5214-7CEED33C3101}.Release|x64.Build.0 = Release|x64
		{751D5F8F-324B-1723-5214-7CEED33C3101}.Release|Win32.ActiveCfg = Release|x64
		{751D5F8F-324B-1723-5214-7CEED33C3101}.Release|Win32.Build.0 = Release|x64
		{E72F768A-94C5-F56D-6D09-2D6BBCC1C711}.Debug|x64.ActiveCfg = Debug|x64
		{E72F768A-94C5-F56D-6D09-2D6BBCC1C711}.Debug|x64.Build.0 = Debug|x64
		{E72F768A-94C5-F56D-6D09-2D6BBCC1C711}.Debug|Win32.ActiveCfg = Debug|Win32
		{E72F768A-94C5-F56D-6D09-2D6BBCC1C711}.Debug|Win32.Build.0 = Debug|Win32
		{E72F768A-94C5-F56D-6D09-2D6BBCC1C711}.Release|x64.ActiveCfg = Release|x64
		{E72F768A-94C5-F56D-6D09-2D6BBCC1C711}.Release|x64.Build.0 = Release|x64
		{E72F768A-94C5-F56D-6D09-2D6BBCC1C711}.Release|Win32.ActiveCfg = Release|Win32
		{E72F768A-94C5-F56D-6D09-2D6BBCC1C711}.Release|Win32.Build.0 = Release|Win32
		{F5039BCC-1BDB-A5EE-8322-3063B8F937BF}.Debug|x64.ActiveCfg = Debug|x64
		{F5039BCC-1BDB-A5EE-8322-3063B8F937BF}.Debug|x64.Build.0 = Debug|x64
		{F5039BCC-1BDB-A5EE-8322-3063B8F937BF}.Debug|Win32.ActiveCfg = Debug|Win32
		{F5039BCC-1BDB-A5EE-8322-3063B8F937BF}.Debug|Win32.Build.0 = Debug|Win32
		{F5039BCC-1BDB-A5EE-8322-3063B8F937BF}.Release|x64.ActiveCfg = Release|x64
		{F5039BCC-1BDB-A5EE-8322-3063B8F937BF}.Release|x64.Build.0 = Release|x64
		{F5039BCC-1BDB-A5EE-8322-3063B8F937BF}.Release|Win32.ActiveCfg = Release|Win32
		{F5039BCC-1BDB-A5EE-8322-3063B8F937BF}.Release|Win32.Build.0 = Release|Win32
	EndGlobalSection
	GlobalSection(SolutionProperties) = preSolution
		HideSolutionNode = FALSE
	EndGlobalSection
	GlobalSection(NestedProjects) = preSolution
		{5AA35588-46B8-8252-E454-D7AACFBB50A4} = {6478B9F3-4858-63F4-35F4-98A303E305F3}
		{744AB98F-7540-D6A7-A7B7-F859C3E9CA3F} = {6478B9F3-4858-63F4-35F4-98A303E305F3}
		{751D5F8F-324B-1723-5214-7CEED33C3101} = {6478B9F3-4858-63F4-35F4-98A303E305F3}
		{F5039BCC-1BDB-A5EE-8322-3063B8F937BF} = {6478B9F3-4858-63F4-35F4-98A303E305F3}
		{071BAEC5-FA79-ACCB-A24F-C83D81D8818D} = {6478B9F3-4858-63F4-35F4-98A303E305F3}
		{6478B9F3-4858-63F4-35F4-98A303E305F3} = {9785FB75-982A-5DE3-252D-3F288B9FEF5B}
		{3E7FA5AF-27B3-2DE0-883C-12F98E7F4E81} = {9785FB75-982A-5DE3-252D-3F288B9FEF5B}
		{E72F768A-94C5-F56D-6D09-2D6BBCC1C711} = {EAC80D00-01D2-3F49-A377-20B7154947F3}
		{4DCD256C-B345-89A3-7AA2-A189E00F12A4} = {EAC80D00-01D2-3F49-A377-20B7154947F3}
		{649AB2BF-383A-7A41-B63C-AAD19E0EDD78} = {3E7FA5AF-27B3-2DE0-883C-12F98E7F4E81}
	EndGlobalSection
EndGlobal
