Microsoft Visual Studio Solution File, Format Version 13.00
# Visual Studio 2013
Project("{2150E333-8FDC-42A3-9474-1A3956D46DE8}") = "(allocator)", "..\base\allocator", "{6478B9F3-4858-63F4-35F4-98A303E305F3}"
EndProject
Project("{2150E333-8FDC-42A3-9474-1A3956D46DE8}") = "(base)", "..\base", "{9785FB75-982A-5DE3-252D-3F288B9FEF5B}"
EndProject
Project("{2150E333-8FDC-42A3-9474-1A3956D46DE8}") = "(crypto)", ".", "{7D376988-0EE9-382B-7734-CCCA42B10608}"
EndProject
Project("{2150E333-8FDC-42A3-9474-1A3956D46DE8}") = "(dynamic_annotations)", "..\base\third_party\dynamic_annotations", "{EF1E4970-C119-B0D7-F5D6-321C6AE66EDC}"
EndProject
Project("{2150E333-8FDC-42A3-9474-1A3956D46DE8}") = "(icu)", "..\third_party\icu", "{2DE59335-96CE-10CA-CDE5-FEC35E3549BB}"
EndProject
Project("{2150E333-8FDC-42A3-9474-1A3956D46DE8}") = "(modp_b64)", "..\third_party\modp_b64", "{3DC53144-5334-1B74-C233-23BEE3D8EABD}"
EndProject
Project("{2150E333-8FDC-42A3-9474-1A3956D46DE8}") = "(testing)", "..\testing", "{EAC80D00-01D2-3F49-A377-20B7154947F3}"
EndProject
Project("{2150E333-8FDC-42A3-9474-1A3956D46DE8}") = "(third_party)", "..\base\third_party", "{3E7FA5AF-27B3-2DE0-883C-12F98E7F4E81}"
EndProject
Project("{2150E333-8FDC-42A3-9474-1A3956D46DE8}") = "(third_party)", "..\third_party", "{89C816A7-DD31-D54C-C69C-5A80E0C49B77}"
EndProject
Project("{2150E333-8FDC-42A3-9474-1A3956D46DE8}") = "(trace_event)", "..\base\trace_event", "{EBB3592A-71A2-0FDD-CA21-AF40809EFD2A}"
EndProject
Project("{2150E333-8FDC-42A3-9474-1A3956D46DE8}") = "(yasm)", "..\third_party\yasm", "{AC6A79C6-25A5-8535-37D4-DCE797519D55}"
EndProject
Project("{2150E333-8FDC-42A3-9474-1A3956D46DE8}") = "(zlib)", "..\third_party\zlib", "{6569004D-CCF6-8392-DB7B-1AC825CE3607}"
EndProject
Project("{8BC9CEB8-8B4A-11D0-8D11-00A0C91BC942}") = "allocator_extension_thunks", "..\base\allocator\allocator_extension_thunks.vcxproj", "{744AB98F-7540-D6A7-A7B7-F859C3E9CA3F}"
EndProject
Project("{8BC9CEB8-8B4A-11D0-8D11-00A0C91BC942}") = "allocator_extension_thunks_win64", "..\base\allocator\allocator_extension_thunks_win64.vcxproj", "{751D5F8F-324B-1723-5214-7CEED33C3101}"
EndProject
Project("{8BC9CEB8-8B4A-11D0-8D11-00A0C91BC942}") = "base", "..\base\base.vcxproj", "{3714545C-C447-D48D-CC5E-5691DE3A67EE}"
	ProjectSection(ProjectDependencies) = postProject
		{4DCD256C-B345-89A3-7AA2-A189E00F12A4} = {4DCD256C-B345-89A3-7AA2-A189E00F12A4}
		{B0AC8452-5737-5B95-6DEC-20CD015D1060} = {B0AC8452-5737-5B95-6DEC-20CD015D1060}
	EndProjectSection
EndProject
Project("{8BC9CEB8-8B4A-11D0-8D11-00A0C91BC942}") = "base_i18n", "..\base\base_i18n.vcxproj", "{269AA02B-B5AC-6304-8802-3681428FB774}"
EndProject
Project("{8BC9CEB8-8B4A-11D0-8D11-00A0C91BC942}") = "base_static", "..\base\base_static.vcxproj", "{69D57236-2A52-25F9-F7EC-6A5445F03575}"
EndProject
Project("{8BC9CEB8-8B4A-11D0-8D11-00A0C91BC942}") = "base_static_win64", "..\base\base_static_win64.vcxproj", "{F21AF0A9-ED9E-78AF-E6CF-E3FA136610F5}"
EndProject
Project("{8BC9CEB8-8B4A-11D0-8D11-00A0C91BC942}") = "base_win64", "..\base\base_win64.vcxproj", "{6E02DD8F-E10E-3553-35C9-7C4C60935E74}"
	ProjectSection(ProjectDependencies) = postProject
		{B0AC8452-5737-5B95-6DEC-20CD015D1060} = {B0AC8452-5737-5B95-6DEC-20CD015D1060}
	EndProjectSection
EndProject
Project("{8BC9CEB8-8B4A-11D0-8D11-00A0C91BC942}") = "boringssl", "..\third_party\boringssl\boringssl.vcxproj", "{23D79827-E423-BA46-5AD6-622B0828F65C}"
	ProjectSection(ProjectDependencies) = postProject
		{F336733B-E5B6-B67B-2713-5DF1FC74E51B} = {F336733B-E5B6-B67B-2713-5DF1FC74E51B}
	EndProjectSection
EndProject
Project("{8BC9CEB8-8B4A-11D0-8D11-00A0C91BC942}") = "config_sources", "..\third_party\yasm\config_sources.vcxproj", "{B555AE61-3304-C74D-1357-940A469974C4}"
EndProject
Project("{8BC9CEB8-8B4A-11D0-8D11-00A0C91BC942}") = "crypto", "crypto.vcxproj", "{1F1380DB-4C0B-B416-B01A-0F02B25C5E2B}"
EndProject
Project("{8BC9CEB8-8B4A-11D0-8D11-00A0C91BC942}") = "crypto_nacl_win64", "crypto_nacl_win64.vcxproj", "{2C7C62FC-E9DC-D6DA-B51D-56B6AB592D62}"
EndProject
Project("{8BC9CEB8-8B4A-11D0-8D11-00A0C91BC942}") = "crypto_test_support", "crypto_test_support.vcxproj", "{F9A59FDC-7B20-963D-D4AF-0691517A00BC}"
EndProject
Project("{8BC9CEB8-8B4A-11D0-8D11-00A0C91BC942}") = "crypto_unittests", "crypto_unittests.vcxproj", "{605B7A91-7E59-7AF1-8595-5F454936B31F}"
	ProjectSection(ProjectDependencies) = postProject
		{1F1380DB-4C0B-B416-B01A-0F02B25C5E2B} = {1F1380DB-4C0B-B416-B01A-0F02B25C5E2B}
		{F9A59FDC-7B20-963D-D4AF-0691517A00BC} = {F9A59FDC-7B20-963D-D4AF-0691517A00BC}
		{3714545C-C447-D48D-CC5E-5691DE3A67EE} = {3714545C-C447-D48D-CC5E-5691DE3A67EE}
		{3C208778-823C-8D64-CC58-060D65BF592A} = {3C208778-823C-8D64-CC58-060D65BF592A}
		{016E1825-4282-74D6-8C85-CEAF2A1F4749} = {016E1825-4282-74D6-8C85-CEAF2A1F4749}
		{D822332C-4E10-95DA-CD7B-92DFD2BC19A2} = {D822332C-4E10-95DA-CD7B-92DFD2BC19A2}
		{E72F768A-94C5-F56D-6D09-2D6BBCC1C711} = {E72F768A-94C5-F56D-6D09-2D6BBCC1C711}
		{23D79827-E423-BA46-5AD6-622B0828F65C} = {23D79827-E423-BA46-5AD6-622B0828F65C}
		{69D57236-2A52-25F9-F7EC-6A5445F03575} = {69D57236-2A52-25F9-F7EC-6A5445F03575}
		{744AB98F-7540-D6A7-A7B7-F859C3E9CA3F} = {744AB98F-7540-D6A7-A7B7-F859C3E9CA3F}
		{4DCD256C-B345-89A3-7AA2-A189E00F12A4} = {4DCD256C-B345-89A3-7AA2-A189E00F12A4}
		{DD29EC62-7A2E-55E9-34D8-8C3ABB23F806} = {DD29EC62-7A2E-55E9-34D8-8C3ABB23F806}
		{649AB2BF-383A-7A41-B63C-AAD19E0EDD78} = {649AB2BF-383A-7A41-B63C-AAD19E0EDD78}
		{B0AC8452-5737-5B95-6DEC-20CD015D1060} = {B0AC8452-5737-5B95-6DEC-20CD015D1060}
		{269AA02B-B5AC-6304-8802-3681428FB774} = {269AA02B-B5AC-6304-8802-3681428FB774}
		{975D13B1-90C6-E6D1-7357-CC9073586CEE} = {975D13B1-90C6-E6D1-7357-CC9073586CEE}
		{ABE8C79E-F58F-838E-60CE-D14A2B5B94C4} = {ABE8C79E-F58F-838E-60CE-D14A2B5B94C4}
		{3D63B711-4889-9F48-B2BB-2615598433E7} = {3D63B711-4889-9F48-B2BB-2615598433E7}
		{A50C7595-CFAA-3BE2-7E68-20D8BBF1DC4F} = {A50C7595-CFAA-3BE2-7E68-20D8BBF1DC4F}
		{981011A5-7D60-A9BB-1EB2-FE3DF4C1DE6A} = {981011A5-7D60-A9BB-1EB2-FE3DF4C1DE6A}
		{5EF8A426-33B3-95EB-F6A8-F3159C1D6B26} = {5EF8A426-33B3-95EB-F6A8-F3159C1D6B26}
	EndProjectSection
EndProject
Project("{8BC9CEB8-8B4A-11D0-8D11-00A0C91BC942}") = "crypto_unittests_run", "crypto_unittests_run.vcxproj", "{8F6EF99D-B48D-C6EA-02C2-D2EBDEB38DFD}"
	ProjectSection(ProjectDependencies) = postProject
		{605B7A91-7E59-7AF1-8595-5F454936B31F} = {605B7A91-7E59-7AF1-8595-5F454936B31F}
	EndProjectSection
EndProject
Project("{8BC9CEB8-8B4A-11D0-8D11-00A0C91BC942}") = "dynamic_annotations", "..\base\third_party\dynamic_annotations\dynamic_annotations.vcxproj", "{649AB2BF-383A-7A41-B63C-AAD19E0EDD78}"
EndProject
Project("{8BC9CEB8-8B4A-11D0-8D11-00A0C91BC942}") = "dynamic_annotations_win64", "..\base\third_party\dynamic_annotations\dynamic_annotations_win64.vcxproj", "{9680E6A7-8E03-E752-955A-41E06F344943}"
EndProject
Project("{8BC9CEB8-8B4A-11D0-8D11-00A0C91BC942}") = "etw_manifest", "..\base\trace_event\etw_manifest\etw_manifest.vcxproj", "{B0AC8452-5737-5B95-6DEC-20CD015D1060}"
EndProject
Project("{8BC9CEB8-8B4A-11D0-8D11-00A0C91BC942}") = "generate_files", "..\third_party\yasm\generate_files.vcxproj", "{7F73F25C-224B-D158-49A3-A0D8FD47D0A3}"
	ProjectSection(ProjectDependencies) = postProject
		{04DA42DA-0081-C673-D5CD-8CC8F63199B0} = {04DA42DA-0081-C673-D5CD-8CC8F63199B0}
		{71BE6D73-D298-0EEF-A896-0ABB45764964} = {71BE6D73-D298-0EEF-A896-0ABB45764964}
	EndProjectSection
EndProject
Project("{8BC9CEB8-8B4A-11D0-8D11-00A0C91BC942}") = "genmacro", "..\third_party\yasm\genmacro.vcxproj", "{816508C7-F0FC-8E04-ECF9-CD82F9D095D4}"
	ProjectSection(ProjectDependencies) = postProject
		{B555AE61-3304-C74D-1357-940A469974C4} = {B555AE61-3304-C74D-1357-940A469974C4}
	EndProjectSection
EndProject
Project("{8BC9CEB8-8B4A-11D0-8D11-00A0C91BC942}") = "genmodule", "..\third_party\yasm\genmodule.vcxproj", "{6DB5CE13-639C-A11C-E2A3-D1B1C8DA4271}"
	ProjectSection(ProjectDependencies) = postProject
		{B555AE61-3304-C74D-1357-940A469974C4} = {B555AE61-3304-C74D-1357-940A469974C4}
	EndProjectSection
EndProject
Project("{8BC9CEB8-8B4A-11D0-8D11-00A0C91BC942}") = "genperf", "..\third_party\yasm\genperf.vcxproj", "{04DA42DA-0081-C673-D5CD-8CC8F63199B0}"
	ProjectSection(ProjectDependencies) = postProject
		{FB45E867-5012-7E6B-4990-EA51A6D55EC6} = {FB45E867-5012-7E6B-4990-EA51A6D55EC6}
		{B555AE61-3304-C74D-1357-940A469974C4} = {B555AE61-3304-C74D-1357-940A469974C4}
	EndProjectSection
EndProject
Project("{8BC9CEB8-8B4A-11D0-8D11-00A0C91BC942}") = "genperf_libs", "..\third_party\yasm\genperf_libs.vcxproj", "{FB45E867-5012-7E6B-4990-EA51A6D55EC6}"
	ProjectSection(ProjectDependencies) = postProject
		{B555AE61-3304-C74D-1357-940A469974C4} = {B555AE61-3304-C74D-1357-940A469974C4}
	EndProjectSection
EndProject
Project("{8BC9CEB8-8B4A-11D0-8D11-00A0C91BC942}") = "genstring", "..\third_party\yasm\genstring.vcxproj", "{DE291AF5-6AD2-BD98-BBE7-C42FFD1EA57E}"
	ProjectSection(ProjectDependencies) = postProject
		{B555AE61-3304-C74D-1357-940A469974C4} = {B555AE61-3304-C74D-1357-940A469974C4}
	EndProjectSection
EndProject
Project("{8BC9CEB8-8B4A-11D0-8D11-00A0C91BC942}") = "genversion", "..\third_party\yasm\genversion.vcxproj", "{71BE6D73-D298-0EEF-A896-0ABB45764964}"
	ProjectSection(ProjectDependencies) = postProject
		{B555AE61-3304-C74D-1357-940A469974C4} = {B555AE61-3304-C74D-1357-940A469974C4}
	EndProjectSection
EndProject
Project("{8BC9CEB8-8B4A-11D0-8D11-00A0C91BC942}") = "gmock", "..\testing\gmock.vcxproj", "{D822332C-4E10-95DA-CD7B-92DFD2BC19A2}"
EndProject
Project("{8BC9CEB8-8B4A-11D0-8D11-00A0C91BC942}") = "gtest", "..\testing\gtest.vcxproj", "{E72F768A-94C5-F56D-6D09-2D6BBCC1C711}"
	ProjectSection(ProjectDependencies) = postProject
		{4DCD256C-B345-89A3-7AA2-A189E00F12A4} = {4DCD256C-B345-89A3-7AA2-A189E00F12A4}
	EndProjectSection
EndProject
Project("{8BC9CEB8-8B4A-11D0-8D11-00A0C91BC942}") = "gtest_prod", "..\testing\gtest_prod.vcxproj", "{4DCD256C-B345-89A3-7AA2-A189E00F12A4}"
EndProject
Project("{8BC9CEB8-8B4A-11D0-8D11-00A0C91BC942}") = "icudata", "..\third_party\icu\icudata.vcxproj", "{3D63B711-4889-9F48-B2BB-2615598433E7}"
EndProject
Project("{8BC9CEB8-8B4A-11D0-8D11-00A0C91BC942}") = "icui18n", "..\third_party\icu\icui18n.vcxproj", "{975D13B1-90C6-E6D1-7357-CC9073586CEE}"
EndProject
Project("{8BC9CEB8-8B4A-11D0-8D11-00A0C91BC942}") = "icuuc", "..\third_party\icu\icuuc.vcxproj", "{ABE8C79E-F58F-838E-60CE-D14A2B5B94C4}"
EndProject
Project("{8BC9CEB8-8B4A-11D0-8D11-00A0C91BC942}") = "libxml", "..\third_party\libxml\libxml.vcxproj", "{A50C7595-CFAA-3BE2-7E68-20D8BBF1DC4F}"
EndProject
Project("{8BC9CEB8-8B4A-11D0-8D11-00A0C91BC942}") = "modp_b64", "..\third_party\modp_b64\modp_b64.vcxproj", "{DD29EC62-7A2E-55E9-34D8-8C3ABB23F806}"
EndProject
Project("{8BC9CEB8-8B4A-11D0-8D11-00A0C91BC942}") = "modp_b64_win64", "..\third_party\modp_b64\modp_b64_win64.vcxproj", "{B53C847A-8126-0299-203E-73737C864740}"
EndProject
Project("{8BC9CEB8-8B4A-11D0-8D11-00A0C91BC942}") = "re2c", "..\third_party\yasm\re2c.vcxproj", "{F44797FB-474D-87A7-7D47-C3B54FFBAA49}"
	ProjectSection(ProjectDependencies) = postProject
		{B555AE61-3304-C74D-1357-940A469974C4} = {B555AE61-3304-C74D-1357-940A469974C4}
	EndProjectSection
EndProject
Project("{8BC9CEB8-8B4A-11D0-8D11-00A0C91BC942}") = "run_all_unittests", "..\base\run_all_unittests.vcxproj", "{3C208778-823C-8D64-CC58-060D65BF592A}"
EndProject
Project("{8BC9CEB8-8B4A-11D0-8D11-00A0C91BC942}") = "test_support_base", "..\base\test_support_base.vcxproj", "{016E1825-4282-74D6-8C85-CEAF2A1F4749}"
EndProject
Project("{8BC9CEB8-8B4A-11D0-8D11-00A0C91BC942}") = "yasm", "..\third_party\yasm\yasm.vcxproj", "{F336733B-E5B6-B67B-2713-5DF1FC74E51B}"
	ProjectSection(ProjectDependencies) = postProject
		{B555AE61-3304-C74D-1357-940A469974C4} = {B555AE61-3304-C74D-1357-940A469974C4}
		{816508C7-F0FC-8E04-ECF9-CD82F9D095D4} = {816508C7-F0FC-8E04-ECF9-CD82F9D095D4}
		{6DB5CE13-639C-A11C-E2A3-D1B1C8DA4271} = {6DB5CE13-639C-A11C-E2A3-D1B1C8DA4271}
		{04DA42DA-0081-C673-D5CD-8CC8F63199B0} = {04DA42DA-0081-C673-D5CD-8CC8F63199B0}
		{FB45E867-5012-7E6B-4990-EA51A6D55EC6} = {FB45E867-5012-7E6B-4990-EA51A6D55EC6}
		{7F73F25C-224B-D158-49A3-A0D8FD47D0A3} = {7F73F25C-224B-D158-49A3-A0D8FD47D0A3}
		{DE291AF5-6AD2-BD98-BBE7-C42FFD1EA57E} = {DE291AF5-6AD2-BD98-BBE7-C42FFD1EA57E}
		{F44797FB-474D-87A7-7D47-C3B54FFBAA49} = {F44797FB-474D-87A7-7D47-C3B54FFBAA49}
	EndProjectSection
EndProject
Project("{8BC9CEB8-8B4A-11D0-8D11-00A0C91BC942}") = "zlib", "..\third_party\zlib\zlib.vcxproj", "{981011A5-7D60-A9BB-1EB2-FE3DF4C1DE6A}"
EndProject
Project("{8BC9CEB8-8B4A-11D0-8D11-00A0C91BC942}") = "zlib_x86_simd", "..\third_party\zlib\zlib_x86_simd.vcxproj", "{5EF8A426-33B3-95EB-F6A8-F3159C1D6B26}"
EndProject
Global
	GlobalSection(SolutionConfigurationPlatforms) = preSolution
		Debug|x64 = Debug|x64
		Debug|Win32 = Debug|Win32
		Release|x64 = Release|x64
		Release|Win32 = Release|Win32
	EndGlobalSection
	GlobalSection(ProjectConfigurationPlatforms) = postSolution
		{016E1825-4282-74D6-8C85-CEAF2A1F4749}.Debug|x64.ActiveCfg = Debug|x64
		{016E1825-4282-74D6-8C85-CEAF2A1F4749}.Debug|x64.Build.0 = Debug|x64
		{016E1825-4282-74D6-8C85-CEAF2A1F4749}.Debug|Win32.ActiveCfg = Debug|Win32
		{016E1825-4282-74D6-8C85-CEAF2A1F4749}.Debug|Win32.Build.0 = Debug|Win32
		{016E1825-4282-74D6-8C85-CEAF2A1F4749}.Release|x64.ActiveCfg = Release|x64
		{016E1825-4282-74D6-8C85-CEAF2A1F4749}.Release|x64.Build.0 = Release|x64
		{016E1825-4282-74D6-8C85-CEAF2A1F4749}.Release|Win32.ActiveCfg = Release|Win32
		{016E1825-4282-74D6-8C85-CEAF2A1F4749}.Release|Win32.Build.0 = Release|Win32
		{04DA42DA-0081-C673-D5CD-8CC8F63199B0}.Debug|x64.ActiveCfg = Debug|x64
		{04DA42DA-0081-C673-D5CD-8CC8F63199B0}.Debug|x64.Build.0 = Debug|x64
		{04DA42DA-0081-C673-D5CD-8CC8F63199B0}.Debug|Win32.ActiveCfg = Debug|Win32
		{04DA42DA-0081-C673-D5CD-8CC8F63199B0}.Debug|Win32.Build.0 = Debug|Win32
		{04DA42DA-0081-C673-D5CD-8CC8F63199B0}.Release|x64.ActiveCfg = Release|x64
		{04DA42DA-0081-C673-D5CD-8CC8F63199B0}.Release|x64.Build.0 = Release|x64
		{04DA42DA-0081-C673-D5CD-8CC8F63199B0}.Release|Win32.ActiveCfg = Release|Win32
		{04DA42DA-0081-C673-D5CD-8CC8F63199B0}.Release|Win32.Build.0 = Release|Win32
		{1F1380DB-4C0B-B416-B01A-0F02B25C5E2B}.Debug|x64.ActiveCfg = Debug|x64
		{1F1380DB-4C0B-B416-B01A-0F02B25C5E2B}.Debug|x64.Build.0 = Debug|x64
		{1F1380DB-4C0B-B416-B01A-0F02B25C5E2B}.Debug|Win32.ActiveCfg = Debug|Win32
		{1F1380DB-4C0B-B416-B01A-0F02B25C5E2B}.Debug|Win32.Build.0 = Debug|Win32
		{1F1380DB-4C0B-B416-B01A-0F02B25C5E2B}.Release|x64.ActiveCfg = Release|x64
		{1F1380DB-4C0B-B416-B01A-0F02B25C5E2B}.Release|x64.Build.0 = Release|x64
		{1F1380DB-4C0B-B416-B01A-0F02B25C5E2B}.Release|Win32.ActiveCfg = Release|Win32
		{1F1380DB-4C0B-B416-B01A-0F02B25C5E2B}.Release|Win32.Build.0 = Release|Win32
		{23D79827-E423-BA46-5AD6-622B0828F65C}.Debug|x64.ActiveCfg = Debug|x64
		{23D79827-E423-BA46-5AD6-622B0828F65C}.Debug|x64.Build.0 = Debug|x64
		{23D79827-E423-BA46-5AD6-622B0828F65C}.Debug|Win32.ActiveCfg = Debug|Win32
		{23D79827-E423-BA46-5AD6-622B0828F65C}.Debug|Win32.Build.0 = Debug|Win32
		{23D79827-E423-BA46-5AD6-622B0828F65C}.Release|x64.ActiveCfg = Release|x64
		{23D79827-E423-BA46-5AD6-622B0828F65C}.Release|x64.Build.0 = Release|x64
		{23D79827-E423-BA46-5AD6-622B0828F65C}.Release|Win32.ActiveCfg = Release|Win32
		{23D79827-E423-BA46-5AD6-622B0828F65C}.Release|Win32.Build.0 = Release|Win32
		{269AA02B-B5AC-6304-8802-3681428FB774}.Debug|x64.ActiveCfg = Debug|x64
		{269AA02B-B5AC-6304-8802-3681428FB774}.Debug|x64.Build.0 = Debug|x64
		{269AA02B-B5AC-6304-8802-3681428FB774}.Debug|Win32.ActiveCfg = Debug|Win32
		{269AA02B-B5AC-6304-8802-3681428FB774}.Debug|Win32.Build.0 = Debug|Win32
		{269AA02B-B5AC-6304-8802-3681428FB774}.Release|x64.ActiveCfg = Release|x64
		{269AA02B-B5AC-6304-8802-3681428FB774}.Release|x64.Build.0 = Release|x64
		{269AA02B-B5AC-6304-8802-3681428FB774}.Release|Win32.ActiveCfg = Release|Win32
		{269AA02B-B5AC-6304-8802-3681428FB774}.Release|Win32.Build.0 = Release|Win32
		{2C7C62FC-E9DC-D6DA-B51D-56B6AB592D62}.Debug|x64.ActiveCfg = Debug|x64
		{2C7C62FC-E9DC-D6DA-B51D-56B6AB592D62}.Debug|x64.Build.0 = Debug|x64
		{2C7C62FC-E9DC-D6DA-B51D-56B6AB592D62}.Debug|Win32.ActiveCfg = Debug|x64
		{2C7C62FC-E9DC-D6DA-B51D-56B6AB592D62}.Debug|Win32.Build.0 = Debug|x64
		{2C7C62FC-E9DC-D6DA-B51D-56B6AB592D62}.Release|x64.ActiveCfg = Release|x64
		{2C7C62FC-E9DC-D6DA-B51D-56B6AB592D62}.Release|x64.Build.0 = Release|x64
		{2C7C62FC-E9DC-D6DA-B51D-56B6AB592D62}.Release|Win32.ActiveCfg = Release|x64
		{2C7C62FC-E9DC-D6DA-B51D-56B6AB592D62}.Release|Win32.Build.0 = Release|x64
		{3714545C-C447-D48D-CC5E-5691DE3A67EE}.Debug|x64.ActiveCfg = Debug|x64
		{3714545C-C447-D48D-CC5E-5691DE3A67EE}.Debug|x64.Build.0 = Debug|x64
		{3714545C-C447-D48D-CC5E-5691DE3A67EE}.Debug|Win32.ActiveCfg = Debug|Win32
		{3714545C-C447-D48D-CC5E-5691DE3A67EE}.Debug|Win32.Build.0 = Debug|Win32
		{3714545C-C447-D48D-CC5E-5691DE3A67EE}.Release|x64.ActiveCfg = Release|x64
		{3714545C-C447-D48D-CC5E-5691DE3A67EE}.Release|x64.Build.0 = Release|x64
		{3714545C-C447-D48D-CC5E-5691DE3A67EE}.Release|Win32.ActiveCfg = Release|Win32
		{3714545C-C447-D48D-CC5E-5691DE3A67EE}.Release|Win32.Build.0 = Release|Win32
		{3C208778-823C-8D64-CC58-060D65BF592A}.Debug|x64.ActiveCfg = Debug|x64
		{3C208778-823C-8D64-CC58-060D65BF592A}.Debug|x64.Build.0 = Debug|x64
		{3C208778-823C-8D64-CC58-060D65BF592A}.Debug|Win32.ActiveCfg = Debug|Win32
		{3C208778-823C-8D64-CC58-060D65BF592A}.Debug|Win32.Build.0 = Debug|Win32
		{3C208778-823C-8D64-CC58-060D65BF592A}.Release|x64.ActiveCfg = Release|x64
		{3C208778-823C-8D64-CC58-060D65BF592A}.Release|x64.Build.0 = Release|x64
		{3C208778-823C-8D64-CC58-060D65BF592A}.Release|Win32.ActiveCfg = Release|Win32
		{3C208778-823C-8D64-CC58-060D65BF592A}.Release|Win32.Build.0 = Release|Win32
		{3D63B711-4889-9F48-B2BB-2615598433E7}.Debug|x64.ActiveCfg = Debug|x64
		{3D63B711-4889-9F48-B2BB-2615598433E7}.Debug|x64.Build.0 = Debug|x64
		{3D63B711-4889-9F48-B2BB-2615598433E7}.Debug|Win32.ActiveCfg = Debug|Win32
		{3D63B711-4889-9F48-B2BB-2615598433E7}.Debug|Win32.Build.0 = Debug|Win32
		{3D63B711-4889-9F48-B2BB-2615598433E7}.Release|x64.ActiveCfg = Release|x64
		{3D63B711-4889-9F48-B2BB-2615598433E7}.Release|x64.Build.0 = Release|x64
		{3D63B711-4889-9F48-B2BB-2615598433E7}.Release|Win32.ActiveCfg = Release|Win32
		{3D63B711-4889-9F48-B2BB-2615598433E7}.Release|Win32.Build.0 = Release|Win32
		{4DCD256C-B345-89A3-7AA2-A189E00F12A4}.Debug|x64.ActiveCfg = Debug|x64
		{4DCD256C-B345-89A3-7AA2-A189E00F12A4}.Debug|x64.Build.0 = Debug|x64
		{4DCD256C-B345-89A3-7AA2-A189E00F12A4}.Debug|Win32.ActiveCfg = Debug|Win32
		{4DCD256C-B345-89A3-7AA2-A189E00F12A4}.Debug|Win32.Build.0 = Debug|Win32
		{4DCD256C-B345-89A3-7AA2-A189E00F12A4}.Release|x64.ActiveCfg = Release|x64
		{4DCD256C-B345-89A3-7AA2-A189E00F12A4}.Release|x64.Build.0 = Release|x64
		{4DCD256C-B345-89A3-7AA2-A189E00F12A4}.Release|Win32.ActiveCfg = Release|Win32
		{4DCD256C-B345-89A3-7AA2-A189E00F12A4}.Release|Win32.Build.0 = Release|Win32
		{5EF8A426-33B3-95EB-F6A8-F3159C1D6B26}.Debug|x64.ActiveCfg = Debug|x64
		{5EF8A426-33B3-95EB-F6A8-F3159C1D6B26}.Debug|x64.Build.0 = Debug|x64
		{5EF8A426-33B3-95EB-F6A8-F3159C1D6B26}.Debug|Win32.ActiveCfg = Debug|Win32
		{5EF8A426-33B3-95EB-F6A8-F3159C1D6B26}.Debug|Win32.Build.0 = Debug|Win32
		{5EF8A426-33B3-95EB-F6A8-F3159C1D6B26}.Release|x64.ActiveCfg = Release|x64
		{5EF8A426-33B3-95EB-F6A8-F3159C1D6B26}.Release|x64.Build.0 = Release|x64
		{5EF8A426-33B3-95EB-F6A8-F3159C1D6B26}.Release|Win32.ActiveCfg = Release|Win32
		{5EF8A426-33B3-95EB-F6A8-F3159C1D6B26}.Release|Win32.Build.0 = Release|Win32
		{605B7A91-7E59-7AF1-8595-5F454936B31F}.Debug|x64.ActiveCfg = Debug|x64
		{605B7A91-7E59-7AF1-8595-5F454936B31F}.Debug|x64.Build.0 = Debug|x64
		{605B7A91-7E59-7AF1-8595-5F454936B31F}.Debug|Win32.ActiveCfg = Debug|Win32
		{605B7A91-7E59-7AF1-8595-5F454936B31F}.Debug|Win32.Build.0 = Debug|Win32
		{605B7A91-7E59-7AF1-8595-5F454936B31F}.Release|x64.ActiveCfg = Release|x64
		{605B7A91-7E59-7AF1-8595-5F454936B31F}.Release|x64.Build.0 = Release|x64
		{605B7A91-7E59-7AF1-8595-5F454936B31F}.Release|Win32.ActiveCfg = Release|Win32
		{605B7A91-7E59-7AF1-8595-5F454936B31F}.Release|Win32.Build.0 = Release|Win32
		{649AB2BF-383A-7A41-B63C-AAD19E0EDD78}.Debug|x64.ActiveCfg = Debug|x64
		{649AB2BF-383A-7A41-B63C-AAD19E0EDD78}.Debug|x64.Build.0 = Debug|x64
		{649AB2BF-383A-7A41-B63C-AAD19E0EDD78}.Debug|Win32.ActiveCfg = Debug|Win32
		{649AB2BF-383A-7A41-B63C-AAD19E0EDD78}.Debug|Win32.Build.0 = Debug|Win32
		{649AB2BF-383A-7A41-B63C-AAD19E0EDD78}.Release|x64.ActiveCfg = Release|x64
		{649AB2BF-383A-7A41-B63C-AAD19E0EDD78}.Release|x64.Build.0 = Release|x64
		{649AB2BF-383A-7A41-B63C-AAD19E0EDD78}.Release|Win32.ActiveCfg = Release|Win32
		{649AB2BF-383A-7A41-B63C-AAD19E0EDD78}.Release|Win32.Build.0 = Release|Win32
		{69D57236-2A52-25F9-F7EC-6A5445F03575}.Debug|x64.ActiveCfg = Debug|x64
		{69D57236-2A52-25F9-F7EC-6A5445F03575}.Debug|x64.Build.0 = Debug|x64
		{69D57236-2A52-25F9-F7EC-6A5445F03575}.Debug|Win32.ActiveCfg = Debug|Win32
		{69D57236-2A52-25F9-F7EC-6A5445F03575}.Debug|Win32.Build.0 = Debug|Win32
		{69D57236-2A52-25F9-F7EC-6A5445F03575}.Release|x64.ActiveCfg = Release|x64
		{69D57236-2A52-25F9-F7EC-6A5445F03575}.Release|x64.Build.0 = Release|x64
		{69D57236-2A52-25F9-F7EC-6A5445F03575}.Release|Win32.ActiveCfg = Release|Win32
		{69D57236-2A52-25F9-F7EC-6A5445F03575}.Release|Win32.Build.0 = Release|Win32
		{6DB5CE13-639C-A11C-E2A3-D1B1C8DA4271}.Debug|x64.ActiveCfg = Debug|x64
		{6DB5CE13-639C-A11C-E2A3-D1B1C8DA4271}.Debug|x64.Build.0 = Debug|x64
		{6DB5CE13-639C-A11C-E2A3-D1B1C8DA4271}.Debug|Win32.ActiveCfg = Debug|Win32
		{6DB5CE13-639C-A11C-E2A3-D1B1C8DA4271}.Debug|Win32.Build.0 = Debug|Win32
		{6DB5CE13-639C-A11C-E2A3-D1B1C8DA4271}.Release|x64.ActiveCfg = Release|x64
		{6DB5CE13-639C-A11C-E2A3-D1B1C8DA4271}.Release|x64.Build.0 = Release|x64
		{6DB5CE13-639C-A11C-E2A3-D1B1C8DA4271}.Release|Win32.ActiveCfg = Release|Win32
		{6DB5CE13-639C-A11C-E2A3-D1B1C8DA4271}.Release|Win32.Build.0 = Release|Win32
		{6E02DD8F-E10E-3553-35C9-7C4C60935E74}.Debug|x64.ActiveCfg = Debug|x64
		{6E02DD8F-E10E-3553-35C9-7C4C60935E74}.Debug|x64.Build.0 = Debug|x64
		{6E02DD8F-E10E-3553-35C9-7C4C60935E74}.Debug|Win32.ActiveCfg = Debug|x64
		{6E02DD8F-E10E-3553-35C9-7C4C60935E74}.Debug|Win32.Build.0 = Debug|x64
		{6E02DD8F-E10E-3553-35C9-7C4C60935E74}.Release|x64.ActiveCfg = Release|x64
		{6E02DD8F-E10E-3553-35C9-7C4C60935E74}.Release|x64.Build.0 = Release|x64
		{6E02DD8F-E10E-3553-35C9-7C4C60935E74}.Release|Win32.ActiveCfg = Release|x64
		{6E02DD8F-E10E-3553-35C9-7C4C60935E74}.Release|Win32.Build.0 = Release|x64
		{71BE6D73-D298-0EEF-A896-0ABB45764964}.Debug|x64.ActiveCfg = Debug|x64
		{71BE6D73-D298-0EEF-A896-0ABB45764964}.Debug|x64.Build.0 = Debug|x64
		{71BE6D73-D298-0EEF-A896-0ABB45764964}.Debug|Win32.ActiveCfg = Debug|Win32
		{71BE6D73-D298-0EEF-A896-0ABB45764964}.Debug|Win32.Build.0 = Debug|Win32
		{71BE6D73-D298-0EEF-A896-0ABB45764964}.Release|x64.ActiveCfg = Release|x64
		{71BE6D73-D298-0EEF-A896-0ABB45764964}.Release|x64.Build.0 = Release|x64
		{71BE6D73-D298-0EEF-A896-0ABB45764964}.Release|Win32.ActiveCfg = Release|Win32
		{71BE6D73-D298-0EEF-A896-0ABB45764964}.Release|Win32.Build.0 = Release|Win32
		{744AB98F-7540-D6A7-A7B7-F859C3E9CA3F}.Debug|x64.ActiveCfg = Debug|x64
		{744AB98F-7540-D6A7-A7B7-F859C3E9CA3F}.Debug|x64.Build.0 = Debug|x64
		{744AB98F-7540-D6A7-A7B7-F859C3E9CA3F}.Debug|Win32.ActiveCfg = Debug|Win32
		{744AB98F-7540-D6A7-A7B7-F859C3E9CA3F}.Debug|Win32.Build.0 = Debug|Win32
		{744AB98F-7540-D6A7-A7B7-F859C3E9CA3F}.Release|x64.ActiveCfg = Release|x64
		{744AB98F-7540-D6A7-A7B7-F859C3E9CA3F}.Release|x64.Build.0 = Release|x64
		{744AB98F-7540-D6A7-A7B7-F859C3E9CA3F}.Release|Win32.ActiveCfg = Release|Win32
		{744AB98F-7540-D6A7-A7B7-F859C3E9CA3F}.Release|Win32.Build.0 = Release|Win32
		{751D5F8F-324B-1723-5214-7CEED33C3101}.Debug|x64.ActiveCfg = Debug|x64
		{751D5F8F-324B-1723-5214-7CEED33C3101}.Debug|x64.Build.0 = Debug|x64
		{751D5F8F-324B-1723-5214-7CEED33C3101}.Debug|Win32.ActiveCfg = Debug|x64
		{751D5F8F-324B-1723-5214-7CEED33C3101}.Debug|Win32.Build.0 = Debug|x64
		{751D5F8F-324B-1723-5214-7CEED33C3101}.Release|x64.ActiveCfg = Release|x64
		{751D5F8F-324B-1723-5214-7CEED33C3101}.Release|x64.Build.0 = Release|x64
		{751D5F8F-324B-1723-5214-7CEED33C3101}.Release|Win32.ActiveCfg = Release|x64
		{751D5F8F-324B-1723-5214-7CEED33C3101}.Release|Win32.Build.0 = Release|x64
		{7F73F25C-224B-D158-49A3-A0D8FD47D0A3}.Debug|x64.ActiveCfg = Debug|x64
		{7F73F25C-224B-D158-49A3-A0D8FD47D0A3}.Debug|x64.Build.0 = Debug|x64
		{7F73F25C-224B-D158-49A3-A0D8FD47D0A3}.Debug|Win32.ActiveCfg = Debug|Win32
		{7F73F25C-224B-D158-49A3-A0D8FD47D0A3}.Debug|Win32.Build.0 = Debug|Win32
		{7F73F25C-224B-D158-49A3-A0D8FD47D0A3}.Release|x64.ActiveCfg = Release|x64
		{7F73F25C-224B-D158-49A3-A0D8FD47D0A3}.Release|x64.Build.0 = Release|x64
		{7F73F25C-224B-D158-49A3-A0D8FD47D0A3}.Release|Win32.ActiveCfg = Release|Win32
		{7F73F25C-224B-D158-49A3-A0D8FD47D0A3}.Release|Win32.Build.0 = Release|Win32
		{816508C7-F0FC-8E04-ECF9-CD82F9D095D4}.Debug|x64.ActiveCfg = Debug|x64
		{816508C7-F0FC-8E04-ECF9-CD82F9D095D4}.Debug|x64.Build.0 = Debug|x64
		{816508C7-F0FC-8E04-ECF9-CD82F9D095D4}.Debug|Win32.ActiveCfg = Debug|Win32
		{816508C7-F0FC-8E04-ECF9-CD82F9D095D4}.Debug|Win32.Build.0 = Debug|Win32
		{816508C7-F0FC-8E04-ECF9-CD82F9D095D4}.Release|x64.ActiveCfg = Release|x64
		{816508C7-F0FC-8E04-ECF9-CD82F9D095D4}.Release|x64.Build.0 = Release|x64
		{816508C7-F0FC-8E04-ECF9-CD82F9D095D4}.Release|Win32.ActiveCfg = Release|Win32
		{816508C7-F0FC-8E04-ECF9-CD82F9D095D4}.Release|Win32.Build.0 = Release|Win32
		{8F6EF99D-B48D-C6EA-02C2-D2EBDEB38DFD}.Debug|x64.ActiveCfg = Debug|x64
		{8F6EF99D-B48D-C6EA-02C2-D2EBDEB38DFD}.Debug|x64.Build.0 = Debug|x64
		{8F6EF99D-B48D-C6EA-02C2-D2EBDEB38DFD}.Debug|Win32.ActiveCfg = Debug|Win32
		{8F6EF99D-B48D-C6EA-02C2-D2EBDEB38DFD}.Debug|Win32.Build.0 = Debug|Win32
		{8F6EF99D-B48D-C6EA-02C2-D2EBDEB38DFD}.Release|x64.ActiveCfg = Release|x64
		{8F6EF99D-B48D-C6EA-02C2-D2EBDEB38DFD}.Release|x64.Build.0 = Release|x64
		{8F6EF99D-B48D-C6EA-02C2-D2EBDEB38DFD}.Release|Win32.ActiveCfg = Release|Win32
		{8F6EF99D-B48D-C6EA-02C2-D2EBDEB38DFD}.Release|Win32.Build.0 = Release|Win32
		{9680E6A7-8E03-E752-955A-41E06F344943}.Debug|x64.ActiveCfg = Debug|x64
		{9680E6A7-8E03-E752-955A-41E06F344943}.Debug|x64.Build.0 = Debug|x64
		{9680E6A7-8E03-E752-955A-41E06F344943}.Debug|Win32.ActiveCfg = Debug|x64
		{9680E6A7-8E03-E752-955A-41E06F344943}.Debug|Win32.Build.0 = Debug|x64
		{9680E6A7-8E03-E752-955A-41E06F344943}.Release|x64.ActiveCfg = Release|x64
		{9680E6A7-8E03-E752-955A-41E06F344943}.Release|x64.Build.0 = Release|x64
		{9680E6A7-8E03-E752-955A-41E06F344943}.Release|Win32.ActiveCfg = Release|x64
		{9680E6A7-8E03-E752-955A-41E06F344943}.Release|Win32.Build.0 = Release|x64
		{975D13B1-90C6-E6D1-7357-CC9073586CEE}.Debug|x64.ActiveCfg = Debug|x64
		{975D13B1-90C6-E6D1-7357-CC9073586CEE}.Debug|x64.Build.0 = Debug|x64
		{975D13B1-90C6-E6D1-7357-CC9073586CEE}.Debug|Win32.ActiveCfg = Debug|Win32
		{975D13B1-90C6-E6D1-7357-CC9073586CEE}.Debug|Win32.Build.0 = Debug|Win32
		{975D13B1-90C6-E6D1-7357-CC9073586CEE}.Release|x64.ActiveCfg = Release|x64
		{975D13B1-90C6-E6D1-7357-CC9073586CEE}.Release|x64.Build.0 = Release|x64
		{975D13B1-90C6-E6D1-7357-CC9073586CEE}.Release|Win32.ActiveCfg = Release|Win32
		{975D13B1-90C6-E6D1-7357-CC9073586CEE}.Release|Win32.Build.0 = Release|Win32
		{981011A5-7D60-A9BB-1EB2-FE3DF4C1DE6A}.Debug|x64.ActiveCfg = Debug|x64
		{981011A5-7D60-A9BB-1EB2-FE3DF4C1DE6A}.Debug|x64.Build.0 = Debug|x64
		{981011A5-7D60-A9BB-1EB2-FE3DF4C1DE6A}.Debug|Win32.ActiveCfg = Debug|Win32
		{981011A5-7D60-A9BB-1EB2-FE3DF4C1DE6A}.Debug|Win32.Build.0 = Debug|Win32
		{981011A5-7D60-A9BB-1EB2-FE3DF4C1DE6A}.Release|x64.ActiveCfg = Release|x64
		{981011A5-7D60-A9BB-1EB2-FE3DF4C1DE6A}.Release|x64.Build.0 = Release|x64
		{981011A5-7D60-A9BB-1EB2-FE3DF4C1DE6A}.Release|Win32.ActiveCfg = Release|Win32
		{981011A5-7D60-A9BB-1EB2-FE3DF4C1DE6A}.Release|Win32.Build.0 = Release|Win32
		{A50C7595-CFAA-3BE2-7E68-20D8BBF1DC4F}.Debug|x64.ActiveCfg = Debug|x64
		{A50C7595-CFAA-3BE2-7E68-20D8BBF1DC4F}.Debug|x64.Build.0 = Debug|x64
		{A50C7595-CFAA-3BE2-7E68-20D8BBF1DC4F}.Debug|Win32.ActiveCfg = Debug|Win32
		{A50C7595-CFAA-3BE2-7E68-20D8BBF1DC4F}.Debug|Win32.Build.0 = Debug|Win32
		{A50C7595-CFAA-3BE2-7E68-20D8BBF1DC4F}.Release|x64.ActiveCfg = Release|x64
		{A50C7595-CFAA-3BE2-7E68-20D8BBF1DC4F}.Release|x64.Build.0 = Release|x64
		{A50C7595-CFAA-3BE2-7E68-20D8BBF1DC4F}.Release|Win32.ActiveCfg = Release|Win32
		{A50C7595-CFAA-3BE2-7E68-20D8BBF1DC4F}.Release|Win32.Build.0 = Release|Win32
		{ABE8C79E-F58F-838E-60CE-D14A2B5B94C4}.Debug|x64.ActiveCfg = Debug|x64
		{ABE8C79E-F58F-838E-60CE-D14A2B5B94C4}.Debug|x64.Build.0 = Debug|x64
		{ABE8C79E-F58F-838E-60CE-D14A2B5B94C4}.Debug|Win32.ActiveCfg = Debug|Win32
		{ABE8C79E-F58F-838E-60CE-D14A2B5B94C4}.Debug|Win32.Build.0 = Debug|Win32
		{ABE8C79E-F58F-838E-60CE-D14A2B5B94C4}.Release|x64.ActiveCfg = Release|x64
		{ABE8C79E-F58F-838E-60CE-D14A2B5B94C4}.Release|x64.Build.0 = Release|x64
		{ABE8C79E-F58F-838E-60CE-D14A2B5B94C4}.Release|Win32.ActiveCfg = Release|Win32
		{ABE8C79E-F58F-838E-60CE-D14A2B5B94C4}.Release|Win32.Build.0 = Release|Win32
		{B0AC8452-5737-5B95-6DEC-20CD015D1060}.Debug|x64.ActiveCfg = Debug|x64
		{B0AC8452-5737-5B95-6DEC-20CD015D1060}.Debug|x64.Build.0 = Debug|x64
		{B0AC8452-5737-5B95-6DEC-20CD015D1060}.Debug|Win32.ActiveCfg = Debug|Win32
		{B0AC8452-5737-5B95-6DEC-20CD015D1060}.Debug|Win32.Build.0 = Debug|Win32
		{B0AC8452-5737-5B95-6DEC-20CD015D1060}.Release|x64.ActiveCfg = Release|x64
		{B0AC8452-5737-5B95-6DEC-20CD015D1060}.Release|x64.Build.0 = Release|x64
		{B0AC8452-5737-5B95-6DEC-20CD015D1060}.Release|Win32.ActiveCfg = Release|Win32
		{B0AC8452-5737-5B95-6DEC-20CD015D1060}.Release|Win32.Build.0 = Release|Win32
		{B53C847A-8126-0299-203E-73737C864740}.Debug|x64.ActiveCfg = Debug|x64
		{B53C847A-8126-0299-203E-73737C864740}.Debug|x64.Build.0 = Debug|x64
		{B53C847A-8126-0299-203E-73737C864740}.Debug|Win32.ActiveCfg = Debug|x64
		{B53C847A-8126-0299-203E-73737C864740}.Debug|Win32.Build.0 = Debug|x64
		{B53C847A-8126-0299-203E-73737C864740}.Release|x64.ActiveCfg = Release|x64
		{B53C847A-8126-0299-203E-73737C864740}.Release|x64.Build.0 = Release|x64
		{B53C847A-8126-0299-203E-73737C864740}.Release|Win32.ActiveCfg = Release|x64
		{B53C847A-8126-0299-203E-73737C864740}.Release|Win32.Build.0 = Release|x64
		{B555AE61-3304-C74D-1357-940A469974C4}.Debug|x64.ActiveCfg = Debug|x64
		{B555AE61-3304-C74D-1357-940A469974C4}.Debug|x64.Build.0 = Debug|x64
		{B555AE61-3304-C74D-1357-940A469974C4}.Debug|Win32.ActiveCfg = Debug|Win32
		{B555AE61-3304-C74D-1357-940A469974C4}.Debug|Win32.Build.0 = Debug|Win32
		{B555AE61-3304-C74D-1357-940A469974C4}.Release|x64.ActiveCfg = Release|x64
		{B555AE61-3304-C74D-1357-940A469974C4}.Release|x64.Build.0 = Release|x64
		{B555AE61-3304-C74D-1357-940A469974C4}.Release|Win32.ActiveCfg = Release|Win32
		{B555AE61-3304-C74D-1357-940A469974C4}.Release|Win32.Build.0 = Release|Win32
		{D822332C-4E10-95DA-CD7B-92DFD2BC19A2}.Debug|x64.ActiveCfg = Debug|x64
		{D822332C-4E10-95DA-CD7B-92DFD2BC19A2}.Debug|x64.Build.0 = Debug|x64
		{D822332C-4E10-95DA-CD7B-92DFD2BC19A2}.Debug|Win32.ActiveCfg = Debug|Win32
		{D822332C-4E10-95DA-CD7B-92DFD2BC19A2}.Debug|Win32.Build.0 = Debug|Win32
		{D822332C-4E10-95DA-CD7B-92DFD2BC19A2}.Release|x64.ActiveCfg = Release|x64
		{D822332C-4E10-95DA-CD7B-92DFD2BC19A2}.Release|x64.Build.0 = Release|x64
		{D822332C-4E10-95DA-CD7B-92DFD2BC19A2}.Release|Win32.ActiveCfg = Release|Win32
		{D822332C-4E10-95DA-CD7B-92DFD2BC19A2}.Release|Win32.Build.0 = Release|Win32
		{DD29EC62-7A2E-55E9-34D8-8C3ABB23F806}.Debug|x64.ActiveCfg = Debug|x64
		{DD29EC62-7A2E-55E9-34D8-8C3ABB23F806}.Debug|x64.Build.0 = Debug|x64
		{DD29EC62-7A2E-55E9-34D8-8C3ABB23F806}.Debug|Win32.ActiveCfg = Debug|Win32
		{DD29EC62-7A2E-55E9-34D8-8C3ABB23F806}.Debug|Win32.Build.0 = Debug|Win32
		{DD29EC62-7A2E-55E9-34D8-8C3ABB23F806}.Release|x64.ActiveCfg = Release|x64
		{DD29EC62-7A2E-55E9-34D8-8C3ABB23F806}.Release|x64.Build.0 = Release|x64
		{DD29EC62-7A2E-55E9-34D8-8C3ABB23F806}.Release|Win32.ActiveCfg = Release|Win32
		{DD29EC62-7A2E-55E9-34D8-8C3ABB23F806}.Release|Win32.Build.0 = Release|Win32
		{DE291AF5-6AD2-BD98-BBE7-C42FFD1EA57E}.Debug|x64.ActiveCfg = Debug|x64
		{DE291AF5-6AD2-BD98-BBE7-C42FFD1EA57E}.Debug|x64.Build.0 = Debug|x64
		{DE291AF5-6AD2-BD98-BBE7-C42FFD1EA57E}.Debug|Win32.ActiveCfg = Debug|Win32
		{DE291AF5-6AD2-BD98-BBE7-C42FFD1EA57E}.Debug|Win32.Build.0 = Debug|Win32
		{DE291AF5-6AD2-BD98-BBE7-C42FFD1EA57E}.Release|x64.ActiveCfg = Release|x64
		{DE291AF5-6AD2-BD98-BBE7-C42FFD1EA57E}.Release|x64.Build.0 = Release|x64
		{DE291AF5-6AD2-BD98-BBE7-C42FFD1EA57E}.Release|Win32.ActiveCfg = Release|Win32
		{DE291AF5-6AD2-BD98-BBE7-C42FFD1EA57E}.Release|Win32.Build.0 = Release|Win32
		{E72F768A-94C5-F56D-6D09-2D6BBCC1C711}.Debug|x64.ActiveCfg = Debug|x64
		{E72F768A-94C5-F56D-6D09-2D6BBCC1C711}.Debug|x64.Build.0 = Debug|x64
		{E72F768A-94C5-F56D-6D09-2D6BBCC1C711}.Debug|Win32.ActiveCfg = Debug|Win32
		{E72F768A-94C5-F56D-6D09-2D6BBCC1C711}.Debug|Win32.Build.0 = Debug|Win32
		{E72F768A-94C5-F56D-6D09-2D6BBCC1C711}.Release|x64.ActiveCfg = Release|x64
		{E72F768A-94C5-F56D-6D09-2D6BBCC1C711}.Release|x64.Build.0 = Release|x64
		{E72F768A-94C5-F56D-6D09-2D6BBCC1C711}.Release|Win32.ActiveCfg = Release|Win32
		{E72F768A-94C5-F56D-6D09-2D6BBCC1C711}.Release|Win32.Build.0 = Release|Win32
		{F21AF0A9-ED9E-78AF-E6CF-E3FA136610F5}.Debug|x64.ActiveCfg = Debug|x64
		{F21AF0A9-ED9E-78AF-E6CF-E3FA136610F5}.Debug|x64.Build.0 = Debug|x64
		{F21AF0A9-ED9E-78AF-E6CF-E3FA136610F5}.Debug|Win32.ActiveCfg = Debug|x64
		{F21AF0A9-ED9E-78AF-E6CF-E3FA136610F5}.Debug|Win32.Build.0 = Debug|x64
		{F21AF0A9-ED9E-78AF-E6CF-E3FA136610F5}.Release|x64.ActiveCfg = Release|x64
		{F21AF0A9-ED9E-78AF-E6CF-E3FA136610F5}.Release|x64.Build.0 = Release|x64
		{F21AF0A9-ED9E-78AF-E6CF-E3FA136610F5}.Release|Win32.ActiveCfg = Release|x64
		{F21AF0A9-ED9E-78AF-E6CF-E3FA136610F5}.Release|Win32.Build.0 = Release|x64
		{F336733B-E5B6-B67B-2713-5DF1FC74E51B}.Debug|x64.ActiveCfg = Debug|x64
		{F336733B-E5B6-B67B-2713-5DF1FC74E51B}.Debug|x64.Build.0 = Debug|x64
		{F336733B-E5B6-B67B-2713-5DF1FC74E51B}.Debug|Win32.ActiveCfg = Debug|Win32
		{F336733B-E5B6-B67B-2713-5DF1FC74E51B}.Debug|Win32.Build.0 = Debug|Win32
		{F336733B-E5B6-B67B-2713-5DF1FC74E51B}.Release|x64.ActiveCfg = Release|x64
		{F336733B-E5B6-B67B-2713-5DF1FC74E51B}.Release|x64.Build.0 = Release|x64
		{F336733B-E5B6-B67B-2713-5DF1FC74E51B}.Release|Win32.ActiveCfg = Release|Win32
		{F336733B-E5B6-B67B-2713-5DF1FC74E51B}.Release|Win32.Build.0 = Release|Win32
		{F44797FB-474D-87A7-7D47-C3B54FFBAA49}.Debug|x64.ActiveCfg = Debug|x64
		{F44797FB-474D-87A7-7D47-C3B54FFBAA49}.Debug|x64.Build.0 = Debug|x64
		{F44797FB-474D-87A7-7D47-C3B54FFBAA49}.Debug|Win32.ActiveCfg = Debug|Win32
		{F44797FB-474D-87A7-7D47-C3B54FFBAA49}.Debug|Win32.Build.0 = Debug|Win32
		{F44797FB-474D-87A7-7D47-C3B54FFBAA49}.Release|x64.ActiveCfg = Release|x64
		{F44797FB-474D-87A7-7D47-C3B54FFBAA49}.Release|x64.Build.0 = Release|x64
		{F44797FB-474D-87A7-7D47-C3B54FFBAA49}.Release|Win32.ActiveCfg = Release|Win32
		{F44797FB-474D-87A7-7D47-C3B54FFBAA49}.Release|Win32.Build.0 = Release|Win32
		{F9A59FDC-7B20-963D-D4AF-0691517A00BC}.Debug|x64.ActiveCfg = Debug|x64
		{F9A59FDC-7B20-963D-D4AF-0691517A00BC}.Debug|x64.Build.0 = Debug|x64
		{F9A59FDC-7B20-963D-D4AF-0691517A00BC}.Debug|Win32.ActiveCfg = Debug|Win32
		{F9A59FDC-7B20-963D-D4AF-0691517A00BC}.Debug|Win32.Build.0 = Debug|Win32
		{F9A59FDC-7B20-963D-D4AF-0691517A00BC}.Release|x64.ActiveCfg = Release|x64
		{F9A59FDC-7B20-963D-D4AF-0691517A00BC}.Release|x64.Build.0 = Release|x64
		{F9A59FDC-7B20-963D-D4AF-0691517A00BC}.Release|Win32.ActiveCfg = Release|Win32
		{F9A59FDC-7B20-963D-D4AF-0691517A00BC}.Release|Win32.Build.0 = Release|Win32
		{FB45E867-5012-7E6B-4990-EA51A6D55EC6}.Debug|x64.ActiveCfg = Debug|x64
		{FB45E867-5012-7E6B-4990-EA51A6D55EC6}.Debug|x64.Build.0 = Debug|x64
		{FB45E867-5012-7E6B-4990-EA51A6D55EC6}.Debug|Win32.ActiveCfg = Debug|Win32
		{FB45E867-5012-7E6B-4990-EA51A6D55EC6}.Debug|Win32.Build.0 = Debug|Win32
		{FB45E867-5012-7E6B-4990-EA51A6D55EC6}.Release|x64.ActiveCfg = Release|x64
		{FB45E867-5012-7E6B-4990-EA51A6D55EC6}.Release|x64.Build.0 = Release|x64
		{FB45E867-5012-7E6B-4990-EA51A6D55EC6}.Release|Win32.ActiveCfg = Release|Win32
		{FB45E867-5012-7E6B-4990-EA51A6D55EC6}.Release|Win32.Build.0 = Release|Win32
	EndGlobalSection
	GlobalSection(SolutionProperties) = preSolution
		HideSolutionNode = FALSE
	EndGlobalSection
	GlobalSection(NestedProjects) = preSolution
		{744AB98F-7540-D6A7-A7B7-F859C3E9CA3F} = {6478B9F3-4858-63F4-35F4-98A303E305F3}
		{751D5F8F-324B-1723-5214-7CEED33C3101} = {6478B9F3-4858-63F4-35F4-98A303E305F3}
		{6478B9F3-4858-63F4-35F4-98A303E305F3} = {9785FB75-982A-5DE3-252D-3F288B9FEF5B}
		{3E7FA5AF-27B3-2DE0-883C-12F98E7F4E81} = {9785FB75-982A-5DE3-252D-3F288B9FEF5B}
		{EBB3592A-71A2-0FDD-CA21-AF40809EFD2A} = {9785FB75-982A-5DE3-252D-3F288B9FEF5B}
		{3714545C-C447-D48D-CC5E-5691DE3A67EE} = {9785FB75-982A-5DE3-252D-3F288B9FEF5B}
		{269AA02B-B5AC-6304-8802-3681428FB774} = {9785FB75-982A-5DE3-252D-3F288B9FEF5B}
		{69D57236-2A52-25F9-F7EC-6A5445F03575} = {9785FB75-982A-5DE3-252D-3F288B9FEF5B}
		{F21AF0A9-ED9E-78AF-E6CF-E3FA136610F5} = {9785FB75-982A-5DE3-252D-3F288B9FEF5B}
		{6E02DD8F-E10E-3553-35C9-7C4C60935E74} = {9785FB75-982A-5DE3-252D-3F288B9FEF5B}
		{3C208778-823C-8D64-CC58-060D65BF592A} = {9785FB75-982A-5DE3-252D-3F288B9FEF5B}
		{016E1825-4282-74D6-8C85-CEAF2A1F4749} = {9785FB75-982A-5DE3-252D-3F288B9FEF5B}
		{1F1380DB-4C0B-B416-B01A-0F02B25C5E2B} = {7D376988-0EE9-382B-7734-CCCA42B10608}
		{2C7C62FC-E9DC-D6DA-B51D-56B6AB592D62} = {7D376988-0EE9-382B-7734-CCCA42B10608}
		{F9A59FDC-7B20-963D-D4AF-0691517A00BC} = {7D376988-0EE9-382B-7734-CCCA42B10608}
		{605B7A91-7E59-7AF1-8595-5F454936B31F} = {7D376988-0EE9-382B-7734-CCCA42B10608}
		{8F6EF99D-B48D-C6EA-02C2-D2EBDEB38DFD} = {7D376988-0EE9-382B-7734-CCCA42B10608}
		{649AB2BF-383A-7A41-B63C-AAD19E0EDD78} = {EF1E4970-C119-B0D7-F5D6-321C6AE66EDC}
		{9680E6A7-8E03-E752-955A-41E06F344943} = {EF1E4970-C119-B0D7-F5D6-321C6AE66EDC}
		{3D63B711-4889-9F48-B2BB-2615598433E7} = {2DE59335-96CE-10CA-CDE5-FEC35E3549BB}
		{975D13B1-90C6-E6D1-7357-CC9073586CEE} = {2DE59335-96CE-10CA-CDE5-FEC35E3549BB}
		{ABE8C79E-F58F-838E-60CE-D14A2B5B94C4} = {2DE59335-96CE-10CA-CDE5-FEC35E3549BB}
		{DD29EC62-7A2E-55E9-34D8-8C3ABB23F806} = {3DC53144-5334-1B74-C233-23BEE3D8EABD}
		{B53C847A-8126-0299-203E-73737C864740} = {3DC53144-5334-1B74-C233-23BEE3D8EABD}
		{D822332C-4E10-95DA-CD7B-92DFD2BC19A2} = {EAC80D00-01D2-3F49-A377-20B7154947F3}
		{E72F768A-94C5-F56D-6D09-2D6BBCC1C711} = {EAC80D00-01D2-3F49-A377-20B7154947F3}
		{4DCD256C-B345-89A3-7AA2-A189E00F12A4} = {EAC80D00-01D2-3F49-A377-20B7154947F3}
		{EF1E4970-C119-B0D7-F5D6-321C6AE66EDC} = {3E7FA5AF-27B3-2DE0-883C-12F98E7F4E81}
		{2DE59335-96CE-10CA-CDE5-FEC35E3549BB} = {89C816A7-DD31-D54C-C69C-5A80E0C49B77}
		{3DC53144-5334-1B74-C233-23BEE3D8EABD} = {89C816A7-DD31-D54C-C69C-5A80E0C49B77}
		{AC6A79C6-25A5-8535-37D4-DCE797519D55} = {89C816A7-DD31-D54C-C69C-5A80E0C49B77}
		{6569004D-CCF6-8392-DB7B-1AC825CE3607} = {89C816A7-DD31-D54C-C69C-5A80E0C49B77}
		{23D79827-E423-BA46-5AD6-622B0828F65C} = {89C816A7-DD31-D54C-C69C-5A80E0C49B77}
		{A50C7595-CFAA-3BE2-7E68-20D8BBF1DC4F} = {89C816A7-DD31-D54C-C69C-5A80E0C49B77}
		{B0AC8452-5737-5B95-6DEC-20CD015D1060} = {EBB3592A-71A2-0FDD-CA21-AF40809EFD2A}
		{B555AE61-3304-C74D-1357-940A469974C4} = {AC6A79C6-25A5-8535-37D4-DCE797519D55}
		{7F73F25C-224B-D158-49A3-A0D8FD47D0A3} = {AC6A79C6-25A5-8535-37D4-DCE797519D55}
		{816508C7-F0FC-8E04-ECF9-CD82F9D095D4} = {AC6A79C6-25A5-8535-37D4-DCE797519D55}
		{6DB5CE13-639C-A11C-E2A3-D1B1C8DA4271} = {AC6A79C6-25A5-8535-37D4-DCE797519D55}
		{04DA42DA-0081-C673-D5CD-8CC8F63199B0} = {AC6A79C6-25A5-8535-37D4-DCE797519D55}
		{FB45E867-5012-7E6B-4990-EA51A6D55EC6} = {AC6A79C6-25A5-8535-37D4-DCE797519D55}
		{DE291AF5-6AD2-BD98-BBE7-C42FFD1EA57E} = {AC6A79C6-25A5-8535-37D4-DCE797519D55}
		{71BE6D73-D298-0EEF-A896-0ABB45764964} = {AC6A79C6-25A5-8535-37D4-DCE797519D55}
		{F44797FB-474D-87A7-7D47-C3B54FFBAA49} = {AC6A79C6-25A5-8535-37D4-DCE797519D55}
		{F336733B-E5B6-B67B-2713-5DF1FC74E51B} = {AC6A79C6-25A5-8535-37D4-DCE797519D55}
		{981011A5-7D60-A9BB-1EB2-FE3DF4C1DE6A} = {6569004D-CCF6-8392-DB7B-1AC825CE3607}
		{5EF8A426-33B3-95EB-F6A8-F3159C1D6B26} = {6569004D-CCF6-8392-DB7B-1AC825CE3607}
	EndGlobalSection
EndGlobal
