Microsoft Visual Studio Solution File, Format Version 13.00
# Visual Studio 2013
Project("{2150E333-8FDC-42A3-9474-1A3956D46DE8}") = "(allocator)", "..\base\allocator", "{6478B9F3-4858-63F4-35F4-98A303E305F3}"
EndProject
Project("{2150E333-8FDC-42A3-9474-1A3956D46DE8}") = "(base)", "..\base", "{9785FB75-982A-5DE3-252D-3F288B9FEF5B}"
EndProject
Project("{2150E333-8FDC-42A3-9474-1A3956D46DE8}") = "(icu)", "..\third_party\icu", "{2DE59335-96CE-10CA-CDE5-FEC35E3549BB}"
EndProject
Project("{2150E333-8FDC-42A3-9474-1A3956D46DE8}") = "(mojo)", ".", "{2205972F-37A4-0CDC-E835-9FA0F8945980}"
EndProject
Project("{2150E333-8FDC-42A3-9474-1A3956D46DE8}") = "(mojo)", "..\third_party\mojo", "{FDE4FCCF-64C4-3FD4-6D31-620CFCCC7826}"
EndProject
Project("{2150E333-8FDC-42A3-9474-1A3956D46DE8}") = "(testing)", "..\testing", "{EAC80D00-01D2-3F49-A377-20B7154947F3}"
EndProject
Project("{2150E333-8FDC-42A3-9474-1A3956D46DE8}") = "(third_party)", "..\base\third_party", "{3E7FA5AF-27B3-2DE0-883C-12F98E7F4E81}"
EndProject
Project("{2150E333-8FDC-42A3-9474-1A3956D46DE8}") = "(third_party)", "..\third_party", "{89C816A7-DD31-D54C-C69C-5A80E0C49B77}"
EndProject
Project("{2150E333-8FDC-42A3-9474-1A3956D46DE8}") = "(trace_event)", "..\base\trace_event", "{EBB3592A-71A2-0FDD-CA21-AF40809EFD2A}"
EndProject
Project("{2150E333-8FDC-42A3-9474-1A3956D46DE8}") = "(url)", "..\url", "{ABEA8C02-AF45-C0B0-B874-B7CA283C10FB}"
EndProject
Project("{2150E333-8FDC-42A3-9474-1A3956D46DE8}") = "(yasm)", "..\third_party\yasm", "{AC6A79C6-25A5-8535-37D4-DCE797519D55}"
EndProject
Project("{2150E333-8FDC-42A3-9474-1A3956D46DE8}") = "(zlib)", "..\third_party\zlib", "{6569004D-CCF6-8392-DB7B-1AC825CE3607}"
EndProject
Project("{8BC9CEB8-8B4A-11D0-8D11-00A0C91BC942}") = "allocator_extension_thunks", "..\base\allocator\allocator_extension_thunks.vcxproj", "{744AB98F-7540-D6A7-A7B7-F859C3E9CA3F}"
EndProject
Project("{8BC9CEB8-8B4A-11D0-8D11-00A0C91BC942}") = "base", "..\base\base.vcxproj", "{3714545C-C447-D48D-CC5E-5691DE3A67EE}"
	ProjectSection(ProjectDependencies) = postProject
		{4DCD256C-B345-89A3-7AA2-A189E00F12A4} = {4DCD256C-B345-89A3-7AA2-A189E00F12A4}
		{B0AC8452-5737-5B95-6DEC-20CD015D1060} = {B0AC8452-5737-5B95-6DEC-20CD015D1060}
	EndProjectSection
EndProject
Project("{8BC9CEB8-8B4A-11D0-8D11-00A0C91BC942}") = "base_i18n", "..\base\base_i18n.vcxproj", "{269AA02B-B5AC-6304-8802-3681428FB774}"
EndProject
Project("{8BC9CEB8-8B4A-11D0-8D11-00A0C91BC942}") = "base_message_loop_tests", "..\base\base_message_loop_tests.vcxproj", "{5F10815A-DD26-9605-0EE8-8FA428F88CF9}"
EndProject
Project("{8BC9CEB8-8B4A-11D0-8D11-00A0C91BC942}") = "base_static", "..\base\base_static.vcxproj", "{69D57236-2A52-25F9-F7EC-6A5445F03575}"
EndProject
Project("{8BC9CEB8-8B4A-11D0-8D11-00A0C91BC942}") = "boringssl", "..\third_party\boringssl\boringssl.vcxproj", "{23D79827-E423-BA46-5AD6-622B0828F65C}"
	ProjectSection(ProjectDependencies) = postProject
		{F336733B-E5B6-B67B-2713-5DF1FC74E51B} = {F336733B-E5B6-B67B-2713-5DF1FC74E51B}
	EndProjectSection
EndProject
Project("{8BC9CEB8-8B4A-11D0-8D11-00A0C91BC942}") = "config_sources", "..\third_party\yasm\config_sources.vcxproj", "{B555AE61-3304-C74D-1357-940A469974C4}"
EndProject
Project("{8BC9CEB8-8B4A-11D0-8D11-00A0C91BC942}") = "crypto", "..\crypto\crypto.vcxproj", "{1F1380DB-4C0B-B416-B01A-0F02B25C5E2B}"
EndProject
Project("{8BC9CEB8-8B4A-11D0-8D11-00A0C91BC942}") = "dynamic_annotations", "..\base\third_party\dynamic_annotations\dynamic_annotations.vcxproj", "{649AB2BF-383A-7A41-B63C-AAD19E0EDD78}"
EndProject
Project("{8BC9CEB8-8B4A-11D0-8D11-00A0C91BC942}") = "etw_manifest", "..\base\trace_event\etw_manifest\etw_manifest.vcxproj", "{B0AC8452-5737-5B95-6DEC-20CD015D1060}"
EndProject
Project("{8BC9CEB8-8B4A-11D0-8D11-00A0C91BC942}") = "generate_files", "..\third_party\yasm\generate_files.vcxproj", "{7F73F25C-224B-D158-49A3-A0D8FD47D0A3}"
	ProjectSection(ProjectDependencies) = postProject
		{04DA42DA-0081-C673-D5CD-8CC8F63199B0} = {04DA42DA-0081-C673-D5CD-8CC8F63199B0}
		{71BE6D73-D298-0EEF-A896-0ABB45764964} = {71BE6D73-D298-0EEF-A896-0ABB45764964}
	EndProjectSection
EndProject
Project("{8BC9CEB8-8B4A-11D0-8D11-00A0C91BC942}") = "genmacro", "..\third_party\yasm\genmacro.vcxproj", "{816508C7-F0FC-8E04-ECF9-CD82F9D095D4}"
	ProjectSection(ProjectDependencies) = postProject
		{B555AE61-3304-C74D-1357-940A469974C4} = {B555AE61-3304-C74D-1357-940A469974C4}
	EndProjectSection
EndProject
Project("{8BC9CEB8-8B4A-11D0-8D11-00A0C91BC942}") = "genmodule", "..\third_party\yasm\genmodule.vcxproj", "{6DB5CE13-639C-A11C-E2A3-D1B1C8DA4271}"
	ProjectSection(ProjectDependencies) = postProject
		{B555AE61-3304-C74D-1357-940A469974C4} = {B555AE61-3304-C74D-1357-940A469974C4}
	EndProjectSection
EndProject
Project("{8BC9CEB8-8B4A-11D0-8D11-00A0C91BC942}") = "genperf", "..\third_party\yasm\genperf.vcxproj", "{04DA42DA-0081-C673-D5CD-8CC8F63199B0}"
	ProjectSection(ProjectDependencies) = postProject
		{FB45E867-5012-7E6B-4990-EA51A6D55EC6} = {FB45E867-5012-7E6B-4990-EA51A6D55EC6}
		{B555AE61-3304-C74D-1357-940A469974C4} = {B555AE61-3304-C74D-1357-940A469974C4}
	EndProjectSection
EndProject
Project("{8BC9CEB8-8B4A-11D0-8D11-00A0C91BC942}") = "genperf_libs", "..\third_party\yasm\genperf_libs.vcxproj", "{FB45E867-5012-7E6B-4990-EA51A6D55EC6}"
	ProjectSection(ProjectDependencies) = postProject
		{B555AE61-3304-C74D-1357-940A469974C4} = {B555AE61-3304-C74D-1357-940A469974C4}
	EndProjectSection
EndProject
Project("{8BC9CEB8-8B4A-11D0-8D11-00A0C91BC942}") = "genstring", "..\third_party\yasm\genstring.vcxproj", "{DE291AF5-6AD2-BD98-BBE7-C42FFD1EA57E}"
	ProjectSection(ProjectDependencies) = postProject
		{B555AE61-3304-C74D-1357-940A469974C4} = {B555AE61-3304-C74D-1357-940A469974C4}
	EndProjectSection
EndProject
Project("{8BC9CEB8-8B4A-11D0-8D11-00A0C91BC942}") = "genversion", "..\third_party\yasm\genversion.vcxproj", "{71BE6D73-D298-0EEF-A896-0ABB45764964}"
	ProjectSection(ProjectDependencies) = postProject
		{B555AE61-3304-C74D-1357-940A469974C4} = {B555AE61-3304-C74D-1357-940A469974C4}
	EndProjectSection
EndProject
Project("{8BC9CEB8-8B4A-11D0-8D11-00A0C91BC942}") = "gmock", "..\testing\gmock.vcxproj", "{D822332C-4E10-95DA-CD7B-92DFD2BC19A2}"
EndProject
Project("{8BC9CEB8-8B4A-11D0-8D11-00A0C91BC942}") = "gtest", "..\testing\gtest.vcxproj", "{E72F768A-94C5-F56D-6D09-2D6BBCC1C711}"
	ProjectSection(ProjectDependencies) = postProject
		{4DCD256C-B345-89A3-7AA2-A189E00F12A4} = {4DCD256C-B345-89A3-7AA2-A189E00F12A4}
	EndProjectSection
EndProject
Project("{8BC9CEB8-8B4A-11D0-8D11-00A0C91BC942}") = "gtest_prod", "..\testing\gtest_prod.vcxproj", "{4DCD256C-B345-89A3-7AA2-A189E00F12A4}"
EndProject
Project("{8BC9CEB8-8B4A-11D0-8D11-00A0C91BC942}") = "icudata", "..\third_party\icu\icudata.vcxproj", "{3D63B711-4889-9F48-B2BB-2615598433E7}"
EndProject
Project("{8BC9CEB8-8B4A-11D0-8D11-00A0C91BC942}") = "icui18n", "..\third_party\icu\icui18n.vcxproj", "{975D13B1-90C6-E6D1-7357-CC9073586CEE}"
EndProject
Project("{8BC9CEB8-8B4A-11D0-8D11-00A0C91BC942}") = "icuuc", "..\third_party\icu\icuuc.vcxproj", "{ABE8C79E-F58F-838E-60CE-D14A2B5B94C4}"
EndProject
Project("{8BC9CEB8-8B4A-11D0-8D11-00A0C91BC942}") = "libxml", "..\third_party\libxml\libxml.vcxproj", "{A50C7595-CFAA-3BE2-7E68-20D8BBF1DC4F}"
EndProject
Project("{8BC9CEB8-8B4A-11D0-8D11-00A0C91BC942}") = "modp_b64", "..\third_party\modp_b64\modp_b64.vcxproj", "{DD29EC62-7A2E-55E9-34D8-8C3ABB23F806}"
EndProject
Project("{8BC9CEB8-8B4A-11D0-8D11-00A0C91BC942}") = "mojo_application_base", "mojo_application_base.vcxproj", "{F9CCED50-94D8-2E5F-9D72-BC993F2AD580}"
	ProjectSection(ProjectDependencies) = postProject
		{395D19FD-799C-9636-93EC-6824BE190B4C} = {395D19FD-799C-9636-93EC-6824BE190B4C}
		{563F17AF-6F14-F779-1845-A0519DFADC0D} = {563F17AF-6F14-F779-1845-A0519DFADC0D}
	EndProjectSection
EndProject
Project("{8BC9CEB8-8B4A-11D0-8D11-00A0C91BC942}") = "mojo_application_bindings", "mojo_application_bindings.vcxproj", "{395D19FD-799C-9636-93EC-6824BE190B4C}"
	ProjectSection(ProjectDependencies) = postProject
		{E6E7A401-5E06-A547-19D4-B6036076A8CA} = {E6E7A401-5E06-A547-19D4-B6036076A8CA}
		{563F17AF-6F14-F779-1845-A0519DFADC0D} = {563F17AF-6F14-F779-1845-A0519DFADC0D}
	EndProjectSection
EndProject
Project("{8BC9CEB8-8B4A-11D0-8D11-00A0C91BC942}") = "mojo_application_bindings_mojom", "mojo_application_bindings_mojom.vcxproj", "{E6E7A401-5E06-A547-19D4-B6036076A8CA}"
	ProjectSection(ProjectDependencies) = postProject
		{A04A0DD7-D3D5-47F3-FF99-A10C48E9A629} = {A04A0DD7-D3D5-47F3-FF99-A10C48E9A629}
		{C0601CD8-DAF9-94E4-CA9E-2BE3F19D48EC} = {C0601CD8-DAF9-94E4-CA9E-2BE3F19D48EC}
	EndProjectSection
EndProject
Project("{8BC9CEB8-8B4A-11D0-8D11-00A0C91BC942}") = "mojo_base", "mojo_base.vcxproj", "{05AFD0A8-3549-A372-50B6-A237F80D0C7A}"
	ProjectSection(ProjectDependencies) = postProject
		{601A7D49-661D-5C8B-54B1-CD70CD4F5A9B} = {601A7D49-661D-5C8B-54B1-CD70CD4F5A9B}
		{F281BE3C-FA94-1CB1-5433-6DD2A3867382} = {F281BE3C-FA94-1CB1-5433-6DD2A3867382}
	EndProjectSection
EndProject
Project("{8BC9CEB8-8B4A-11D0-8D11-00A0C91BC942}") = "mojo_common_lib", "mojo_common_lib.vcxproj", "{601A7D49-661D-5C8B-54B1-CD70CD4F5A9B}"
	ProjectSection(ProjectDependencies) = postProject
		{9BD49F5A-4F2E-0D07-BC98-BE1D40E01F6F} = {9BD49F5A-4F2E-0D07-BC98-BE1D40E01F6F}
	EndProjectSection
EndProject
Project("{8BC9CEB8-8B4A-11D0-8D11-00A0C91BC942}") = "mojo_common_test_support", "..\third_party\mojo\mojo_common_test_support.vcxproj", "{A2CB526A-6605-2E80-6D98-4CE777696827}"
EndProject
Project("{8BC9CEB8-8B4A-11D0-8D11-00A0C91BC942}") = "mojo_common_unittests", "mojo_common_unittests.vcxproj", "{F281BE3C-FA94-1CB1-5433-6DD2A3867382}"
	ProjectSection(ProjectDependencies) = postProject
		{3714545C-C447-D48D-CC5E-5691DE3A67EE} = {3714545C-C447-D48D-CC5E-5691DE3A67EE}
		{016E1825-4282-74D6-8C85-CEAF2A1F4749} = {016E1825-4282-74D6-8C85-CEAF2A1F4749}
		{5F10815A-DD26-9605-0EE8-8FA428F88CF9} = {5F10815A-DD26-9605-0EE8-8FA428F88CF9}
		{E72F768A-94C5-F56D-6D09-2D6BBCC1C711} = {E72F768A-94C5-F56D-6D09-2D6BBCC1C711}
		{856DF13A-2DC9-64A5-DC26-2B812CAE61AF} = {856DF13A-2DC9-64A5-DC26-2B812CAE61AF}
		{601A7D49-661D-5C8B-54B1-CD70CD4F5A9B} = {601A7D49-661D-5C8B-54B1-CD70CD4F5A9B}
		{45E3D390-5BBD-ED83-7DFA-0A1422690A4B} = {45E3D390-5BBD-ED83-7DFA-0A1422690A4B}
		{30E606DC-49F4-286F-6008-8AD51DBD01BD} = {30E606DC-49F4-286F-6008-8AD51DBD01BD}
		{A2CB526A-6605-2E80-6D98-4CE777696827} = {A2CB526A-6605-2E80-6D98-4CE777696827}
		{E5E5CCAD-9ECC-ED6C-C64F-C375B56D2673} = {E5E5CCAD-9ECC-ED6C-C64F-C375B56D2673}
		{3D268D4C-DFBC-B6EA-16F9-B54E17023A21} = {3D268D4C-DFBC-B6EA-16F9-B54E17023A21}
		{806E2A88-D7B1-7AFB-EEC6-46D5A13A22BB} = {806E2A88-D7B1-7AFB-EEC6-46D5A13A22BB}
		{4B19A00B-2D0F-84CF-F8EB-EB880184149A} = {4B19A00B-2D0F-84CF-F8EB-EB880184149A}
		{69D57236-2A52-25F9-F7EC-6A5445F03575} = {69D57236-2A52-25F9-F7EC-6A5445F03575}
		{744AB98F-7540-D6A7-A7B7-F859C3E9CA3F} = {744AB98F-7540-D6A7-A7B7-F859C3E9CA3F}
		{4DCD256C-B345-89A3-7AA2-A189E00F12A4} = {4DCD256C-B345-89A3-7AA2-A189E00F12A4}
		{DD29EC62-7A2E-55E9-34D8-8C3ABB23F806} = {DD29EC62-7A2E-55E9-34D8-8C3ABB23F806}
		{649AB2BF-383A-7A41-B63C-AAD19E0EDD78} = {649AB2BF-383A-7A41-B63C-AAD19E0EDD78}
		{B0AC8452-5737-5B95-6DEC-20CD015D1060} = {B0AC8452-5737-5B95-6DEC-20CD015D1060}
		{269AA02B-B5AC-6304-8802-3681428FB774} = {269AA02B-B5AC-6304-8802-3681428FB774}
		{975D13B1-90C6-E6D1-7357-CC9073586CEE} = {975D13B1-90C6-E6D1-7357-CC9073586CEE}
		{ABE8C79E-F58F-838E-60CE-D14A2B5B94C4} = {ABE8C79E-F58F-838E-60CE-D14A2B5B94C4}
		{3D63B711-4889-9F48-B2BB-2615598433E7} = {3D63B711-4889-9F48-B2BB-2615598433E7}
		{D822332C-4E10-95DA-CD7B-92DFD2BC19A2} = {D822332C-4E10-95DA-CD7B-92DFD2BC19A2}
		{A50C7595-CFAA-3BE2-7E68-20D8BBF1DC4F} = {A50C7595-CFAA-3BE2-7E68-20D8BBF1DC4F}
		{981011A5-7D60-A9BB-1EB2-FE3DF4C1DE6A} = {981011A5-7D60-A9BB-1EB2-FE3DF4C1DE6A}
		{5EF8A426-33B3-95EB-F6A8-F3159C1D6B26} = {5EF8A426-33B3-95EB-F6A8-F3159C1D6B26}
		{9BD49F5A-4F2E-0D07-BC98-BE1D40E01F6F} = {9BD49F5A-4F2E-0D07-BC98-BE1D40E01F6F}
		{1F1380DB-4C0B-B416-B01A-0F02B25C5E2B} = {1F1380DB-4C0B-B416-B01A-0F02B25C5E2B}
		{23D79827-E423-BA46-5AD6-622B0828F65C} = {23D79827-E423-BA46-5AD6-622B0828F65C}
		{AA6AF35D-00C0-AC13-ED7E-314BAAE2B261} = {AA6AF35D-00C0-AC13-ED7E-314BAAE2B261}
		{0C6B17EC-D532-1922-0017-D71A1B78E557} = {0C6B17EC-D532-1922-0017-D71A1B78E557}
		{4CD7CC43-9373-9DE0-B7C4-C6701C531EFE} = {4CD7CC43-9373-9DE0-B7C4-C6701C531EFE}
		{43F7A268-D075-D84F-F9EB-182D13871B52} = {43F7A268-D075-D84F-F9EB-182D13871B52}
		{4BD973B9-F54D-B535-4EB3-D70D1AA9C4C8} = {4BD973B9-F54D-B535-4EB3-D70D1AA9C4C8}
	EndProjectSection
EndProject
Project("{8BC9CEB8-8B4A-11D0-8D11-00A0C91BC942}") = "mojo_cpp_bindings", "..\third_party\mojo\mojo_cpp_bindings.vcxproj", "{806E2A88-D7B1-7AFB-EEC6-46D5A13A22BB}"
	ProjectSection(ProjectDependencies) = postProject
		{43F7A268-D075-D84F-F9EB-182D13871B52} = {43F7A268-D075-D84F-F9EB-182D13871B52}
	EndProjectSection
EndProject
Project("{8BC9CEB8-8B4A-11D0-8D11-00A0C91BC942}") = "mojo_environment_chromium", "mojo_environment_chromium.vcxproj", "{3D268D4C-DFBC-B6EA-16F9-B54E17023A21}"
EndProject
Project("{8BC9CEB8-8B4A-11D0-8D11-00A0C91BC942}") = "mojo_environment_chromium_impl", "mojo_environment_chromium_impl.vcxproj", "{4CD7CC43-9373-9DE0-B7C4-C6701C531EFE}"
	ProjectSection(ProjectDependencies) = postProject
		{9BD49F5A-4F2E-0D07-BC98-BE1D40E01F6F} = {9BD49F5A-4F2E-0D07-BC98-BE1D40E01F6F}
	EndProjectSection
EndProject
Project("{8BC9CEB8-8B4A-11D0-8D11-00A0C91BC942}") = "mojo_environment_standalone", "..\third_party\mojo\mojo_environment_standalone.vcxproj", "{64E6D8AF-45B2-813B-876C-F2615E95D25D}"
EndProject
Project("{8BC9CEB8-8B4A-11D0-8D11-00A0C91BC942}") = "mojo_interface_bindings_cpp_sources", "..\third_party\mojo\mojo_interface_bindings_cpp_sources.vcxproj", "{43F7A268-D075-D84F-F9EB-182D13871B52}"
	ProjectSection(ProjectDependencies) = postProject
		{4BD973B9-F54D-B535-4EB3-D70D1AA9C4C8} = {4BD973B9-F54D-B535-4EB3-D70D1AA9C4C8}
	EndProjectSection
EndProject
Project("{8BC9CEB8-8B4A-11D0-8D11-00A0C91BC942}") = "mojo_interface_bindings_generation", "..\third_party\mojo\mojo_interface_bindings_generation.vcxproj", "{C0601CD8-DAF9-94E4-CA9E-2BE3F19D48EC}"
	ProjectSection(ProjectDependencies) = postProject
		{43F7A268-D075-D84F-F9EB-182D13871B52} = {43F7A268-D075-D84F-F9EB-182D13871B52}
	EndProjectSection
EndProject
Project("{8BC9CEB8-8B4A-11D0-8D11-00A0C91BC942}") = "mojo_interface_bindings_mojom", "..\third_party\mojo\mojo_interface_bindings_mojom.vcxproj", "{4BD973B9-F54D-B535-4EB3-D70D1AA9C4C8}"
EndProject
Project("{8BC9CEB8-8B4A-11D0-8D11-00A0C91BC942}") = "mojo_none", "mojo_none.vcxproj", "{09988FFA-5461-8F78-02C9-A2DB03B2EC08}"
EndProject
Project("{8BC9CEB8-8B4A-11D0-8D11-00A0C91BC942}") = "mojo_public_application_unittests", "mojo_public_application_unittests.vcxproj", "{8323ED66-E263-5817-1937-B96FDE813AF7}"
	ProjectSection(ProjectDependencies) = postProject
		{F9CCED50-94D8-2E5F-9D72-BC993F2AD580} = {F9CCED50-94D8-2E5F-9D72-BC993F2AD580}
		{3714545C-C447-D48D-CC5E-5691DE3A67EE} = {3714545C-C447-D48D-CC5E-5691DE3A67EE}
		{E72F768A-94C5-F56D-6D09-2D6BBCC1C711} = {E72F768A-94C5-F56D-6D09-2D6BBCC1C711}
		{E5E5CCAD-9ECC-ED6C-C64F-C375B56D2673} = {E5E5CCAD-9ECC-ED6C-C64F-C375B56D2673}
		{0EE9F285-FB73-7F75-BF2A-4905D92D3D52} = {0EE9F285-FB73-7F75-BF2A-4905D92D3D52}
		{64E6D8AF-45B2-813B-876C-F2615E95D25D} = {64E6D8AF-45B2-813B-876C-F2615E95D25D}
		{395D19FD-799C-9636-93EC-6824BE190B4C} = {395D19FD-799C-9636-93EC-6824BE190B4C}
		{E6E7A401-5E06-A547-19D4-B6036076A8CA} = {E6E7A401-5E06-A547-19D4-B6036076A8CA}
		{A04A0DD7-D3D5-47F3-FF99-A10C48E9A629} = {A04A0DD7-D3D5-47F3-FF99-A10C48E9A629}
		{D6F472FA-9929-A599-6B9E-C1F1D79B71F6} = {D6F472FA-9929-A599-6B9E-C1F1D79B71F6}
		{C0601CD8-DAF9-94E4-CA9E-2BE3F19D48EC} = {C0601CD8-DAF9-94E4-CA9E-2BE3F19D48EC}
		{43F7A268-D075-D84F-F9EB-182D13871B52} = {43F7A268-D075-D84F-F9EB-182D13871B52}
		{4BD973B9-F54D-B535-4EB3-D70D1AA9C4C8} = {4BD973B9-F54D-B535-4EB3-D70D1AA9C4C8}
		{563F17AF-6F14-F779-1845-A0519DFADC0D} = {563F17AF-6F14-F779-1845-A0519DFADC0D}
		{806E2A88-D7B1-7AFB-EEC6-46D5A13A22BB} = {806E2A88-D7B1-7AFB-EEC6-46D5A13A22BB}
		{601A7D49-661D-5C8B-54B1-CD70CD4F5A9B} = {601A7D49-661D-5C8B-54B1-CD70CD4F5A9B}
		{69D57236-2A52-25F9-F7EC-6A5445F03575} = {69D57236-2A52-25F9-F7EC-6A5445F03575}
		{744AB98F-7540-D6A7-A7B7-F859C3E9CA3F} = {744AB98F-7540-D6A7-A7B7-F859C3E9CA3F}
		{4DCD256C-B345-89A3-7AA2-A189E00F12A4} = {4DCD256C-B345-89A3-7AA2-A189E00F12A4}
		{DD29EC62-7A2E-55E9-34D8-8C3ABB23F806} = {DD29EC62-7A2E-55E9-34D8-8C3ABB23F806}
		{649AB2BF-383A-7A41-B63C-AAD19E0EDD78} = {649AB2BF-383A-7A41-B63C-AAD19E0EDD78}
		{B0AC8452-5737-5B95-6DEC-20CD015D1060} = {B0AC8452-5737-5B95-6DEC-20CD015D1060}
		{9BD49F5A-4F2E-0D07-BC98-BE1D40E01F6F} = {9BD49F5A-4F2E-0D07-BC98-BE1D40E01F6F}
		{016E1825-4282-74D6-8C85-CEAF2A1F4749} = {016E1825-4282-74D6-8C85-CEAF2A1F4749}
		{269AA02B-B5AC-6304-8802-3681428FB774} = {269AA02B-B5AC-6304-8802-3681428FB774}
		{975D13B1-90C6-E6D1-7357-CC9073586CEE} = {975D13B1-90C6-E6D1-7357-CC9073586CEE}
		{ABE8C79E-F58F-838E-60CE-D14A2B5B94C4} = {ABE8C79E-F58F-838E-60CE-D14A2B5B94C4}
		{3D63B711-4889-9F48-B2BB-2615598433E7} = {3D63B711-4889-9F48-B2BB-2615598433E7}
		{D822332C-4E10-95DA-CD7B-92DFD2BC19A2} = {D822332C-4E10-95DA-CD7B-92DFD2BC19A2}
		{A50C7595-CFAA-3BE2-7E68-20D8BBF1DC4F} = {A50C7595-CFAA-3BE2-7E68-20D8BBF1DC4F}
		{981011A5-7D60-A9BB-1EB2-FE3DF4C1DE6A} = {981011A5-7D60-A9BB-1EB2-FE3DF4C1DE6A}
		{5EF8A426-33B3-95EB-F6A8-F3159C1D6B26} = {5EF8A426-33B3-95EB-F6A8-F3159C1D6B26}
		{30E606DC-49F4-286F-6008-8AD51DBD01BD} = {30E606DC-49F4-286F-6008-8AD51DBD01BD}
		{1F1380DB-4C0B-B416-B01A-0F02B25C5E2B} = {1F1380DB-4C0B-B416-B01A-0F02B25C5E2B}
		{23D79827-E423-BA46-5AD6-622B0828F65C} = {23D79827-E423-BA46-5AD6-622B0828F65C}
		{AA6AF35D-00C0-AC13-ED7E-314BAAE2B261} = {AA6AF35D-00C0-AC13-ED7E-314BAAE2B261}
		{0C6B17EC-D532-1922-0017-D71A1B78E557} = {0C6B17EC-D532-1922-0017-D71A1B78E557}
	EndProjectSection
EndProject
Project("{8BC9CEB8-8B4A-11D0-8D11-00A0C91BC942}") = "mojo_public_test_utils", "..\third_party\mojo\mojo_public_test_utils.vcxproj", "{4B19A00B-2D0F-84CF-F8EB-EB880184149A}"
	ProjectSection(ProjectDependencies) = postProject
		{AA6AF35D-00C0-AC13-ED7E-314BAAE2B261} = {AA6AF35D-00C0-AC13-ED7E-314BAAE2B261}
	EndProjectSection
EndProject
Project("{8BC9CEB8-8B4A-11D0-8D11-00A0C91BC942}") = "mojo_run_all_unittests", "..\third_party\mojo\mojo_run_all_unittests.vcxproj", "{E5E5CCAD-9ECC-ED6C-C64F-C375B56D2673}"
	ProjectSection(ProjectDependencies) = postProject
		{AA6AF35D-00C0-AC13-ED7E-314BAAE2B261} = {AA6AF35D-00C0-AC13-ED7E-314BAAE2B261}
	EndProjectSection
EndProject
Project("{8BC9CEB8-8B4A-11D0-8D11-00A0C91BC942}") = "mojo_system_impl", "..\third_party\mojo\mojo_system_impl.vcxproj", "{30E606DC-49F4-286F-6008-8AD51DBD01BD}"
EndProject
Project("{8BC9CEB8-8B4A-11D0-8D11-00A0C91BC942}") = "mojo_system_placeholder", "..\third_party\mojo\mojo_system_placeholder.vcxproj", "{9BD49F5A-4F2E-0D07-BC98-BE1D40E01F6F}"
EndProject
Project("{8BC9CEB8-8B4A-11D0-8D11-00A0C91BC942}") = "mojo_test_support", "..\third_party\mojo\mojo_test_support.vcxproj", "{AA6AF35D-00C0-AC13-ED7E-314BAAE2B261}"
EndProject
Project("{8BC9CEB8-8B4A-11D0-8D11-00A0C91BC942}") = "mojo_test_support_impl", "..\third_party\mojo\mojo_test_support_impl.vcxproj", "{0C6B17EC-D532-1922-0017-D71A1B78E557}"
EndProject
Project("{8BC9CEB8-8B4A-11D0-8D11-00A0C91BC942}") = "mojo_url_type_converters", "mojo_url_type_converters.vcxproj", "{45E3D390-5BBD-ED83-7DFA-0A1422690A4B}"
	ProjectSection(ProjectDependencies) = postProject
		{9BD49F5A-4F2E-0D07-BC98-BE1D40E01F6F} = {9BD49F5A-4F2E-0D07-BC98-BE1D40E01F6F}
	EndProjectSection
EndProject
Project("{8BC9CEB8-8B4A-11D0-8D11-00A0C91BC942}") = "mojo_utility", "..\third_party\mojo\mojo_utility.vcxproj", "{0EE9F285-FB73-7F75-BF2A-4905D92D3D52}"
EndProject
Project("{8BC9CEB8-8B4A-11D0-8D11-00A0C91BC942}") = "network_service_bindings_generation", "network_service_bindings_generation.vcxproj", "{A04A0DD7-D3D5-47F3-FF99-A10C48E9A629}"
	ProjectSection(ProjectDependencies) = postProject
		{D6F472FA-9929-A599-6B9E-C1F1D79B71F6} = {D6F472FA-9929-A599-6B9E-C1F1D79B71F6}
	EndProjectSection
EndProject
Project("{8BC9CEB8-8B4A-11D0-8D11-00A0C91BC942}") = "network_service_bindings_lib", "network_service_bindings_lib.vcxproj", "{563F17AF-6F14-F779-1845-A0519DFADC0D}"
	ProjectSection(ProjectDependencies) = postProject
		{D6F472FA-9929-A599-6B9E-C1F1D79B71F6} = {D6F472FA-9929-A599-6B9E-C1F1D79B71F6}
	EndProjectSection
EndProject
Project("{8BC9CEB8-8B4A-11D0-8D11-00A0C91BC942}") = "network_service_bindings_mojom", "network_service_bindings_mojom.vcxproj", "{D6F472FA-9929-A599-6B9E-C1F1D79B71F6}"
	ProjectSection(ProjectDependencies) = postProject
		{C0601CD8-DAF9-94E4-CA9E-2BE3F19D48EC} = {C0601CD8-DAF9-94E4-CA9E-2BE3F19D48EC}
	EndProjectSection
EndProject
Project("{8BC9CEB8-8B4A-11D0-8D11-00A0C91BC942}") = "re2c", "..\third_party\yasm\re2c.vcxproj", "{F44797FB-474D-87A7-7D47-C3B54FFBAA49}"
	ProjectSection(ProjectDependencies) = postProject
		{B555AE61-3304-C74D-1357-940A469974C4} = {B555AE61-3304-C74D-1357-940A469974C4}
	EndProjectSection
EndProject
Project("{8BC9CEB8-8B4A-11D0-8D11-00A0C91BC942}") = "test_support_base", "..\base\test_support_base.vcxproj", "{016E1825-4282-74D6-8C85-CEAF2A1F4749}"
EndProject
Project("{8BC9CEB8-8B4A-11D0-8D11-00A0C91BC942}") = "url_lib", "..\url\url_lib.vcxproj", "{856DF13A-2DC9-64A5-DC26-2B812CAE61AF}"
EndProject
Project("{8BC9CEB8-8B4A-11D0-8D11-00A0C91BC942}") = "yasm", "..\third_party\yasm\yasm.vcxproj", "{F336733B-E5B6-B67B-2713-5DF1FC74E51B}"
	ProjectSection(ProjectDependencies) = postProject
		{B555AE61-3304-C74D-1357-940A469974C4} = {B555AE61-3304-C74D-1357-940A469974C4}
		{816508C7-F0FC-8E04-ECF9-CD82F9D095D4} = {816508C7-F0FC-8E04-ECF9-CD82F9D095D4}
		{6DB5CE13-639C-A11C-E2A3-D1B1C8DA4271} = {6DB5CE13-639C-A11C-E2A3-D1B1C8DA4271}
		{04DA42DA-0081-C673-D5CD-8CC8F63199B0} = {04DA42DA-0081-C673-D5CD-8CC8F63199B0}
		{FB45E867-5012-7E6B-4990-EA51A6D55EC6} = {FB45E867-5012-7E6B-4990-EA51A6D55EC6}
		{7F73F25C-224B-D158-49A3-A0D8FD47D0A3} = {7F73F25C-224B-D158-49A3-A0D8FD47D0A3}
		{DE291AF5-6AD2-BD98-BBE7-C42FFD1EA57E} = {DE291AF5-6AD2-BD98-BBE7-C42FFD1EA57E}
		{F44797FB-474D-87A7-7D47-C3B54FFBAA49} = {F44797FB-474D-87A7-7D47-C3B54FFBAA49}
	EndProjectSection
EndProject
Project("{8BC9CEB8-8B4A-11D0-8D11-00A0C91BC942}") = "zlib", "..\third_party\zlib\zlib.vcxproj", "{981011A5-7D60-A9BB-1EB2-FE3DF4C1DE6A}"
EndProject
Project("{8BC9CEB8-8B4A-11D0-8D11-00A0C91BC942}") = "zlib_x86_simd", "..\third_party\zlib\zlib_x86_simd.vcxproj", "{5EF8A426-33B3-95EB-F6A8-F3159C1D6B26}"
EndProject
Global
	GlobalSection(SolutionConfigurationPlatforms) = preSolution
		Debug|x64 = Debug|x64
		Debug|Win32 = Debug|Win32
		Release|x64 = Release|x64
		Release|Win32 = Release|Win32
	EndGlobalSection
	GlobalSection(ProjectConfigurationPlatforms) = postSolution
		{016E1825-4282-74D6-8C85-CEAF2A1F4749}.Debug|x64.ActiveCfg = Debug|x64
		{016E1825-4282-74D6-8C85-CEAF2A1F4749}.Debug|x64.Build.0 = Debug|x64
		{016E1825-4282-74D6-8C85-CEAF2A1F4749}.Debug|Win32.ActiveCfg = Debug|Win32
		{016E1825-4282-74D6-8C85-CEAF2A1F4749}.Debug|Win32.Build.0 = Debug|Win32
		{016E1825-4282-74D6-8C85-CEAF2A1F4749}.Release|x64.ActiveCfg = Release|x64
		{016E1825-4282-74D6-8C85-CEAF2A1F4749}.Release|x64.Build.0 = Release|x64
		{016E1825-4282-74D6-8C85-CEAF2A1F4749}.Release|Win32.ActiveCfg = Release|Win32
		{016E1825-4282-74D6-8C85-CEAF2A1F4749}.Release|Win32.Build.0 = Release|Win32
		{04DA42DA-0081-C673-D5CD-8CC8F63199B0}.Debug|x64.ActiveCfg = Debug|x64
		{04DA42DA-0081-C673-D5CD-8CC8F63199B0}.Debug|x64.Build.0 = Debug|x64
		{04DA42DA-0081-C673-D5CD-8CC8F63199B0}.Debug|Win32.ActiveCfg = Debug|Win32
		{04DA42DA-0081-C673-D5CD-8CC8F63199B0}.Debug|Win32.Build.0 = Debug|Win32
		{04DA42DA-0081-C673-D5CD-8CC8F63199B0}.Release|x64.ActiveCfg = Release|x64
		{04DA42DA-0081-C673-D5CD-8CC8F63199B0}.Release|x64.Build.0 = Release|x64
		{04DA42DA-0081-C673-D5CD-8CC8F63199B0}.Release|Win32.ActiveCfg = Release|Win32
		{04DA42DA-0081-C673-D5CD-8CC8F63199B0}.Release|Win32.Build.0 = Release|Win32
		{05AFD0A8-3549-A372-50B6-A237F80D0C7A}.Debug|x64.ActiveCfg = Debug|x64
		{05AFD0A8-3549-A372-50B6-A237F80D0C7A}.Debug|x64.Build.0 = Debug|x64
		{05AFD0A8-3549-A372-50B6-A237F80D0C7A}.Debug|Win32.ActiveCfg = Debug|Win32
		{05AFD0A8-3549-A372-50B6-A237F80D0C7A}.Debug|Win32.Build.0 = Debug|Win32
		{05AFD0A8-3549-A372-50B6-A237F80D0C7A}.Release|x64.ActiveCfg = Release|x64
		{05AFD0A8-3549-A372-50B6-A237F80D0C7A}.Release|x64.Build.0 = Release|x64
		{05AFD0A8-3549-A372-50B6-A237F80D0C7A}.Release|Win32.ActiveCfg = Release|Win32
		{05AFD0A8-3549-A372-50B6-A237F80D0C7A}.Release|Win32.Build.0 = Release|Win32
		{09988FFA-5461-8F78-02C9-A2DB03B2EC08}.Debug|x64.ActiveCfg = Debug|x64
		{09988FFA-5461-8F78-02C9-A2DB03B2EC08}.Debug|x64.Build.0 = Debug|x64
		{09988FFA-5461-8F78-02C9-A2DB03B2EC08}.Debug|Win32.ActiveCfg = Debug|Win32
		{09988FFA-5461-8F78-02C9-A2DB03B2EC08}.Debug|Win32.Build.0 = Debug|Win32
		{09988FFA-5461-8F78-02C9-A2DB03B2EC08}.Release|x64.ActiveCfg = Release|x64
		{09988FFA-5461-8F78-02C9-A2DB03B2EC08}.Release|x64.Build.0 = Release|x64
		{09988FFA-5461-8F78-02C9-A2DB03B2EC08}.Release|Win32.ActiveCfg = Release|Win32
		{09988FFA-5461-8F78-02C9-A2DB03B2EC08}.Release|Win32.Build.0 = Release|Win32
		{0C6B17EC-D532-1922-0017-D71A1B78E557}.Debug|x64.ActiveCfg = Debug|x64
		{0C6B17EC-D532-1922-0017-D71A1B78E557}.Debug|x64.Build.0 = Debug|x64
		{0C6B17EC-D532-1922-0017-D71A1B78E557}.Debug|Win32.ActiveCfg = Debug|Win32
		{0C6B17EC-D532-1922-0017-D71A1B78E557}.Debug|Win32.Build.0 = Debug|Win32
		{0C6B17EC-D532-1922-0017-D71A1B78E557}.Release|x64.ActiveCfg = Release|x64
		{0C6B17EC-D532-1922-0017-D71A1B78E557}.Release|x64.Build.0 = Release|x64
		{0C6B17EC-D532-1922-0017-D71A1B78E557}.Release|Win32.ActiveCfg = Release|Win32
		{0C6B17EC-D532-1922-0017-D71A1B78E557}.Release|Win32.Build.0 = Release|Win32
		{0EE9F285-FB73-7F75-BF2A-4905D92D3D52}.Debug|x64.ActiveCfg = Debug|x64
		{0EE9F285-FB73-7F75-BF2A-4905D92D3D52}.Debug|x64.Build.0 = Debug|x64
		{0EE9F285-FB73-7F75-BF2A-4905D92D3D52}.Debug|Win32.ActiveCfg = Debug|Win32
		{0EE9F285-FB73-7F75-BF2A-4905D92D3D52}.Debug|Win32.Build.0 = Debug|Win32
		{0EE9F285-FB73-7F75-BF2A-4905D92D3D52}.Release|x64.ActiveCfg = Release|x64
		{0EE9F285-FB73-7F75-BF2A-4905D92D3D52}.Release|x64.Build.0 = Release|x64
		{0EE9F285-FB73-7F75-BF2A-4905D92D3D52}.Release|Win32.ActiveCfg = Release|Win32
		{0EE9F285-FB73-7F75-BF2A-4905D92D3D52}.Release|Win32.Build.0 = Release|Win32
		{1F1380DB-4C0B-B416-B01A-0F02B25C5E2B}.Debug|x64.ActiveCfg = Debug|x64
		{1F1380DB-4C0B-B416-B01A-0F02B25C5E2B}.Debug|x64.Build.0 = Debug|x64
		{1F1380DB-4C0B-B416-B01A-0F02B25C5E2B}.Debug|Win32.ActiveCfg = Debug|Win32
		{1F1380DB-4C0B-B416-B01A-0F02B25C5E2B}.Debug|Win32.Build.0 = Debug|Win32
		{1F1380DB-4C0B-B416-B01A-0F02B25C5E2B}.Release|x64.ActiveCfg = Release|x64
		{1F1380DB-4C0B-B416-B01A-0F02B25C5E2B}.Release|x64.Build.0 = Release|x64
		{1F1380DB-4C0B-B416-B01A-0F02B25C5E2B}.Release|Win32.ActiveCfg = Release|Win32
		{1F1380DB-4C0B-B416-B01A-0F02B25C5E2B}.Release|Win32.Build.0 = Release|Win32
		{23D79827-E423-BA46-5AD6-622B0828F65C}.Debug|x64.ActiveCfg = Debug|x64
		{23D79827-E423-BA46-5AD6-622B0828F65C}.Debug|x64.Build.0 = Debug|x64
		{23D79827-E423-BA46-5AD6-622B0828F65C}.Debug|Win32.ActiveCfg = Debug|Win32
		{23D79827-E423-BA46-5AD6-622B0828F65C}.Debug|Win32.Build.0 = Debug|Win32
		{23D79827-E423-BA46-5AD6-622B0828F65C}.Release|x64.ActiveCfg = Release|x64
		{23D79827-E423-BA46-5AD6-622B0828F65C}.Release|x64.Build.0 = Release|x64
		{23D79827-E423-BA46-5AD6-622B0828F65C}.Release|Win32.ActiveCfg = Release|Win32
		{23D79827-E423-BA46-5AD6-622B0828F65C}.Release|Win32.Build.0 = Release|Win32
		{269AA02B-B5AC-6304-8802-3681428FB774}.Debug|x64.ActiveCfg = Debug|x64
		{269AA02B-B5AC-6304-8802-3681428FB774}.Debug|x64.Build.0 = Debug|x64
		{269AA02B-B5AC-6304-8802-3681428FB774}.Debug|Win32.ActiveCfg = Debug|Win32
		{269AA02B-B5AC-6304-8802-3681428FB774}.Debug|Win32.Build.0 = Debug|Win32
		{269AA02B-B5AC-6304-8802-3681428FB774}.Release|x64.ActiveCfg = Release|x64
		{269AA02B-B5AC-6304-8802-3681428FB774}.Release|x64.Build.0 = Release|x64
		{269AA02B-B5AC-6304-8802-3681428FB774}.Release|Win32.ActiveCfg = Release|Win32
		{269AA02B-B5AC-6304-8802-3681428FB774}.Release|Win32.Build.0 = Release|Win32
		{30E606DC-49F4-286F-6008-8AD51DBD01BD}.Debug|x64.ActiveCfg = Debug|x64
		{30E606DC-49F4-286F-6008-8AD51DBD01BD}.Debug|x64.Build.0 = Debug|x64
		{30E606DC-49F4-286F-6008-8AD51DBD01BD}.Debug|Win32.ActiveCfg = Debug|Win32
		{30E606DC-49F4-286F-6008-8AD51DBD01BD}.Debug|Win32.Build.0 = Debug|Win32
		{30E606DC-49F4-286F-6008-8AD51DBD01BD}.Release|x64.ActiveCfg = Release|x64
		{30E606DC-49F4-286F-6008-8AD51DBD01BD}.Release|x64.Build.0 = Release|x64
		{30E606DC-49F4-286F-6008-8AD51DBD01BD}.Release|Win32.ActiveCfg = Release|Win32
		{30E606DC-49F4-286F-6008-8AD51DBD01BD}.Release|Win32.Build.0 = Release|Win32
		{3714545C-C447-D48D-CC5E-5691DE3A67EE}.Debug|x64.ActiveCfg = Debug|x64
		{3714545C-C447-D48D-CC5E-5691DE3A67EE}.Debug|x64.Build.0 = Debug|x64
		{3714545C-C447-D48D-CC5E-5691DE3A67EE}.Debug|Win32.ActiveCfg = Debug|Win32
		{3714545C-C447-D48D-CC5E-5691DE3A67EE}.Debug|Win32.Build.0 = Debug|Win32
		{3714545C-C447-D48D-CC5E-5691DE3A67EE}.Release|x64.ActiveCfg = Release|x64
		{3714545C-C447-D48D-CC5E-5691DE3A67EE}.Release|x64.Build.0 = Release|x64
		{3714545C-C447-D48D-CC5E-5691DE3A67EE}.Release|Win32.ActiveCfg = Release|Win32
		{3714545C-C447-D48D-CC5E-5691DE3A67EE}.Release|Win32.Build.0 = Release|Win32
		{395D19FD-799C-9636-93EC-6824BE190B4C}.Debug|x64.ActiveCfg = Debug|x64
		{395D19FD-799C-9636-93EC-6824BE190B4C}.Debug|x64.Build.0 = Debug|x64
		{395D19FD-799C-9636-93EC-6824BE190B4C}.Debug|Win32.ActiveCfg = Debug|Win32
		{395D19FD-799C-9636-93EC-6824BE190B4C}.Debug|Win32.Build.0 = Debug|Win32
		{395D19FD-799C-9636-93EC-6824BE190B4C}.Release|x64.ActiveCfg = Release|x64
		{395D19FD-799C-9636-93EC-6824BE190B4C}.Release|x64.Build.0 = Release|x64
		{395D19FD-799C-9636-93EC-6824BE190B4C}.Release|Win32.ActiveCfg = Release|Win32
		{395D19FD-799C-9636-93EC-6824BE190B4C}.Release|Win32.Build.0 = Release|Win32
		{3D268D4C-DFBC-B6EA-16F9-B54E17023A21}.Debug|x64.ActiveCfg = Debug|x64
		{3D268D4C-DFBC-B6EA-16F9-B54E17023A21}.Debug|x64.Build.0 = Debug|x64
		{3D268D4C-DFBC-B6EA-16F9-B54E17023A21}.Debug|Win32.ActiveCfg = Debug|Win32
		{3D268D4C-DFBC-B6EA-16F9-B54E17023A21}.Debug|Win32.Build.0 = Debug|Win32
		{3D268D4C-DFBC-B6EA-16F9-B54E17023A21}.Release|x64.ActiveCfg = Release|x64
		{3D268D4C-DFBC-B6EA-16F9-B54E17023A21}.Release|x64.Build.0 = Release|x64
		{3D268D4C-DFBC-B6EA-16F9-B54E17023A21}.Release|Win32.ActiveCfg = Release|Win32
		{3D268D4C-DFBC-B6EA-16F9-B54E17023A21}.Release|Win32.Build.0 = Release|Win32
		{3D63B711-4889-9F48-B2BB-2615598433E7}.Debug|x64.ActiveCfg = Debug|x64
		{3D63B711-4889-9F48-B2BB-2615598433E7}.Debug|x64.Build.0 = Debug|x64
		{3D63B711-4889-9F48-B2BB-2615598433E7}.Debug|Win32.ActiveCfg = Debug|Win32
		{3D63B711-4889-9F48-B2BB-2615598433E7}.Debug|Win32.Build.0 = Debug|Win32
		{3D63B711-4889-9F48-B2BB-2615598433E7}.Release|x64.ActiveCfg = Release|x64
		{3D63B711-4889-9F48-B2BB-2615598433E7}.Release|x64.Build.0 = Release|x64
		{3D63B711-4889-9F48-B2BB-2615598433E7}.Release|Win32.ActiveCfg = Release|Win32
		{3D63B711-4889-9F48-B2BB-2615598433E7}.Release|Win32.Build.0 = Release|Win32
		{43F7A268-D075-D84F-F9EB-182D13871B52}.Debug|x64.ActiveCfg = Debug|x64
		{43F7A268-D075-D84F-F9EB-182D13871B52}.Debug|x64.Build.0 = Debug|x64
		{43F7A268-D075-D84F-F9EB-182D13871B52}.Debug|Win32.ActiveCfg = Debug|Win32
		{43F7A268-D075-D84F-F9EB-182D13871B52}.Debug|Win32.Build.0 = Debug|Win32
		{43F7A268-D075-D84F-F9EB-182D13871B52}.Release|x64.ActiveCfg = Release|x64
		{43F7A268-D075-D84F-F9EB-182D13871B52}.Release|x64.Build.0 = Release|x64
		{43F7A268-D075-D84F-F9EB-182D13871B52}.Release|Win32.ActiveCfg = Release|Win32
		{43F7A268-D075-D84F-F9EB-182D13871B52}.Release|Win32.Build.0 = Release|Win32
		{45E3D390-5BBD-ED83-7DFA-0A1422690A4B}.Debug|x64.ActiveCfg = Debug|x64
		{45E3D390-5BBD-ED83-7DFA-0A1422690A4B}.Debug|x64.Build.0 = Debug|x64
		{45E3D390-5BBD-ED83-7DFA-0A1422690A4B}.Debug|Win32.ActiveCfg = Debug|Win32
		{45E3D390-5BBD-ED83-7DFA-0A1422690A4B}.Debug|Win32.Build.0 = Debug|Win32
		{45E3D390-5BBD-ED83-7DFA-0A1422690A4B}.Release|x64.ActiveCfg = Release|x64
		{45E3D390-5BBD-ED83-7DFA-0A1422690A4B}.Release|x64.Build.0 = Release|x64
		{45E3D390-5BBD-ED83-7DFA-0A1422690A4B}.Release|Win32.ActiveCfg = Release|Win32
		{45E3D390-5BBD-ED83-7DFA-0A1422690A4B}.Release|Win32.Build.0 = Release|Win32
		{4B19A00B-2D0F-84CF-F8EB-EB880184149A}.Debug|x64.ActiveCfg = Debug|x64
		{4B19A00B-2D0F-84CF-F8EB-EB880184149A}.Debug|x64.Build.0 = Debug|x64
		{4B19A00B-2D0F-84CF-F8EB-EB880184149A}.Debug|Win32.ActiveCfg = Debug|Win32
		{4B19A00B-2D0F-84CF-F8EB-EB880184149A}.Debug|Win32.Build.0 = Debug|Win32
		{4B19A00B-2D0F-84CF-F8EB-EB880184149A}.Release|x64.ActiveCfg = Release|x64
		{4B19A00B-2D0F-84CF-F8EB-EB880184149A}.Release|x64.Build.0 = Release|x64
		{4B19A00B-2D0F-84CF-F8EB-EB880184149A}.Release|Win32.ActiveCfg = Release|Win32
		{4B19A00B-2D0F-84CF-F8EB-EB880184149A}.Release|Win32.Build.0 = Release|Win32
		{4BD973B9-F54D-B535-4EB3-D70D1AA9C4C8}.Debug|x64.ActiveCfg = Debug|x64
		{4BD973B9-F54D-B535-4EB3-D70D1AA9C4C8}.Debug|x64.Build.0 = Debug|x64
		{4BD973B9-F54D-B535-4EB3-D70D1AA9C4C8}.Debug|Win32.ActiveCfg = Debug|Win32
		{4BD973B9-F54D-B535-4EB3-D70D1AA9C4C8}.Debug|Win32.Build.0 = Debug|Win32
		{4BD973B9-F54D-B535-4EB3-D70D1AA9C4C8}.Release|x64.ActiveCfg = Release|x64
		{4BD973B9-F54D-B535-4EB3-D70D1AA9C4C8}.Release|x64.Build.0 = Release|x64
		{4BD973B9-F54D-B535-4EB3-D70D1AA9C4C8}.Release|Win32.ActiveCfg = Release|Win32
		{4BD973B9-F54D-B535-4EB3-D70D1AA9C4C8}.Release|Win32.Build.0 = Release|Win32
		{4CD7CC43-9373-9DE0-B7C4-C6701C531EFE}.Debug|x64.ActiveCfg = Debug|x64
		{4CD7CC43-9373-9DE0-B7C4-C6701C531EFE}.Debug|x64.Build.0 = Debug|x64
		{4CD7CC43-9373-9DE0-B7C4-C6701C531EFE}.Debug|Win32.ActiveCfg = Debug|Win32
		{4CD7CC43-9373-9DE0-B7C4-C6701C531EFE}.Debug|Win32.Build.0 = Debug|Win32
		{4CD7CC43-9373-9DE0-B7C4-C6701C531EFE}.Release|x64.ActiveCfg = Release|x64
		{4CD7CC43-9373-9DE0-B7C4-C6701C531EFE}.Release|x64.Build.0 = Release|x64
		{4CD7CC43-9373-9DE0-B7C4-C6701C531EFE}.Release|Win32.ActiveCfg = Release|Win32
		{4CD7CC43-9373-9DE0-B7C4-C6701C531EFE}.Release|Win32.Build.0 = Release|Win32
		{4DCD256C-B345-89A3-7AA2-A189E00F12A4}.Debug|x64.ActiveCfg = Debug|x64
		{4DCD256C-B345-89A3-7AA2-A189E00F12A4}.Debug|x64.Build.0 = Debug|x64
		{4DCD256C-B345-89A3-7AA2-A189E00F12A4}.Debug|Win32.ActiveCfg = Debug|Win32
		{4DCD256C-B345-89A3-7AA2-A189E00F12A4}.Debug|Win32.Build.0 = Debug|Win32
		{4DCD256C-B345-89A3-7AA2-A189E00F12A4}.Release|x64.ActiveCfg = Release|x64
		{4DCD256C-B345-89A3-7AA2-A189E00F12A4}.Release|x64.Build.0 = Release|x64
		{4DCD256C-B345-89A3-7AA2-A189E00F12A4}.Release|Win32.ActiveCfg = Release|Win32
		{4DCD256C-B345-89A3-7AA2-A189E00F12A4}.Release|Win32.Build.0 = Release|Win32
		{563F17AF-6F14-F779-1845-A0519DFADC0D}.Debug|x64.ActiveCfg = Debug|x64
		{563F17AF-6F14-F779-1845-A0519DFADC0D}.Debug|x64.Build.0 = Debug|x64
		{563F17AF-6F14-F779-1845-A0519DFADC0D}.Debug|Win32.ActiveCfg = Debug|Win32
		{563F17AF-6F14-F779-1845-A0519DFADC0D}.Debug|Win32.Build.0 = Debug|Win32
		{563F17AF-6F14-F779-1845-A0519DFADC0D}.Release|x64.ActiveCfg = Release|x64
		{563F17AF-6F14-F779-1845-A0519DFADC0D}.Release|x64.Build.0 = Release|x64
		{563F17AF-6F14-F779-1845-A0519DFADC0D}.Release|Win32.ActiveCfg = Release|Win32
		{563F17AF-6F14-F779-1845-A0519DFADC0D}.Release|Win32.Build.0 = Release|Win32
		{5EF8A426-33B3-95EB-F6A8-F3159C1D6B26}.Debug|x64.ActiveCfg = Debug|x64
		{5EF8A426-33B3-95EB-F6A8-F3159C1D6B26}.Debug|x64.Build.0 = Debug|x64
		{5EF8A426-33B3-95EB-F6A8-F3159C1D6B26}.Debug|Win32.ActiveCfg = Debug|Win32
		{5EF8A426-33B3-95EB-F6A8-F3159C1D6B26}.Debug|Win32.Build.0 = Debug|Win32
		{5EF8A426-33B3-95EB-F6A8-F3159C1D6B26}.Release|x64.ActiveCfg = Release|x64
		{5EF8A426-33B3-95EB-F6A8-F3159C1D6B26}.Release|x64.Build.0 = Release|x64
		{5EF8A426-33B3-95EB-F6A8-F3159C1D6B26}.Release|Win32.ActiveCfg = Release|Win32
		{5EF8A426-33B3-95EB-F6A8-F3159C1D6B26}.Release|Win32.Build.0 = Release|Win32
		{5F10815A-DD26-9605-0EE8-8FA428F88CF9}.Debug|x64.ActiveCfg = Debug|x64
		{5F10815A-DD26-9605-0EE8-8FA428F88CF9}.Debug|x64.Build.0 = Debug|x64
		{5F10815A-DD26-9605-0EE8-8FA428F88CF9}.Debug|Win32.ActiveCfg = Debug|Win32
		{5F10815A-DD26-9605-0EE8-8FA428F88CF9}.Debug|Win32.Build.0 = Debug|Win32
		{5F10815A-DD26-9605-0EE8-8FA428F88CF9}.Release|x64.ActiveCfg = Release|x64
		{5F10815A-DD26-9605-0EE8-8FA428F88CF9}.Release|x64.Build.0 = Release|x64
		{5F10815A-DD26-9605-0EE8-8FA428F88CF9}.Release|Win32.ActiveCfg = Release|Win32
		{5F10815A-DD26-9605-0EE8-8FA428F88CF9}.Release|Win32.Build.0 = Release|Win32
		{601A7D49-661D-5C8B-54B1-CD70CD4F5A9B}.Debug|x64.ActiveCfg = Debug|x64
		{601A7D49-661D-5C8B-54B1-CD70CD4F5A9B}.Debug|x64.Build.0 = Debug|x64
		{601A7D49-661D-5C8B-54B1-CD70CD4F5A9B}.Debug|Win32.ActiveCfg = Debug|Win32
		{601A7D49-661D-5C8B-54B1-CD70CD4F5A9B}.Debug|Win32.Build.0 = Debug|Win32
		{601A7D49-661D-5C8B-54B1-CD70CD4F5A9B}.Release|x64.ActiveCfg = Release|x64
		{601A7D49-661D-5C8B-54B1-CD70CD4F5A9B}.Release|x64.Build.0 = Release|x64
		{601A7D49-661D-5C8B-54B1-CD70CD4F5A9B}.Release|Win32.ActiveCfg = Release|Win32
		{601A7D49-661D-5C8B-54B1-CD70CD4F5A9B}.Release|Win32.Build.0 = Release|Win32
		{649AB2BF-383A-7A41-B63C-AAD19E0EDD78}.Debug|x64.ActiveCfg = Debug|x64
		{649AB2BF-383A-7A41-B63C-AAD19E0EDD78}.Debug|x64.Build.0 = Debug|x64
		{649AB2BF-383A-7A41-B63C-AAD19E0EDD78}.Debug|Win32.ActiveCfg = Debug|Win32
		{649AB2BF-383A-7A41-B63C-AAD19E0EDD78}.Debug|Win32.Build.0 = Debug|Win32
		{649AB2BF-383A-7A41-B63C-AAD19E0EDD78}.Release|x64.ActiveCfg = Release|x64
		{649AB2BF-383A-7A41-B63C-AAD19E0EDD78}.Release|x64.Build.0 = Release|x64
		{649AB2BF-383A-7A41-B63C-AAD19E0EDD78}.Release|Win32.ActiveCfg = Release|Win32
		{649AB2BF-383A-7A41-B63C-AAD19E0EDD78}.Release|Win32.Build.0 = Release|Win32
		{64E6D8AF-45B2-813B-876C-F2615E95D25D}.Debug|x64.ActiveCfg = Debug|x64
		{64E6D8AF-45B2-813B-876C-F2615E95D25D}.Debug|x64.Build.0 = Debug|x64
		{64E6D8AF-45B2-813B-876C-F2615E95D25D}.Debug|Win32.ActiveCfg = Debug|Win32
		{64E6D8AF-45B2-813B-876C-F2615E95D25D}.Debug|Win32.Build.0 = Debug|Win32
		{64E6D8AF-45B2-813B-876C-F2615E95D25D}.Release|x64.ActiveCfg = Release|x64
		{64E6D8AF-45B2-813B-876C-F2615E95D25D}.Release|x64.Build.0 = Release|x64
		{64E6D8AF-45B2-813B-876C-F2615E95D25D}.Release|Win32.ActiveCfg = Release|Win32
		{64E6D8AF-45B2-813B-876C-F2615E95D25D}.Release|Win32.Build.0 = Release|Win32
		{69D57236-2A52-25F9-F7EC-6A5445F03575}.Debug|x64.ActiveCfg = Debug|x64
		{69D57236-2A52-25F9-F7EC-6A5445F03575}.Debug|x64.Build.0 = Debug|x64
		{69D57236-2A52-25F9-F7EC-6A5445F03575}.Debug|Win32.ActiveCfg = Debug|Win32
		{69D57236-2A52-25F9-F7EC-6A5445F03575}.Debug|Win32.Build.0 = Debug|Win32
		{69D57236-2A52-25F9-F7EC-6A5445F03575}.Release|x64.ActiveCfg = Release|x64
		{69D57236-2A52-25F9-F7EC-6A5445F03575}.Release|x64.Build.0 = Release|x64
		{69D57236-2A52-25F9-F7EC-6A5445F03575}.Release|Win32.ActiveCfg = Release|Win32
		{69D57236-2A52-25F9-F7EC-6A5445F03575}.Release|Win32.Build.0 = Release|Win32
		{6DB5CE13-639C-A11C-E2A3-D1B1C8DA4271}.Debug|x64.ActiveCfg = Debug|x64
		{6DB5CE13-639C-A11C-E2A3-D1B1C8DA4271}.Debug|x64.Build.0 = Debug|x64
		{6DB5CE13-639C-A11C-E2A3-D1B1C8DA4271}.Debug|Win32.ActiveCfg = Debug|Win32
		{6DB5CE13-639C-A11C-E2A3-D1B1C8DA4271}.Debug|Win32.Build.0 = Debug|Win32
		{6DB5CE13-639C-A11C-E2A3-D1B1C8DA4271}.Release|x64.ActiveCfg = Release|x64
		{6DB5CE13-639C-A11C-E2A3-D1B1C8DA4271}.Release|x64.Build.0 = Release|x64
		{6DB5CE13-639C-A11C-E2A3-D1B1C8DA4271}.Release|Win32.ActiveCfg = Release|Win32
		{6DB5CE13-639C-A11C-E2A3-D1B1C8DA4271}.Release|Win32.Build.0 = Release|Win32
		{71BE6D73-D298-0EEF-A896-0ABB45764964}.Debug|x64.ActiveCfg = Debug|x64
		{71BE6D73-D298-0EEF-A896-0ABB45764964}.Debug|x64.Build.0 = Debug|x64
		{71BE6D73-D298-0EEF-A896-0ABB45764964}.Debug|Win32.ActiveCfg = Debug|Win32
		{71BE6D73-D298-0EEF-A896-0ABB45764964}.Debug|Win32.Build.0 = Debug|Win32
		{71BE6D73-D298-0EEF-A896-0ABB45764964}.Release|x64.ActiveCfg = Release|x64
		{71BE6D73-D298-0EEF-A896-0ABB45764964}.Release|x64.Build.0 = Release|x64
		{71BE6D73-D298-0EEF-A896-0ABB45764964}.Release|Win32.ActiveCfg = Release|Win32
		{71BE6D73-D298-0EEF-A896-0ABB45764964}.Release|Win32.Build.0 = Release|Win32
		{744AB98F-7540-D6A7-A7B7-F859C3E9CA3F}.Debug|x64.ActiveCfg = Debug|x64
		{744AB98F-7540-D6A7-A7B7-F859C3E9CA3F}.Debug|x64.Build.0 = Debug|x64
		{744AB98F-7540-D6A7-A7B7-F859C3E9CA3F}.Debug|Win32.ActiveCfg = Debug|Win32
		{744AB98F-7540-D6A7-A7B7-F859C3E9CA3F}.Debug|Win32.Build.0 = Debug|Win32
		{744AB98F-7540-D6A7-A7B7-F859C3E9CA3F}.Release|x64.ActiveCfg = Release|x64
		{744AB98F-7540-D6A7-A7B7-F859C3E9CA3F}.Release|x64.Build.0 = Release|x64
		{744AB98F-7540-D6A7-A7B7-F859C3E9CA3F}.Release|Win32.ActiveCfg = Release|Win32
		{744AB98F-7540-D6A7-A7B7-F859C3E9CA3F}.Release|Win32.Build.0 = Release|Win32
		{7F73F25C-224B-D158-49A3-A0D8FD47D0A3}.Debug|x64.ActiveCfg = Debug|x64
		{7F73F25C-224B-D158-49A3-A0D8FD47D0A3}.Debug|x64.Build.0 = Debug|x64
		{7F73F25C-224B-D158-49A3-A0D8FD47D0A3}.Debug|Win32.ActiveCfg = Debug|Win32
		{7F73F25C-224B-D158-49A3-A0D8FD47D0A3}.Debug|Win32.Build.0 = Debug|Win32
		{7F73F25C-224B-D158-49A3-A0D8FD47D0A3}.Release|x64.ActiveCfg = Release|x64
		{7F73F25C-224B-D158-49A3-A0D8FD47D0A3}.Release|x64.Build.0 = Release|x64
		{7F73F25C-224B-D158-49A3-A0D8FD47D0A3}.Release|Win32.ActiveCfg = Release|Win32
		{7F73F25C-224B-D158-49A3-A0D8FD47D0A3}.Release|Win32.Build.0 = Release|Win32
		{806E2A88-D7B1-7AFB-EEC6-46D5A13A22BB}.Debug|x64.ActiveCfg = Debug|x64
		{806E2A88-D7B1-7AFB-EEC6-46D5A13A22BB}.Debug|x64.Build.0 = Debug|x64
		{806E2A88-D7B1-7AFB-EEC6-46D5A13A22BB}.Debug|Win32.ActiveCfg = Debug|Win32
		{806E2A88-D7B1-7AFB-EEC6-46D5A13A22BB}.Debug|Win32.Build.0 = Debug|Win32
		{806E2A88-D7B1-7AFB-EEC6-46D5A13A22BB}.Release|x64.ActiveCfg = Release|x64
		{806E2A88-D7B1-7AFB-EEC6-46D5A13A22BB}.Release|x64.Build.0 = Release|x64
		{806E2A88-D7B1-7AFB-EEC6-46D5A13A22BB}.Release|Win32.ActiveCfg = Release|Win32
		{806E2A88-D7B1-7AFB-EEC6-46D5A13A22BB}.Release|Win32.Build.0 = Release|Win32
		{816508C7-F0FC-8E04-ECF9-CD82F9D095D4}.Debug|x64.ActiveCfg = Debug|x64
		{816508C7-F0FC-8E04-ECF9-CD82F9D095D4}.Debug|x64.Build.0 = Debug|x64
		{816508C7-F0FC-8E04-ECF9-CD82F9D095D4}.Debug|Win32.ActiveCfg = Debug|Win32
		{816508C7-F0FC-8E04-ECF9-CD82F9D095D4}.Debug|Win32.Build.0 = Debug|Win32
		{816508C7-F0FC-8E04-ECF9-CD82F9D095D4}.Release|x64.ActiveCfg = Release|x64
		{816508C7-F0FC-8E04-ECF9-CD82F9D095D4}.Release|x64.Build.0 = Release|x64
		{816508C7-F0FC-8E04-ECF9-CD82F9D095D4}.Release|Win32.ActiveCfg = Release|Win32
		{816508C7-F0FC-8E04-ECF9-CD82F9D095D4}.Release|Win32.Build.0 = Release|Win32
		{8323ED66-E263-5817-1937-B96FDE813AF7}.Debug|x64.ActiveCfg = Debug|x64
		{8323ED66-E263-5817-1937-B96FDE813AF7}.Debug|x64.Build.0 = Debug|x64
		{8323ED66-E263-5817-1937-B96FDE813AF7}.Debug|Win32.ActiveCfg = Debug|Win32
		{8323ED66-E263-5817-1937-B96FDE813AF7}.Debug|Win32.Build.0 = Debug|Win32
		{8323ED66-E263-5817-1937-B96FDE813AF7}.Release|x64.ActiveCfg = Release|x64
		{8323ED66-E263-5817-1937-B96FDE813AF7}.Release|x64.Build.0 = Release|x64
		{8323ED66-E263-5817-1937-B96FDE813AF7}.Release|Win32.ActiveCfg = Release|Win32
		{8323ED66-E263-5817-1937-B96FDE813AF7}.Release|Win32.Build.0 = Release|Win32
		{856DF13A-2DC9-64A5-DC26-2B812CAE61AF}.Debug|x64.ActiveCfg = Debug|x64
		{856DF13A-2DC9-64A5-DC26-2B812CAE61AF}.Debug|x64.Build.0 = Debug|x64
		{856DF13A-2DC9-64A5-DC26-2B812CAE61AF}.Debug|Win32.ActiveCfg = Debug|Win32
		{856DF13A-2DC9-64A5-DC26-2B812CAE61AF}.Debug|Win32.Build.0 = Debug|Win32
		{856DF13A-2DC9-64A5-DC26-2B812CAE61AF}.Release|x64.ActiveCfg = Release|x64
		{856DF13A-2DC9-64A5-DC26-2B812CAE61AF}.Release|x64.Build.0 = Release|x64
		{856DF13A-2DC9-64A5-DC26-2B812CAE61AF}.Release|Win32.ActiveCfg = Release|Win32
		{856DF13A-2DC9-64A5-DC26-2B812CAE61AF}.Release|Win32.Build.0 = Release|Win32
		{975D13B1-90C6-E6D1-7357-CC9073586CEE}.Debug|x64.ActiveCfg = Debug|x64
		{975D13B1-90C6-E6D1-7357-CC9073586CEE}.Debug|x64.Build.0 = Debug|x64
		{975D13B1-90C6-E6D1-7357-CC9073586CEE}.Debug|Win32.ActiveCfg = Debug|Win32
		{975D13B1-90C6-E6D1-7357-CC9073586CEE}.Debug|Win32.Build.0 = Debug|Win32
		{975D13B1-90C6-E6D1-7357-CC9073586CEE}.Release|x64.ActiveCfg = Release|x64
		{975D13B1-90C6-E6D1-7357-CC9073586CEE}.Release|x64.Build.0 = Release|x64
		{975D13B1-90C6-E6D1-7357-CC9073586CEE}.Release|Win32.ActiveCfg = Release|Win32
		{975D13B1-90C6-E6D1-7357-CC9073586CEE}.Release|Win32.Build.0 = Release|Win32
		{981011A5-7D60-A9BB-1EB2-FE3DF4C1DE6A}.Debug|x64.ActiveCfg = Debug|x64
		{981011A5-7D60-A9BB-1EB2-FE3DF4C1DE6A}.Debug|x64.Build.0 = Debug|x64
		{981011A5-7D60-A9BB-1EB2-FE3DF4C1DE6A}.Debug|Win32.ActiveCfg = Debug|Win32
		{981011A5-7D60-A9BB-1EB2-FE3DF4C1DE6A}.Debug|Win32.Build.0 = Debug|Win32
		{981011A5-7D60-A9BB-1EB2-FE3DF4C1DE6A}.Release|x64.ActiveCfg = Release|x64
		{981011A5-7D60-A9BB-1EB2-FE3DF4C1DE6A}.Release|x64.Build.0 = Release|x64
		{981011A5-7D60-A9BB-1EB2-FE3DF4C1DE6A}.Release|Win32.ActiveCfg = Release|Win32
		{981011A5-7D60-A9BB-1EB2-FE3DF4C1DE6A}.Release|Win32.Build.0 = Release|Win32
		{9BD49F5A-4F2E-0D07-BC98-BE1D40E01F6F}.Debug|x64.ActiveCfg = Debug|x64
		{9BD49F5A-4F2E-0D07-BC98-BE1D40E01F6F}.Debug|x64.Build.0 = Debug|x64
		{9BD49F5A-4F2E-0D07-BC98-BE1D40E01F6F}.Debug|Win32.ActiveCfg = Debug|Win32
		{9BD49F5A-4F2E-0D07-BC98-BE1D40E01F6F}.Debug|Win32.Build.0 = Debug|Win32
		{9BD49F5A-4F2E-0D07-BC98-BE1D40E01F6F}.Release|x64.ActiveCfg = Release|x64
		{9BD49F5A-4F2E-0D07-BC98-BE1D40E01F6F}.Release|x64.Build.0 = Release|x64
		{9BD49F5A-4F2E-0D07-BC98-BE1D40E01F6F}.Release|Win32.ActiveCfg = Release|Win32
		{9BD49F5A-4F2E-0D07-BC98-BE1D40E01F6F}.Release|Win32.Build.0 = Release|Win32
		{A04A0DD7-D3D5-47F3-FF99-A10C48E9A629}.Debug|x64.ActiveCfg = Debug|x64
		{A04A0DD7-D3D5-47F3-FF99-A10C48E9A629}.Debug|x64.Build.0 = Debug|x64
		{A04A0DD7-D3D5-47F3-FF99-A10C48E9A629}.Debug|Win32.ActiveCfg = Debug|Win32
		{A04A0DD7-D3D5-47F3-FF99-A10C48E9A629}.Debug|Win32.Build.0 = Debug|Win32
		{A04A0DD7-D3D5-47F3-FF99-A10C48E9A629}.Release|x64.ActiveCfg = Release|x64
		{A04A0DD7-D3D5-47F3-FF99-A10C48E9A629}.Release|x64.Build.0 = Release|x64
		{A04A0DD7-D3D5-47F3-FF99-A10C48E9A629}.Release|Win32.ActiveCfg = Release|Win32
		{A04A0DD7-D3D5-47F3-FF99-A10C48E9A629}.Release|Win32.Build.0 = Release|Win32
		{A2CB526A-6605-2E80-6D98-4CE777696827}.Debug|x64.ActiveCfg = Debug|x64
		{A2CB526A-6605-2E80-6D98-4CE777696827}.Debug|x64.Build.0 = Debug|x64
		{A2CB526A-6605-2E80-6D98-4CE777696827}.Debug|Win32.ActiveCfg = Debug|Win32
		{A2CB526A-6605-2E80-6D98-4CE777696827}.Debug|Win32.Build.0 = Debug|Win32
		{A2CB526A-6605-2E80-6D98-4CE777696827}.Release|x64.ActiveCfg = Release|x64
		{A2CB526A-6605-2E80-6D98-4CE777696827}.Release|x64.Build.0 = Release|x64
		{A2CB526A-6605-2E80-6D98-4CE777696827}.Release|Win32.ActiveCfg = Release|Win32
		{A2CB526A-6605-2E80-6D98-4CE777696827}.Release|Win32.Build.0 = Release|Win32
		{A50C7595-CFAA-3BE2-7E68-20D8BBF1DC4F}.Debug|x64.ActiveCfg = Debug|x64
		{A50C7595-CFAA-3BE2-7E68-20D8BBF1DC4F}.Debug|x64.Build.0 = Debug|x64
		{A50C7595-CFAA-3BE2-7E68-20D8BBF1DC4F}.Debug|Win32.ActiveCfg = Debug|Win32
		{A50C7595-CFAA-3BE2-7E68-20D8BBF1DC4F}.Debug|Win32.Build.0 = Debug|Win32
		{A50C7595-CFAA-3BE2-7E68-20D8BBF1DC4F}.Release|x64.ActiveCfg = Release|x64
		{A50C7595-CFAA-3BE2-7E68-20D8BBF1DC4F}.Release|x64.Build.0 = Release|x64
		{A50C7595-CFAA-3BE2-7E68-20D8BBF1DC4F}.Release|Win32.ActiveCfg = Release|Win32
		{A50C7595-CFAA-3BE2-7E68-20D8BBF1DC4F}.Release|Win32.Build.0 = Release|Win32
		{AA6AF35D-00C0-AC13-ED7E-314BAAE2B261}.Debug|x64.ActiveCfg = Debug|x64
		{AA6AF35D-00C0-AC13-ED7E-314BAAE2B261}.Debug|x64.Build.0 = Debug|x64
		{AA6AF35D-00C0-AC13-ED7E-314BAAE2B261}.Debug|Win32.ActiveCfg = Debug|Win32
		{AA6AF35D-00C0-AC13-ED7E-314BAAE2B261}.Debug|Win32.Build.0 = Debug|Win32
		{AA6AF35D-00C0-AC13-ED7E-314BAAE2B261}.Release|x64.ActiveCfg = Release|x64
		{AA6AF35D-00C0-AC13-ED7E-314BAAE2B261}.Release|x64.Build.0 = Release|x64
		{AA6AF35D-00C0-AC13-ED7E-314BAAE2B261}.Release|Win32.ActiveCfg = Release|Win32
		{AA6AF35D-00C0-AC13-ED7E-314BAAE2B261}.Release|Win32.Build.0 = Release|Win32
		{ABE8C79E-F58F-838E-60CE-D14A2B5B94C4}.Debug|x64.ActiveCfg = Debug|x64
		{ABE8C79E-F58F-838E-60CE-D14A2B5B94C4}.Debug|x64.Build.0 = Debug|x64
		{ABE8C79E-F58F-838E-60CE-D14A2B5B94C4}.Debug|Win32.ActiveCfg = Debug|Win32
		{ABE8C79E-F58F-838E-60CE-D14A2B5B94C4}.Debug|Win32.Build.0 = Debug|Win32
		{ABE8C79E-F58F-838E-60CE-D14A2B5B94C4}.Release|x64.ActiveCfg = Release|x64
		{ABE8C79E-F58F-838E-60CE-D14A2B5B94C4}.Release|x64.Build.0 = Release|x64
		{ABE8C79E-F58F-838E-60CE-D14A2B5B94C4}.Release|Win32.ActiveCfg = Release|Win32
		{ABE8C79E-F58F-838E-60CE-D14A2B5B94C4}.Release|Win32.Build.0 = Release|Win32
		{B0AC8452-5737-5B95-6DEC-20CD015D1060}.Debug|x64.ActiveCfg = Debug|x64
		{B0AC8452-5737-5B95-6DEC-20CD015D1060}.Debug|x64.Build.0 = Debug|x64
		{B0AC8452-5737-5B95-6DEC-20CD015D1060}.Debug|Win32.ActiveCfg = Debug|Win32
		{B0AC8452-5737-5B95-6DEC-20CD015D1060}.Debug|Win32.Build.0 = Debug|Win32
		{B0AC8452-5737-5B95-6DEC-20CD015D1060}.Release|x64.ActiveCfg = Release|x64
		{B0AC8452-5737-5B95-6DEC-20CD015D1060}.Release|x64.Build.0 = Release|x64
		{B0AC8452-5737-5B95-6DEC-20CD015D1060}.Release|Win32.ActiveCfg = Release|Win32
		{B0AC8452-5737-5B95-6DEC-20CD015D1060}.Release|Win32.Build.0 = Release|Win32
		{B555AE61-3304-C74D-1357-940A469974C4}.Debug|x64.ActiveCfg = Debug|x64
		{B555AE61-3304-C74D-1357-940A469974C4}.Debug|x64.Build.0 = Debug|x64
		{B555AE61-3304-C74D-1357-940A469974C4}.Debug|Win32.ActiveCfg = Debug|Win32
		{B555AE61-3304-C74D-1357-940A469974C4}.Debug|Win32.Build.0 = Debug|Win32
		{B555AE61-3304-C74D-1357-940A469974C4}.Release|x64.ActiveCfg = Release|x64
		{B555AE61-3304-C74D-1357-940A469974C4}.Release|x64.Build.0 = Release|x64
		{B555AE61-3304-C74D-1357-940A469974C4}.Release|Win32.ActiveCfg = Release|Win32
		{B555AE61-3304-C74D-1357-940A469974C4}.Release|Win32.Build.0 = Release|Win32
		{C0601CD8-DAF9-94E4-CA9E-2BE3F19D48EC}.Debug|x64.ActiveCfg = Debug|x64
		{C0601CD8-DAF9-94E4-CA9E-2BE3F19D48EC}.Debug|x64.Build.0 = Debug|x64
		{C0601CD8-DAF9-94E4-CA9E-2BE3F19D48EC}.Debug|Win32.ActiveCfg = Debug|Win32
		{C0601CD8-DAF9-94E4-CA9E-2BE3F19D48EC}.Debug|Win32.Build.0 = Debug|Win32
		{C0601CD8-DAF9-94E4-CA9E-2BE3F19D48EC}.Release|x64.ActiveCfg = Release|x64
		{C0601CD8-DAF9-94E4-CA9E-2BE3F19D48EC}.Release|x64.Build.0 = Release|x64
		{C0601CD8-DAF9-94E4-CA9E-2BE3F19D48EC}.Release|Win32.ActiveCfg = Release|Win32
		{C0601CD8-DAF9-94E4-CA9E-2BE3F19D48EC}.Release|Win32.Build.0 = Release|Win32
		{D6F472FA-9929-A599-6B9E-C1F1D79B71F6}.Debug|x64.ActiveCfg = Debug|x64
		{D6F472FA-9929-A599-6B9E-C1F1D79B71F6}.Debug|x64.Build.0 = Debug|x64
		{D6F472FA-9929-A599-6B9E-C1F1D79B71F6}.Debug|Win32.ActiveCfg = Debug|Win32
		{D6F472FA-9929-A599-6B9E-C1F1D79B71F6}.Debug|Win32.Build.0 = Debug|Win32
		{D6F472FA-9929-A599-6B9E-C1F1D79B71F6}.Release|x64.ActiveCfg = Release|x64
		{D6F472FA-9929-A599-6B9E-C1F1D79B71F6}.Release|x64.Build.0 = Release|x64
		{D6F472FA-9929-A599-6B9E-C1F1D79B71F6}.Release|Win32.ActiveCfg = Release|Win32
		{D6F472FA-9929-A599-6B9E-C1F1D79B71F6}.Release|Win32.Build.0 = Release|Win32
		{D822332C-4E10-95DA-CD7B-92DFD2BC19A2}.Debug|x64.ActiveCfg = Debug|x64
		{D822332C-4E10-95DA-CD7B-92DFD2BC19A2}.Debug|x64.Build.0 = Debug|x64
		{D822332C-4E10-95DA-CD7B-92DFD2BC19A2}.Debug|Win32.ActiveCfg = Debug|Win32
		{D822332C-4E10-95DA-CD7B-92DFD2BC19A2}.Debug|Win32.Build.0 = Debug|Win32
		{D822332C-4E10-95DA-CD7B-92DFD2BC19A2}.Release|x64.ActiveCfg = Release|x64
		{D822332C-4E10-95DA-CD7B-92DFD2BC19A2}.Release|x64.Build.0 = Release|x64
		{D822332C-4E10-95DA-CD7B-92DFD2BC19A2}.Release|Win32.ActiveCfg = Release|Win32
		{D822332C-4E10-95DA-CD7B-92DFD2BC19A2}.Release|Win32.Build.0 = Release|Win32
		{DD29EC62-7A2E-55E9-34D8-8C3ABB23F806}.Debug|x64.ActiveCfg = Debug|x64
		{DD29EC62-7A2E-55E9-34D8-8C3ABB23F806}.Debug|x64.Build.0 = Debug|x64
		{DD29EC62-7A2E-55E9-34D8-8C3ABB23F806}.Debug|Win32.ActiveCfg = Debug|Win32
		{DD29EC62-7A2E-55E9-34D8-8C3ABB23F806}.Debug|Win32.Build.0 = Debug|Win32
		{DD29EC62-7A2E-55E9-34D8-8C3ABB23F806}.Release|x64.ActiveCfg = Release|x64
		{DD29EC62-7A2E-55E9-34D8-8C3ABB23F806}.Release|x64.Build.0 = Release|x64
		{DD29EC62-7A2E-55E9-34D8-8C3ABB23F806}.Release|Win32.ActiveCfg = Release|Win32
		{DD29EC62-7A2E-55E9-34D8-8C3ABB23F806}.Release|Win32.Build.0 = Release|Win32
		{DE291AF5-6AD2-BD98-BBE7-C42FFD1EA57E}.Debug|x64.ActiveCfg = Debug|x64
		{DE291AF5-6AD2-BD98-BBE7-C42FFD1EA57E}.Debug|x64.Build.0 = Debug|x64
		{DE291AF5-6AD2-BD98-BBE7-C42FFD1EA57E}.Debug|Win32.ActiveCfg = Debug|Win32
		{DE291AF5-6AD2-BD98-BBE7-C42FFD1EA57E}.Debug|Win32.Build.0 = Debug|Win32
		{DE291AF5-6AD2-BD98-BBE7-C42FFD1EA57E}.Release|x64.ActiveCfg = Release|x64
		{DE291AF5-6AD2-BD98-BBE7-C42FFD1EA57E}.Release|x64.Build.0 = Release|x64
		{DE291AF5-6AD2-BD98-BBE7-C42FFD1EA57E}.Release|Win32.ActiveCfg = Release|Win32
		{DE291AF5-6AD2-BD98-BBE7-C42FFD1EA57E}.Release|Win32.Build.0 = Release|Win32
		{E5E5CCAD-9ECC-ED6C-C64F-C375B56D2673}.Debug|x64.ActiveCfg = Debug|x64
		{E5E5CCAD-9ECC-ED6C-C64F-C375B56D2673}.Debug|x64.Build.0 = Debug|x64
		{E5E5CCAD-9ECC-ED6C-C64F-C375B56D2673}.Debug|Win32.ActiveCfg = Debug|Win32
		{E5E5CCAD-9ECC-ED6C-C64F-C375B56D2673}.Debug|Win32.Build.0 = Debug|Win32
		{E5E5CCAD-9ECC-ED6C-C64F-C375B56D2673}.Release|x64.ActiveCfg = Release|x64
		{E5E5CCAD-9ECC-ED6C-C64F-C375B56D2673}.Release|x64.Build.0 = Release|x64
		{E5E5CCAD-9ECC-ED6C-C64F-C375B56D2673}.Release|Win32.ActiveCfg = Release|Win32
		{E5E5CCAD-9ECC-ED6C-C64F-C375B56D2673}.Release|Win32.Build.0 = Release|Win32
		{E6E7A401-5E06-A547-19D4-B6036076A8CA}.Debug|x64.ActiveCfg = Debug|x64
		{E6E7A401-5E06-A547-19D4-B6036076A8CA}.Debug|x64.Build.0 = Debug|x64
		{E6E7A401-5E06-A547-19D4-B6036076A8CA}.Debug|Win32.ActiveCfg = Debug|Win32
		{E6E7A401-5E06-A547-19D4-B6036076A8CA}.Debug|Win32.Build.0 = Debug|Win32
		{E6E7A401-5E06-A547-19D4-B6036076A8CA}.Release|x64.ActiveCfg = Release|x64
		{E6E7A401-5E06-A547-19D4-B6036076A8CA}.Release|x64.Build.0 = Release|x64
		{E6E7A401-5E06-A547-19D4-B6036076A8CA}.Release|Win32.ActiveCfg = Release|Win32
		{E6E7A401-5E06-A547-19D4-B6036076A8CA}.Release|Win32.Build.0 = Release|Win32
		{E72F768A-94C5-F56D-6D09-2D6BBCC1C711}.Debug|x64.ActiveCfg = Debug|x64
		{E72F768A-94C5-F56D-6D09-2D6BBCC1C711}.Debug|x64.Build.0 = Debug|x64
		{E72F768A-94C5-F56D-6D09-2D6BBCC1C711}.Debug|Win32.ActiveCfg = Debug|Win32
		{E72F768A-94C5-F56D-6D09-2D6BBCC1C711}.Debug|Win32.Build.0 = Debug|Win32
		{E72F768A-94C5-F56D-6D09-2D6BBCC1C711}.Release|x64.ActiveCfg = Release|x64
		{E72F768A-94C5-F56D-6D09-2D6BBCC1C711}.Release|x64.Build.0 = Release|x64
		{E72F768A-94C5-F56D-6D09-2D6BBCC1C711}.Release|Win32.ActiveCfg = Release|Win32
		{E72F768A-94C5-F56D-6D09-2D6BBCC1C711}.Release|Win32.Build.0 = Release|Win32
		{F281BE3C-FA94-1CB1-5433-6DD2A3867382}.Debug|x64.ActiveCfg = Debug|x64
		{F281BE3C-FA94-1CB1-5433-6DD2A3867382}.Debug|x64.Build.0 = Debug|x64
		{F281BE3C-FA94-1CB1-5433-6DD2A3867382}.Debug|Win32.ActiveCfg = Debug|Win32
		{F281BE3C-FA94-1CB1-5433-6DD2A3867382}.Debug|Win32.Build.0 = Debug|Win32
		{F281BE3C-FA94-1CB1-5433-6DD2A3867382}.Release|x64.ActiveCfg = Release|x64
		{F281BE3C-FA94-1CB1-5433-6DD2A3867382}.Release|x64.Build.0 = Release|x64
		{F281BE3C-FA94-1CB1-5433-6DD2A3867382}.Release|Win32.ActiveCfg = Release|Win32
		{F281BE3C-FA94-1CB1-5433-6DD2A3867382}.Release|Win32.Build.0 = Release|Win32
		{F336733B-E5B6-B67B-2713-5DF1FC74E51B}.Debug|x64.ActiveCfg = Debug|x64
		{F336733B-E5B6-B67B-2713-5DF1FC74E51B}.Debug|x64.Build.0 = Debug|x64
		{F336733B-E5B6-B67B-2713-5DF1FC74E51B}.Debug|Win32.ActiveCfg = Debug|Win32
		{F336733B-E5B6-B67B-2713-5DF1FC74E51B}.Debug|Win32.Build.0 = Debug|Win32
		{F336733B-E5B6-B67B-2713-5DF1FC74E51B}.Release|x64.ActiveCfg = Release|x64
		{F336733B-E5B6-B67B-2713-5DF1FC74E51B}.Release|x64.Build.0 = Release|x64
		{F336733B-E5B6-B67B-2713-5DF1FC74E51B}.Release|Win32.ActiveCfg = Release|Win32
		{F336733B-E5B6-B67B-2713-5DF1FC74E51B}.Release|Win32.Build.0 = Release|Win32
		{F44797FB-474D-87A7-7D47-C3B54FFBAA49}.Debug|x64.ActiveCfg = Debug|x64
		{F44797FB-474D-87A7-7D47-C3B54FFBAA49}.Debug|x64.Build.0 = Debug|x64
		{F44797FB-474D-87A7-7D47-C3B54FFBAA49}.Debug|Win32.ActiveCfg = Debug|Win32
		{F44797FB-474D-87A7-7D47-C3B54FFBAA49}.Debug|Win32.Build.0 = Debug|Win32
		{F44797FB-474D-87A7-7D47-C3B54FFBAA49}.Release|x64.ActiveCfg = Release|x64
		{F44797FB-474D-87A7-7D47-C3B54FFBAA49}.Release|x64.Build.0 = Release|x64
		{F44797FB-474D-87A7-7D47-C3B54FFBAA49}.Release|Win32.ActiveCfg = Release|Win32
		{F44797FB-474D-87A7-7D47-C3B54FFBAA49}.Release|Win32.Build.0 = Release|Win32
		{F9CCED50-94D8-2E5F-9D72-BC993F2AD580}.Debug|x64.ActiveCfg = Debug|x64
		{F9CCED50-94D8-2E5F-9D72-BC993F2AD580}.Debug|x64.Build.0 = Debug|x64
		{F9CCED50-94D8-2E5F-9D72-BC993F2AD580}.Debug|Win32.ActiveCfg = Debug|Win32
		{F9CCED50-94D8-2E5F-9D72-BC993F2AD580}.Debug|Win32.Build.0 = Debug|Win32
		{F9CCED50-94D8-2E5F-9D72-BC993F2AD580}.Release|x64.ActiveCfg = Release|x64
		{F9CCED50-94D8-2E5F-9D72-BC993F2AD580}.Release|x64.Build.0 = Release|x64
		{F9CCED50-94D8-2E5F-9D72-BC993F2AD580}.Release|Win32.ActiveCfg = Release|Win32
		{F9CCED50-94D8-2E5F-9D72-BC993F2AD580}.Release|Win32.Build.0 = Release|Win32
		{FB45E867-5012-7E6B-4990-EA51A6D55EC6}.Debug|x64.ActiveCfg = Debug|x64
		{FB45E867-5012-7E6B-4990-EA51A6D55EC6}.Debug|x64.Build.0 = Debug|x64
		{FB45E867-5012-7E6B-4990-EA51A6D55EC6}.Debug|Win32.ActiveCfg = Debug|Win32
		{FB45E867-5012-7E6B-4990-EA51A6D55EC6}.Debug|Win32.Build.0 = Debug|Win32
		{FB45E867-5012-7E6B-4990-EA51A6D55EC6}.Release|x64.ActiveCfg = Release|x64
		{FB45E867-5012-7E6B-4990-EA51A6D55EC6}.Release|x64.Build.0 = Release|x64
		{FB45E867-5012-7E6B-4990-EA51A6D55EC6}.Release|Win32.ActiveCfg = Release|Win32
		{FB45E867-5012-7E6B-4990-EA51A6D55EC6}.Release|Win32.Build.0 = Release|Win32
	EndGlobalSection
	GlobalSection(SolutionProperties) = preSolution
		HideSolutionNode = FALSE
	EndGlobalSection
	GlobalSection(NestedProjects) = preSolution
		{744AB98F-7540-D6A7-A7B7-F859C3E9CA3F} = {6478B9F3-4858-63F4-35F4-98A303E305F3}
		{6478B9F3-4858-63F4-35F4-98A303E305F3} = {9785FB75-982A-5DE3-252D-3F288B9FEF5B}
		{3E7FA5AF-27B3-2DE0-883C-12F98E7F4E81} = {9785FB75-982A-5DE3-252D-3F288B9FEF5B}
		{EBB3592A-71A2-0FDD-CA21-AF40809EFD2A} = {9785FB75-982A-5DE3-252D-3F288B9FEF5B}
		{3714545C-C447-D48D-CC5E-5691DE3A67EE} = {9785FB75-982A-5DE3-252D-3F288B9FEF5B}
		{269AA02B-B5AC-6304-8802-3681428FB774} = {9785FB75-982A-5DE3-252D-3F288B9FEF5B}
		{5F10815A-DD26-9605-0EE8-8FA428F88CF9} = {9785FB75-982A-5DE3-252D-3F288B9FEF5B}
		{69D57236-2A52-25F9-F7EC-6A5445F03575} = {9785FB75-982A-5DE3-252D-3F288B9FEF5B}
		{016E1825-4282-74D6-8C85-CEAF2A1F4749} = {9785FB75-982A-5DE3-252D-3F288B9FEF5B}
		{3D63B711-4889-9F48-B2BB-2615598433E7} = {2DE59335-96CE-10CA-CDE5-FEC35E3549BB}
		{975D13B1-90C6-E6D1-7357-CC9073586CEE} = {2DE59335-96CE-10CA-CDE5-FEC35E3549BB}
		{ABE8C79E-F58F-838E-60CE-D14A2B5B94C4} = {2DE59335-96CE-10CA-CDE5-FEC35E3549BB}
		{F9CCED50-94D8-2E5F-9D72-BC993F2AD580} = {2205972F-37A4-0CDC-E835-9FA0F8945980}
		{395D19FD-799C-9636-93EC-6824BE190B4C} = {2205972F-37A4-0CDC-E835-9FA0F8945980}
		{E6E7A401-5E06-A547-19D4-B6036076A8CA} = {2205972F-37A4-0CDC-E835-9FA0F8945980}
		{05AFD0A8-3549-A372-50B6-A237F80D0C7A} = {2205972F-37A4-0CDC-E835-9FA0F8945980}
		{601A7D49-661D-5C8B-54B1-CD70CD4F5A9B} = {2205972F-37A4-0CDC-E835-9FA0F8945980}
		{F281BE3C-FA94-1CB1-5433-6DD2A3867382} = {2205972F-37A4-0CDC-E835-9FA0F8945980}
		{3D268D4C-DFBC-B6EA-16F9-B54E17023A21} = {2205972F-37A4-0CDC-E835-9FA0F8945980}
		{4CD7CC43-9373-9DE0-B7C4-C6701C531EFE} = {2205972F-37A4-0CDC-E835-9FA0F8945980}
		{09988FFA-5461-8F78-02C9-A2DB03B2EC08} = {2205972F-37A4-0CDC-E835-9FA0F8945980}
		{8323ED66-E263-5817-1937-B96FDE813AF7} = {2205972F-37A4-0CDC-E835-9FA0F8945980}
		{45E3D390-5BBD-ED83-7DFA-0A1422690A4B} = {2205972F-37A4-0CDC-E835-9FA0F8945980}
		{A04A0DD7-D3D5-47F3-FF99-A10C48E9A629} = {2205972F-37A4-0CDC-E835-9FA0F8945980}
		{563F17AF-6F14-F779-1845-A0519DFADC0D} = {2205972F-37A4-0CDC-E835-9FA0F8945980}
		{D6F472FA-9929-A599-6B9E-C1F1D79B71F6} = {2205972F-37A4-0CDC-E835-9FA0F8945980}
		{A2CB526A-6605-2E80-6D98-4CE777696827} = {FDE4FCCF-64C4-3FD4-6D31-620CFCCC7826}
		{806E2A88-D7B1-7AFB-EEC6-46D5A13A22BB} = {FDE4FCCF-64C4-3FD4-6D31-620CFCCC7826}
		{64E6D8AF-45B2-813B-876C-F2615E95D25D} = {FDE4FCCF-64C4-3FD4-6D31-620CFCCC7826}
		{43F7A268-D075-D84F-F9EB-182D13871B52} = {FDE4FCCF-64C4-3FD4-6D31-620CFCCC7826}
		{C0601CD8-DAF9-94E4-CA9E-2BE3F19D48EC} = {FDE4FCCF-64C4-3FD4-6D31-620CFCCC7826}
		{4BD973B9-F54D-B535-4EB3-D70D1AA9C4C8} = {FDE4FCCF-64C4-3FD4-6D31-620CFCCC7826}
		{4B19A00B-2D0F-84CF-F8EB-EB880184149A} = {FDE4FCCF-64C4-3FD4-6D31-620CFCCC7826}
		{E5E5CCAD-9ECC-ED6C-C64F-C375B56D2673} = {FDE4FCCF-64C4-3FD4-6D31-620CFCCC7826}
		{30E606DC-49F4-286F-6008-8AD51DBD01BD} = {FDE4FCCF-64C4-3FD4-6D31-620CFCCC7826}
		{9BD49F5A-4F2E-0D07-BC98-BE1D40E01F6F} = {FDE4FCCF-64C4-3FD4-6D31-620CFCCC7826}
		{AA6AF35D-00C0-AC13-ED7E-314BAAE2B261} = {FDE4FCCF-64C4-3FD4-6D31-620CFCCC7826}
		{0C6B17EC-D532-1922-0017-D71A1B78E557} = {FDE4FCCF-64C4-3FD4-6D31-620CFCCC7826}
		{0EE9F285-FB73-7F75-BF2A-4905D92D3D52} = {FDE4FCCF-64C4-3FD4-6D31-620CFCCC7826}
		{D822332C-4E10-95DA-CD7B-92DFD2BC19A2} = {EAC80D00-01D2-3F49-A377-20B7154947F3}
		{E72F768A-94C5-F56D-6D09-2D6BBCC1C711} = {EAC80D00-01D2-3F49-A377-20B7154947F3}
		{4DCD256C-B345-89A3-7AA2-A189E00F12A4} = {EAC80D00-01D2-3F49-A377-20B7154947F3}
		{649AB2BF-383A-7A41-B63C-AAD19E0EDD78} = {3E7FA5AF-27B3-2DE0-883C-12F98E7F4E81}
		{2DE59335-96CE-10CA-CDE5-FEC35E3549BB} = {89C816A7-DD31-D54C-C69C-5A80E0C49B77}
		{FDE4FCCF-64C4-3FD4-6D31-620CFCCC7826} = {89C816A7-DD31-D54C-C69C-5A80E0C49B77}
		{AC6A79C6-25A5-8535-37D4-DCE797519D55} = {89C816A7-DD31-D54C-C69C-5A80E0C49B77}
		{6569004D-CCF6-8392-DB7B-1AC825CE3607} = {89C816A7-DD31-D54C-C69C-5A80E0C49B77}
		{23D79827-E423-BA46-5AD6-622B0828F65C} = {89C816A7-DD31-D54C-C69C-5A80E0C49B77}
		{A50C7595-CFAA-3BE2-7E68-20D8BBF1DC4F} = {89C816A7-DD31-D54C-C69C-5A80E0C49B77}
		{DD29EC62-7A2E-55E9-34D8-8C3ABB23F806} = {89C816A7-DD31-D54C-C69C-5A80E0C49B77}
		{B0AC8452-5737-5B95-6DEC-20CD015D1060} = {EBB3592A-71A2-0FDD-CA21-AF40809EFD2A}
		{856DF13A-2DC9-64A5-DC26-2B812CAE61AF} = {ABEA8C02-AF45-C0B0-B874-B7CA283C10FB}
		{B555AE61-3304-C74D-1357-940A469974C4} = {AC6A79C6-25A5-8535-37D4-DCE797519D55}
		{7F73F25C-224B-D158-49A3-A0D8FD47D0A3} = {AC6A79C6-25A5-8535-37D4-DCE797519D55}
		{816508C7-F0FC-8E04-ECF9-CD82F9D095D4} = {AC6A79C6-25A5-8535-37D4-DCE797519D55}
		{6DB5CE13-639C-A11C-E2A3-D1B1C8DA4271} = {AC6A79C6-25A5-8535-37D4-DCE797519D55}
		{04DA42DA-0081-C673-D5CD-8CC8F63199B0} = {AC6A79C6-25A5-8535-37D4-DCE797519D55}
		{FB45E867-5012-7E6B-4990-EA51A6D55EC6} = {AC6A79C6-25A5-8535-37D4-DCE797519D55}
		{DE291AF5-6AD2-BD98-BBE7-C42FFD1EA57E} = {AC6A79C6-25A5-8535-37D4-DCE797519D55}
		{71BE6D73-D298-0EEF-A896-0ABB45764964} = {AC6A79C6-25A5-8535-37D4-DCE797519D55}
		{F44797FB-474D-87A7-7D47-C3B54FFBAA49} = {AC6A79C6-25A5-8535-37D4-DCE797519D55}
		{F336733B-E5B6-B67B-2713-5DF1FC74E51B} = {AC6A79C6-25A5-8535-37D4-DCE797519D55}
		{981011A5-7D60-A9BB-1EB2-FE3DF4C1DE6A} = {6569004D-CCF6-8392-DB7B-1AC825CE3607}
		{5EF8A426-33B3-95EB-F6A8-F3159C1D6B26} = {6569004D-CCF6-8392-DB7B-1AC825CE3607}
	EndGlobalSection
EndGlobal
